// !$*UTF8*$!
{
	archiveVersion = 1;
	classes = {
	};
	objectVersion = 46;
	objects = {

/* Begin PBXBuildFile section */
		943996231C0E8A9F00596FB6 /* main.m in Sources */ = {isa = PBXBuildFile; fileRef = 943996221C0E8A9F00596FB6 /* main.m */; };
		943996261C0E8A9F00596FB6 /* AppDelegate.m in Sources */ = {isa = PBXBuildFile; fileRef = 943996251C0E8A9F00596FB6 /* AppDelegate.m */; };
		943996291C0E8A9F00596FB6 /* ViewController.m in Sources */ = {isa = PBXBuildFile; fileRef = 943996281C0E8A9F00596FB6 /* ViewController.m */; };
		9439962C1C0E8A9F00596FB6 /* Main.storyboard in Resources */ = {isa = PBXBuildFile; fileRef = 9439962A1C0E8A9F00596FB6 /* Main.storyboard */; };
		9439962E1C0E8A9F00596FB6 /* Assets.xcassets in Resources */ = {isa = PBXBuildFile; fileRef = 9439962D1C0E8A9F00596FB6 /* Assets.xcassets */; };
		943996311C0E8A9F00596FB6 /* LaunchScreen.storyboard in Resources */ = {isa = PBXBuildFile; fileRef = 9439962F1C0E8A9F00596FB6 /* LaunchScreen.storyboard */; };
		945DB68B1AD8FC8800C13526 /* IDNFramework.framework in Frameworks */ = {isa = PBXBuildFile; fileRef = 945DB67F1AD8FC8800C13526 /* IDNFramework.framework */; };
		9473738A1C498399009F5D02 /* IDNAsyncTask.h in Headers */ = {isa = PBXBuildFile; fileRef = 947372E01C498399009F5D02 /* IDNAsyncTask.h */; };
		9473738B1C498399009F5D02 /* IDNAsyncTask.m in Sources */ = {isa = PBXBuildFile; fileRef = 947372E11C498399009F5D02 /* IDNAsyncTask.m */; };
		9473738C1C498399009F5D02 /* IDNColorButton.h in Headers */ = {isa = PBXBuildFile; fileRef = 947372E21C498399009F5D02 /* IDNColorButton.h */; };
		9473738D1C498399009F5D02 /* IDNColorButton.m in Sources */ = {isa = PBXBuildFile; fileRef = 947372E31C498399009F5D02 /* IDNColorButton.m */; };
		9473738E1C498399009F5D02 /* IDNListItemCenter.h in Headers */ = {isa = PBXBuildFile; fileRef = 947372E41C498399009F5D02 /* IDNListItemCenter.h */; };
		9473738F1C498399009F5D02 /* IDNListItemCenter.m in Sources */ = {isa = PBXBuildFile; fileRef = 947372E51C498399009F5D02 /* IDNListItemCenter.m */; };
		947373901C498399009F5D02 /* IDNSearchBar.h in Headers */ = {isa = PBXBuildFile; fileRef = 947372E61C498399009F5D02 /* IDNSearchBar.h */; };
		947373911C498399009F5D02 /* IDNSearchBar.m in Sources */ = {isa = PBXBuildFile; fileRef = 947372E71C498399009F5D02 /* IDNSearchBar.m */; };
		947373921C498399009F5D02 /* SegmentQuery.h in Headers */ = {isa = PBXBuildFile; fileRef = 947372E81C498399009F5D02 /* SegmentQuery.h */; };
		947373931C498399009F5D02 /* SegmentQuery.m in Sources */ = {isa = PBXBuildFile; fileRef = 947372E91C498399009F5D02 /* SegmentQuery.m */; };
		947373941C498399009F5D02 /* UINavigationController+IDNNavBarHidden.h in Headers */ = {isa = PBXBuildFile; fileRef = 947372EA1C498399009F5D02 /* UINavigationController+IDNNavBarHidden.h */; };
		947373951C498399009F5D02 /* UINavigationController+IDNNavBarHidden.m in Sources */ = {isa = PBXBuildFile; fileRef = 947372EB1C498399009F5D02 /* UINavigationController+IDNNavBarHidden.m */; };
		947373961C498399009F5D02 /* FoundationIDNCategories.h in Headers */ = {isa = PBXBuildFile; fileRef = 947372ED1C498399009F5D02 /* FoundationIDNCategories.h */; };
		947373971C498399009F5D02 /* NSArray+IDN.h in Headers */ = {isa = PBXBuildFile; fileRef = 947372EE1C498399009F5D02 /* NSArray+IDN.h */; };
		947373981C498399009F5D02 /* NSArray+IDN.m in Sources */ = {isa = PBXBuildFile; fileRef = 947372EF1C498399009F5D02 /* NSArray+IDN.m */; };
		947373991C498399009F5D02 /* NSData+IDNExtend.h in Headers */ = {isa = PBXBuildFile; fileRef = 947372F01C498399009F5D02 /* NSData+IDNExtend.h */; };
		9473739A1C498399009F5D02 /* NSData+IDNExtend.m in Sources */ = {isa = PBXBuildFile; fileRef = 947372F11C498399009F5D02 /* NSData+IDNExtend.m */; };
		9473739B1C498399009F5D02 /* NSDate+IDNExtend.h in Headers */ = {isa = PBXBuildFile; fileRef = 947372F21C498399009F5D02 /* NSDate+IDNExtend.h */; };
		9473739C1C498399009F5D02 /* NSDate+IDNExtend.m in Sources */ = {isa = PBXBuildFile; fileRef = 947372F31C498399009F5D02 /* NSDate+IDNExtend.m */; };
		9473739D1C498399009F5D02 /* NSDictionary+IDNExtend.h in Headers */ = {isa = PBXBuildFile; fileRef = 947372F41C498399009F5D02 /* NSDictionary+IDNExtend.h */; };
		9473739E1C498399009F5D02 /* NSDictionary+IDNExtend.m in Sources */ = {isa = PBXBuildFile; fileRef = 947372F51C498399009F5D02 /* NSDictionary+IDNExtend.m */; };
		9473739F1C498399009F5D02 /* NSError+IDNExtend.h in Headers */ = {isa = PBXBuildFile; fileRef = 947372F61C498399009F5D02 /* NSError+IDNExtend.h */; };
		947373A01C498399009F5D02 /* NSError+IDNExtend.m in Sources */ = {isa = PBXBuildFile; fileRef = 947372F71C498399009F5D02 /* NSError+IDNExtend.m */; };
		947373A11C498399009F5D02 /* NSFileManager+IDNExtend.h in Headers */ = {isa = PBXBuildFile; fileRef = 947372F81C498399009F5D02 /* NSFileManager+IDNExtend.h */; };
		947373A21C498399009F5D02 /* NSFileManager+IDNExtend.m in Sources */ = {isa = PBXBuildFile; fileRef = 947372F91C498399009F5D02 /* NSFileManager+IDNExtend.m */; };
		947373A31C498399009F5D02 /* NSObject+IDNCustomObject.h in Headers */ = {isa = PBXBuildFile; fileRef = 947372FA1C498399009F5D02 /* NSObject+IDNCustomObject.h */; };
		947373A41C498399009F5D02 /* NSObject+IDNCustomObject.m in Sources */ = {isa = PBXBuildFile; fileRef = 947372FB1C498399009F5D02 /* NSObject+IDNCustomObject.m */; };
		947373A51C498399009F5D02 /* NSObject+IDNDeallocBlock.h in Headers */ = {isa = PBXBuildFile; fileRef = 947372FC1C498399009F5D02 /* NSObject+IDNDeallocBlock.h */; };
		947373A61C498399009F5D02 /* NSObject+IDNDeallocBlock.m in Sources */ = {isa = PBXBuildFile; fileRef = 947372FD1C498399009F5D02 /* NSObject+IDNDeallocBlock.m */; };
		947373A71C498399009F5D02 /* NSObject+IDNEventHandle.h in Headers */ = {isa = PBXBuildFile; fileRef = 947372FE1C498399009F5D02 /* NSObject+IDNEventHandle.h */; };
		947373A81C498399009F5D02 /* NSObject+IDNEventHandle.m in Sources */ = {isa = PBXBuildFile; fileRef = 947372FF1C498399009F5D02 /* NSObject+IDNEventHandle.m */; };
		947373A91C498399009F5D02 /* NSObject+IDNNotice.h in Headers */ = {isa = PBXBuildFile; fileRef = 947373001C498399009F5D02 /* NSObject+IDNNotice.h */; };
		947373AA1C498399009F5D02 /* NSObject+IDNNotice.m in Sources */ = {isa = PBXBuildFile; fileRef = 947373011C498399009F5D02 /* NSObject+IDNNotice.m */; };
		947373AB1C498399009F5D02 /* NSObject+IDNPerformSelector.h in Headers */ = {isa = PBXBuildFile; fileRef = 947373021C498399009F5D02 /* NSObject+IDNPerformSelector.h */; };
		947373AC1C498399009F5D02 /* NSObject+IDNPerformSelector.m in Sources */ = {isa = PBXBuildFile; fileRef = 947373031C498399009F5D02 /* NSObject+IDNPerformSelector.m */; };
		947373AD1C498399009F5D02 /* NSPointerArray+IDNExtend.h in Headers */ = {isa = PBXBuildFile; fileRef = 947373041C498399009F5D02 /* NSPointerArray+IDNExtend.h */; };
		947373AE1C498399009F5D02 /* NSPointerArray+IDNExtend.m in Sources */ = {isa = PBXBuildFile; fileRef = 947373051C498399009F5D02 /* NSPointerArray+IDNExtend.m */; };
		947373AF1C498399009F5D02 /* NSString+IDNExtend.h in Headers */ = {isa = PBXBuildFile; fileRef = 947373061C498399009F5D02 /* NSString+IDNExtend.h */; };
		947373B01C498399009F5D02 /* NSString+IDNExtend.m in Sources */ = {isa = PBXBuildFile; fileRef = 947373071C498399009F5D02 /* NSString+IDNExtend.m */; };
		947373B11C498399009F5D02 /* NSTimer+IDNWeakTarget.h in Headers */ = {isa = PBXBuildFile; fileRef = 947373081C498399009F5D02 /* NSTimer+IDNWeakTarget.h */; };
		947373B21C498399009F5D02 /* NSTimer+IDNWeakTarget.m in Sources */ = {isa = PBXBuildFile; fileRef = 947373091C498399009F5D02 /* NSTimer+IDNWeakTarget.m */; };
		947373B31C498399009F5D02 /* IDNAutoPersist.h in Headers */ = {isa = PBXBuildFile; fileRef = 9473730B1C498399009F5D02 /* IDNAutoPersist.h */; };
		947373B41C498399009F5D02 /* IDNAutoPersist.m in Sources */ = {isa = PBXBuildFile; fileRef = 9473730C1C498399009F5D02 /* IDNAutoPersist.m */; };
		947373B51C498399009F5D02 /* IDNConfigFile.h in Headers */ = {isa = PBXBuildFile; fileRef = 9473730D1C498399009F5D02 /* IDNConfigFile.h */; };
		947373B61C498399009F5D02 /* IDNConfigFile.m in Sources */ = {isa = PBXBuildFile; fileRef = 9473730E1C498399009F5D02 /* IDNConfigFile.m */; };
		947373B71C498399009F5D02 /* IDNFileCache.h in Headers */ = {isa = PBXBuildFile; fileRef = 9473730F1C498399009F5D02 /* IDNFileCache.h */; };
		947373B81C498399009F5D02 /* IDNFileCache.m in Sources */ = {isa = PBXBuildFile; fileRef = 947373101C498399009F5D02 /* IDNFileCache.m */; };
		947373B91C498399009F5D02 /* IDNFixedList.h in Headers */ = {isa = PBXBuildFile; fileRef = 947373111C498399009F5D02 /* IDNFixedList.h */; };
		947373BA1C498399009F5D02 /* IDNFixedList.m in Sources */ = {isa = PBXBuildFile; fileRef = 947373121C498399009F5D02 /* IDNFixedList.m */; };
		947373BB1C498399009F5D02 /* IDNFoundation.h in Headers */ = {isa = PBXBuildFile; fileRef = 947373131C498399009F5D02 /* IDNFoundation.h */; };
		947373BC1C498399009F5D02 /* IDNItemCenter.h in Headers */ = {isa = PBXBuildFile; fileRef = 947373141C498399009F5D02 /* IDNItemCenter.h */; };
		947373BD1C498399009F5D02 /* IDNItemCenter.m in Sources */ = {isa = PBXBuildFile; fileRef = 947373151C498399009F5D02 /* IDNItemCenter.m */; };
		947373BE1C498399009F5D02 /* IDNNetFileUpdater.h in Headers */ = {isa = PBXBuildFile; fileRef = 947373161C498399009F5D02 /* IDNNetFileUpdater.h */; };
		947373BF1C498399009F5D02 /* IDNNetFileUpdater.m in Sources */ = {isa = PBXBuildFile; fileRef = 947373171C498399009F5D02 /* IDNNetFileUpdater.m */; };
		947373C01C498399009F5D02 /* IDNNotificationCenter.h in Headers */ = {isa = PBXBuildFile; fileRef = 947373181C498399009F5D02 /* IDNNotificationCenter.h */; };
		947373C11C498399009F5D02 /* IDNNotificationCenter.m in Sources */ = {isa = PBXBuildFile; fileRef = 947373191C498399009F5D02 /* IDNNotificationCenter.m */; };
		947373C21C498399009F5D02 /* IDNPageList.h in Headers */ = {isa = PBXBuildFile; fileRef = 9473731A1C498399009F5D02 /* IDNPageList.h */; };
		947373C31C498399009F5D02 /* IDNPageList.m in Sources */ = {isa = PBXBuildFile; fileRef = 9473731B1C498399009F5D02 /* IDNPageList.m */; };
		947373C41C498399009F5D02 /* IDNResultList.h in Headers */ = {isa = PBXBuildFile; fileRef = 9473731C1C498399009F5D02 /* IDNResultList.h */; };
		947373C51C498399009F5D02 /* IDNResultList.m in Sources */ = {isa = PBXBuildFile; fileRef = 9473731D1C498399009F5D02 /* IDNResultList.m */; };
		947373C61C498399009F5D02 /* IDNSegList.h in Headers */ = {isa = PBXBuildFile; fileRef = 9473731E1C498399009F5D02 /* IDNSegList.h */; };
		947373C71C498399009F5D02 /* IDNSegList.m in Sources */ = {isa = PBXBuildFile; fileRef = 9473731F1C498399009F5D02 /* IDNSegList.m */; };
		947373C81C498399009F5D02 /* IDNTask.h in Headers */ = {isa = PBXBuildFile; fileRef = 947373201C498399009F5D02 /* IDNTask.h */; };
		947373C91C498399009F5D02 /* IDNTask.m in Sources */ = {isa = PBXBuildFile; fileRef = 947373211C498399009F5D02 /* IDNTask.m */; };
		947373CA1C498399009F5D02 /* IDNUnreadManage.h in Headers */ = {isa = PBXBuildFile; fileRef = 947373221C498399009F5D02 /* IDNUnreadManage.h */; };
		947373CB1C498399009F5D02 /* IDNUnreadManage.m in Sources */ = {isa = PBXBuildFile; fileRef = 947373231C498399009F5D02 /* IDNUnreadManage.m */; };
		947373CC1C498399009F5D02 /* IDNFileDownloader.h in Headers */ = {isa = PBXBuildFile; fileRef = 947373251C498399009F5D02 /* IDNFileDownloader.h */; };
		947373CE1C498399009F5D02 /* IDNNetwork.h in Headers */ = {isa = PBXBuildFile; fileRef = 947373271C498399009F5D02 /* IDNNetwork.h */; };
		947373CF1C498399009F5D02 /* IDNNetwork.m in Sources */ = {isa = PBXBuildFile; fileRef = 947373281C498399009F5D02 /* IDNNetwork.m */; };
		947373D01C498399009F5D02 /* IDNTaskQueue.h in Headers */ = {isa = PBXBuildFile; fileRef = 947373291C498399009F5D02 /* IDNTaskQueue.h */; };
		947373D11C498399009F5D02 /* IDNTaskQueue.m in Sources */ = {isa = PBXBuildFile; fileRef = 9473732A1C498399009F5D02 /* IDNTaskQueue.m */; };
		947373D21C498399009F5D02 /* IDNFramework.h in Headers */ = {isa = PBXBuildFile; fileRef = 9473732B1C498399009F5D02 /* IDNFramework.h */; };
		947373D31C498399009F5D02 /* IDNActivityIndicator.h in Headers */ = {isa = PBXBuildFile; fileRef = 9473732D1C498399009F5D02 /* IDNActivityIndicator.h */; };
		947373D41C498399009F5D02 /* IDNActivityIndicator.m in Sources */ = {isa = PBXBuildFile; fileRef = 9473732E1C498399009F5D02 /* IDNActivityIndicator.m */; };
		947373D51C498399009F5D02 /* IDNFrameView.h in Headers */ = {isa = PBXBuildFile; fileRef = 9473732F1C498399009F5D02 /* IDNFrameView.h */; };
		947373D61C498399009F5D02 /* IDNFrameView.m in Sources */ = {isa = PBXBuildFile; fileRef = 947373301C498399009F5D02 /* IDNFrameView.m */; };
		947373D71C498399009F5D02 /* IDNGradientView.h in Headers */ = {isa = PBXBuildFile; fileRef = 947373311C498399009F5D02 /* IDNGradientView.h */; };
		947373D81C498399009F5D02 /* IDNGradientView.m in Sources */ = {isa = PBXBuildFile; fileRef = 947373321C498399009F5D02 /* IDNGradientView.m */; };
		947373D91C498399009F5D02 /* IDNImagePickerController.h in Headers */ = {isa = PBXBuildFile; fileRef = 947373331C498399009F5D02 /* IDNImagePickerController.h */; };
		947373DA1C498399009F5D02 /* IDNImagePickerController.m in Sources */ = {isa = PBXBuildFile; fileRef = 947373341C498399009F5D02 /* IDNImagePickerController.m */; };
		947373DB1C498399009F5D02 /* IDNInputHelperView.h in Headers */ = {isa = PBXBuildFile; fileRef = 947373351C498399009F5D02 /* IDNInputHelperView.h */; };
		947373DC1C498399009F5D02 /* IDNInputHelperView.m in Sources */ = {isa = PBXBuildFile; fileRef = 947373361C498399009F5D02 /* IDNInputHelperView.m */; };
		947373DD1C498399009F5D02 /* IDNKit.h in Headers */ = {isa = PBXBuildFile; fileRef = 947373371C498399009F5D02 /* IDNKit.h */; };
		947373DE1C498399009F5D02 /* IDNNavigationController.h in Headers */ = {isa = PBXBuildFile; fileRef = 947373381C498399009F5D02 /* IDNNavigationController.h */; };
		947373DF1C498399009F5D02 /* IDNNavigationController.m in Sources */ = {isa = PBXBuildFile; fileRef = 947373391C498399009F5D02 /* IDNNavigationController.m */; };
		947373E01C498399009F5D02 /* IDNPageController.h in Headers */ = {isa = PBXBuildFile; fileRef = 9473733A1C498399009F5D02 /* IDNPageController.h */; };
		947373E11C498399009F5D02 /* IDNPageController.m in Sources */ = {isa = PBXBuildFile; fileRef = 9473733B1C498399009F5D02 /* IDNPageController.m */; };
		947373E21C498399009F5D02 /* IDNProgressView.h in Headers */ = {isa = PBXBuildFile; fileRef = 9473733C1C498399009F5D02 /* IDNProgressView.h */; };
		947373E31C498399009F5D02 /* IDNProgressView.m in Sources */ = {isa = PBXBuildFile; fileRef = 9473733D1C498399009F5D02 /* IDNProgressView.m */; };
		947373E41C498399009F5D02 /* IDNRefreshControl.h in Headers */ = {isa = PBXBuildFile; fileRef = 9473733E1C498399009F5D02 /* IDNRefreshControl.h */; };
		947373E51C498399009F5D02 /* IDNRefreshControl.m in Sources */ = {isa = PBXBuildFile; fileRef = 9473733F1C498399009F5D02 /* IDNRefreshControl.m */; };
		947373E61C498399009F5D02 /* IDNScanCodeView.h in Headers */ = {isa = PBXBuildFile; fileRef = 947373401C498399009F5D02 /* IDNScanCodeView.h */; };
		947373E71C498399009F5D02 /* IDNScanCodeView.m in Sources */ = {isa = PBXBuildFile; fileRef = 947373411C498399009F5D02 /* IDNScanCodeView.m */; };
		947373E81C498399009F5D02 /* IDNTabBarController.h in Headers */ = {isa = PBXBuildFile; fileRef = 947373421C498399009F5D02 /* IDNTabBarController.h */; };
		947373E91C498399009F5D02 /* IDNTabBarController.m in Sources */ = {isa = PBXBuildFile; fileRef = 947373431C498399009F5D02 /* IDNTabBarController.m */; };
		947373EA1C498399009F5D02 /* IDNTapGestureShadowRecognizer.h in Headers */ = {isa = PBXBuildFile; fileRef = 947373441C498399009F5D02 /* IDNTapGestureShadowRecognizer.h */; };
		947373EB1C498399009F5D02 /* IDNTapGestureShadowRecognizer.m in Sources */ = {isa = PBXBuildFile; fileRef = 947373451C498399009F5D02 /* IDNTapGestureShadowRecognizer.m */; };
		947373EC1C498399009F5D02 /* IDNViewController.h in Headers */ = {isa = PBXBuildFile; fileRef = 947373461C498399009F5D02 /* IDNViewController.h */; };
		947373ED1C498399009F5D02 /* IDNViewController.m in Sources */ = {isa = PBXBuildFile; fileRef = 947373471C498399009F5D02 /* IDNViewController.m */; };
		947373EE1C498399009F5D02 /* IDNMainController.h in Headers */ = {isa = PBXBuildFile; fileRef = 947373491C498399009F5D02 /* IDNMainController.h */; };
		947373EF1C498399009F5D02 /* IDNMainController.m in Sources */ = {isa = PBXBuildFile; fileRef = 9473734A1C498399009F5D02 /* IDNMainController.m */; };
		947373F01C498399009F5D02 /* IDNSideMenuController.h in Headers */ = {isa = PBXBuildFile; fileRef = 9473734B1C498399009F5D02 /* IDNSideMenuController.h */; };
		947373F11C498399009F5D02 /* IDNSideMenuController.m in Sources */ = {isa = PBXBuildFile; fileRef = 9473734C1C498399009F5D02 /* IDNSideMenuController.m */; };
		947373F21C498399009F5D02 /* IDNSplitMainController.h in Headers */ = {isa = PBXBuildFile; fileRef = 9473734D1C498399009F5D02 /* IDNSplitMainController.h */; };
		947373F31C498399009F5D02 /* IDNSplitMainController.m in Sources */ = {isa = PBXBuildFile; fileRef = 9473734E1C498399009F5D02 /* IDNSplitMainController.m */; };
		947373F41C498399009F5D02 /* IDNTopTabController.h in Headers */ = {isa = PBXBuildFile; fileRef = 9473734F1C498399009F5D02 /* IDNTopTabController.h */; };
		947373F51C498399009F5D02 /* IDNTopTabController.m in Sources */ = {isa = PBXBuildFile; fileRef = 947373501C498399009F5D02 /* IDNTopTabController.m */; };
		947373F61C498399009F5D02 /* IDNTouchGestureRecognizer.h in Headers */ = {isa = PBXBuildFile; fileRef = 947373511C498399009F5D02 /* IDNTouchGestureRecognizer.h */; };
		947373F71C498399009F5D02 /* IDNTouchGestureRecognizer.m in Sources */ = {isa = PBXBuildFile; fileRef = 947373521C498399009F5D02 /* IDNTouchGestureRecognizer.m */; };
		947373FA1C498399009F5D02 /* UIAlertView+IDN.h in Headers */ = {isa = PBXBuildFile; fileRef = 947373571C498399009F5D02 /* UIAlertView+IDN.h */; };
		947373FB1C498399009F5D02 /* UIAlertView+IDN.m in Sources */ = {isa = PBXBuildFile; fileRef = 947373581C498399009F5D02 /* UIAlertView+IDN.m */; };
		947373FC1C498399009F5D02 /* UIApplication+IDNExt.h in Headers */ = {isa = PBXBuildFile; fileRef = 947373591C498399009F5D02 /* UIApplication+IDNExt.h */; };
		947373FD1C498399009F5D02 /* UIApplication+IDNExt.m in Sources */ = {isa = PBXBuildFile; fileRef = 9473735A1C498399009F5D02 /* UIApplication+IDNExt.m */; };
		947373FE1C498399009F5D02 /* UIBezierPath+IDNExtend.h in Headers */ = {isa = PBXBuildFile; fileRef = 9473735B1C498399009F5D02 /* UIBezierPath+IDNExtend.h */; };
		947373FF1C498399009F5D02 /* UIBezierPath+IDNExtend.m in Sources */ = {isa = PBXBuildFile; fileRef = 9473735C1C498399009F5D02 /* UIBezierPath+IDNExtend.m */; };
		947374001C498399009F5D02 /* UIButton+IDNColor.h in Headers */ = {isa = PBXBuildFile; fileRef = 9473735D1C498399009F5D02 /* UIButton+IDNColor.h */; };
		947374011C498399009F5D02 /* UIButton+IDNColor.m in Sources */ = {isa = PBXBuildFile; fileRef = 9473735E1C498399009F5D02 /* UIButton+IDNColor.m */; };
		947374021C498399009F5D02 /* UIColor+IDN.h in Headers */ = {isa = PBXBuildFile; fileRef = 9473735F1C498399009F5D02 /* UIColor+IDN.h */; };
		947374031C498399009F5D02 /* UIColor+IDN.m in Sources */ = {isa = PBXBuildFile; fileRef = 947373601C498399009F5D02 /* UIColor+IDN.m */; };
		947374041C498399009F5D02 /* UIDevice+IDN.h in Headers */ = {isa = PBXBuildFile; fileRef = 947373611C498399009F5D02 /* UIDevice+IDN.h */; };
		947374051C498399009F5D02 /* UIDevice+IDN.m in Sources */ = {isa = PBXBuildFile; fileRef = 947373621C498399009F5D02 /* UIDevice+IDN.m */; };
		947374061C498399009F5D02 /* UIImage+IDNExtend.h in Headers */ = {isa = PBXBuildFile; fileRef = 947373631C498399009F5D02 /* UIImage+IDNExtend.h */; };
		947374071C498399009F5D02 /* UIImage+IDNExtend.m in Sources */ = {isa = PBXBuildFile; fileRef = 947373641C498399009F5D02 /* UIImage+IDNExtend.m */; };
		947374081C498399009F5D02 /* UIKitIDNCategories.h in Headers */ = {isa = PBXBuildFile; fileRef = 947373651C498399009F5D02 /* UIKitIDNCategories.h */; };
		947374091C498399009F5D02 /* UIPickerView+IDNPickDate.h in Headers */ = {isa = PBXBuildFile; fileRef = 947373661C498399009F5D02 /* UIPickerView+IDNPickDate.h */; };
		9473740A1C498399009F5D02 /* UIPickerView+IDNPickDate.m in Sources */ = {isa = PBXBuildFile; fileRef = 947373671C498399009F5D02 /* UIPickerView+IDNPickDate.m */; };
		9473740B1C498399009F5D02 /* UIPickerView+IDNTap.h in Headers */ = {isa = PBXBuildFile; fileRef = 947373681C498399009F5D02 /* UIPickerView+IDNTap.h */; };
		9473740C1C498399009F5D02 /* UIPickerView+IDNTap.m in Sources */ = {isa = PBXBuildFile; fileRef = 947373691C498399009F5D02 /* UIPickerView+IDNTap.m */; };
		9473740D1C498399009F5D02 /* UIResponder+IDNExt.h in Headers */ = {isa = PBXBuildFile; fileRef = 9473736A1C498399009F5D02 /* UIResponder+IDNExt.h */; };
		9473740E1C498399009F5D02 /* UIResponder+IDNExt.m in Sources */ = {isa = PBXBuildFile; fileRef = 9473736B1C498399009F5D02 /* UIResponder+IDNExt.m */; };
		9473740F1C498399009F5D02 /* UIScreen+IDNExtend.h in Headers */ = {isa = PBXBuildFile; fileRef = 9473736C1C498399009F5D02 /* UIScreen+IDNExtend.h */; };
		947374101C498399009F5D02 /* UIScreen+IDNExtend.m in Sources */ = {isa = PBXBuildFile; fileRef = 9473736D1C498399009F5D02 /* UIScreen+IDNExtend.m */; };
		947374111C498399009F5D02 /* UITabBar+IDNRedPoint.h in Headers */ = {isa = PBXBuildFile; fileRef = 9473736E1C498399009F5D02 /* UITabBar+IDNRedPoint.h */; };
		947374121C498399009F5D02 /* UITabBar+IDNRedPoint.m in Sources */ = {isa = PBXBuildFile; fileRef = 9473736F1C498399009F5D02 /* UITabBar+IDNRedPoint.m */; };
		947374131C498399009F5D02 /* UITextField+IDNExt.h in Headers */ = {isa = PBXBuildFile; fileRef = 947373701C498399009F5D02 /* UITextField+IDNExt.h */; };
		947374141C498399009F5D02 /* UITextField+IDNExt.m in Sources */ = {isa = PBXBuildFile; fileRef = 947373711C498399009F5D02 /* UITextField+IDNExt.m */; };
		947374151C498399009F5D02 /* UITextView+IDNExt.h in Headers */ = {isa = PBXBuildFile; fileRef = 947373721C498399009F5D02 /* UITextView+IDNExt.h */; };
		947374161C498399009F5D02 /* UITextView+IDNExt.m in Sources */ = {isa = PBXBuildFile; fileRef = 947373731C498399009F5D02 /* UITextView+IDNExt.m */; };
		947374171C498399009F5D02 /* UIView+IDNCountBadge.h in Headers */ = {isa = PBXBuildFile; fileRef = 947373741C498399009F5D02 /* UIView+IDNCountBadge.h */; };
		947374181C498399009F5D02 /* UIView+IDNCountBadge.m in Sources */ = {isa = PBXBuildFile; fileRef = 947373751C498399009F5D02 /* UIView+IDNCountBadge.m */; };
		947374191C498399009F5D02 /* UIView+IDNExtend.h in Headers */ = {isa = PBXBuildFile; fileRef = 947373761C498399009F5D02 /* UIView+IDNExtend.h */; };
		9473741A1C498399009F5D02 /* UIView+IDNExtend.m in Sources */ = {isa = PBXBuildFile; fileRef = 947373771C498399009F5D02 /* UIView+IDNExtend.m */; };
		9473741B1C498399009F5D02 /* UIView+IDNKeyboard.h in Headers */ = {isa = PBXBuildFile; fileRef = 947373781C498399009F5D02 /* UIView+IDNKeyboard.h */; };
		9473741C1C498399009F5D02 /* UIView+IDNKeyboard.m in Sources */ = {isa = PBXBuildFile; fileRef = 947373791C498399009F5D02 /* UIView+IDNKeyboard.m */; };
		9473741D1C498399009F5D02 /* UIView+IDNZoom.h in Headers */ = {isa = PBXBuildFile; fileRef = 9473737A1C498399009F5D02 /* UIView+IDNZoom.h */; };
		9473741E1C498399009F5D02 /* UIView+IDNZoom.m in Sources */ = {isa = PBXBuildFile; fileRef = 9473737B1C498399009F5D02 /* UIView+IDNZoom.m */; };
		9473741F1C498399009F5D02 /* UIViewController+IDNOrientation.h in Headers */ = {isa = PBXBuildFile; fileRef = 9473737C1C498399009F5D02 /* UIViewController+IDNOrientation.h */; };
		947374201C498399009F5D02 /* UIViewController+IDNOrientation.m in Sources */ = {isa = PBXBuildFile; fileRef = 9473737D1C498399009F5D02 /* UIViewController+IDNOrientation.m */; };
		947374211C498399009F5D02 /* UIViewController+IDNPresentationStack.h in Headers */ = {isa = PBXBuildFile; fileRef = 9473737E1C498399009F5D02 /* UIViewController+IDNPresentationStack.h */; };
		947374221C498399009F5D02 /* UIViewController+IDNPresentationStack.m in Sources */ = {isa = PBXBuildFile; fileRef = 9473737F1C498399009F5D02 /* UIViewController+IDNPresentationStack.m */; };
		947374231C498399009F5D02 /* UIViewController+IDNPrompt.h in Headers */ = {isa = PBXBuildFile; fileRef = 947373801C498399009F5D02 /* UIViewController+IDNPrompt.h */; };
		947374241C498399009F5D02 /* UIViewController+IDNPrompt.m in Sources */ = {isa = PBXBuildFile; fileRef = 947373811C498399009F5D02 /* UIViewController+IDNPrompt.m */; };
		947374251C498399009F5D02 /* UIViewController+IDNScreenAdapt.h in Headers */ = {isa = PBXBuildFile; fileRef = 947373821C498399009F5D02 /* UIViewController+IDNScreenAdapt.h */; };
		947374261C498399009F5D02 /* UIViewController+IDNScreenAdapt.m in Sources */ = {isa = PBXBuildFile; fileRef = 947373831C498399009F5D02 /* UIViewController+IDNScreenAdapt.m */; };
		947374271C498399009F5D02 /* UIViewController+IDNStatusBar.h in Headers */ = {isa = PBXBuildFile; fileRef = 947373841C498399009F5D02 /* UIViewController+IDNStatusBar.h */; };
		947374281C498399009F5D02 /* UIViewController+IDNStatusBar.m in Sources */ = {isa = PBXBuildFile; fileRef = 947373851C498399009F5D02 /* UIViewController+IDNStatusBar.m */; };
		947374291C498399009F5D02 /* UIViewController+IDNTransition.h in Headers */ = {isa = PBXBuildFile; fileRef = 947373861C498399009F5D02 /* UIViewController+IDNTransition.h */; };
		9473742A1C498399009F5D02 /* UIViewController+IDNTransition.m in Sources */ = {isa = PBXBuildFile; fileRef = 947373871C498399009F5D02 /* UIViewController+IDNTransition.m */; };
		9473742B1C498399009F5D02 /* UIWindow+IDNExt.h in Headers */ = {isa = PBXBuildFile; fileRef = 947373881C498399009F5D02 /* UIWindow+IDNExt.h */; };
		9473742C1C498399009F5D02 /* UIWindow+IDNExt.m in Sources */ = {isa = PBXBuildFile; fileRef = 947373891C498399009F5D02 /* UIWindow+IDNExt.m */; };
		94AA6DF81B38077E00778B21 /* IDNFileCacheTest.m in Sources */ = {isa = PBXBuildFile; fileRef = 94AA6DF71B38077E00778B21 /* IDNFileCacheTest.m */; };
/* End PBXBuildFile section */

/* Begin PBXContainerItemProxy section */
		945DB68C1AD8FC8800C13526 /* PBXContainerItemProxy */ = {
			isa = PBXContainerItemProxy;
			containerPortal = 945DB6761AD8FC8800C13526 /* Project object */;
			proxyType = 1;
			remoteGlobalIDString = 945DB67E1AD8FC8800C13526;
			remoteInfo = IDNFramework;
		};
/* End PBXContainerItemProxy section */

/* Begin PBXFileReference section */
		9439961F1C0E8A9F00596FB6 /* IDNKitSample.app */ = {isa = PBXFileReference; explicitFileType = wrapper.application; includeInIndex = 0; path = IDNKitSample.app; sourceTree = BUILT_PRODUCTS_DIR; };
		943996221C0E8A9F00596FB6 /* main.m */ = {isa = PBXFileReference; lastKnownFileType = sourcecode.c.objc; path = main.m; sourceTree = "<group>"; };
		943996241C0E8A9F00596FB6 /* AppDelegate.h */ = {isa = PBXFileReference; lastKnownFileType = sourcecode.c.h; path = AppDelegate.h; sourceTree = "<group>"; };
		943996251C0E8A9F00596FB6 /* AppDelegate.m */ = {isa = PBXFileReference; lastKnownFileType = sourcecode.c.objc; path = AppDelegate.m; sourceTree = "<group>"; };
		943996271C0E8A9F00596FB6 /* ViewController.h */ = {isa = PBXFileReference; lastKnownFileType = sourcecode.c.h; path = ViewController.h; sourceTree = "<group>"; };
		943996281C0E8A9F00596FB6 /* ViewController.m */ = {isa = PBXFileReference; lastKnownFileType = sourcecode.c.objc; path = ViewController.m; sourceTree = "<group>"; };
		9439962B1C0E8A9F00596FB6 /* Base */ = {isa = PBXFileReference; lastKnownFileType = file.storyboard; name = Base; path = Base.lproj/Main.storyboard; sourceTree = "<group>"; };
		9439962D1C0E8A9F00596FB6 /* Assets.xcassets */ = {isa = PBXFileReference; lastKnownFileType = folder.assetcatalog; path = Assets.xcassets; sourceTree = "<group>"; };
		943996301C0E8A9F00596FB6 /* Base */ = {isa = PBXFileReference; lastKnownFileType = file.storyboard; name = Base; path = Base.lproj/LaunchScreen.storyboard; sourceTree = "<group>"; };
		943996321C0E8A9F00596FB6 /* Info.plist */ = {isa = PBXFileReference; lastKnownFileType = text.plist.xml; path = Info.plist; sourceTree = "<group>"; };
		945DB67F1AD8FC8800C13526 /* IDNFramework.framework */ = {isa = PBXFileReference; explicitFileType = wrapper.framework; includeInIndex = 0; path = IDNFramework.framework; sourceTree = BUILT_PRODUCTS_DIR; };
		945DB6831AD8FC8800C13526 /* Info.plist */ = {isa = PBXFileReference; lastKnownFileType = text.plist.xml; path = Info.plist; sourceTree = "<group>"; };
		945DB68A1AD8FC8800C13526 /* IDNFrameworkTests.xctest */ = {isa = PBXFileReference; explicitFileType = wrapper.cfbundle; includeInIndex = 0; path = IDNFrameworkTests.xctest; sourceTree = BUILT_PRODUCTS_DIR; };
		945DB6901AD8FC8800C13526 /* Info.plist */ = {isa = PBXFileReference; lastKnownFileType = text.plist.xml; path = Info.plist; sourceTree = "<group>"; };
		947372E01C498399009F5D02 /* IDNAsyncTask.h */ = {isa = PBXFileReference; fileEncoding = 4; lastKnownFileType = sourcecode.c.h; path = IDNAsyncTask.h; sourceTree = "<group>"; };
		947372E11C498399009F5D02 /* IDNAsyncTask.m */ = {isa = PBXFileReference; fileEncoding = 4; lastKnownFileType = sourcecode.c.objc; path = IDNAsyncTask.m; sourceTree = "<group>"; };
		947372E21C498399009F5D02 /* IDNColorButton.h */ = {isa = PBXFileReference; fileEncoding = 4; lastKnownFileType = sourcecode.c.h; path = IDNColorButton.h; sourceTree = "<group>"; };
		947372E31C498399009F5D02 /* IDNColorButton.m */ = {isa = PBXFileReference; fileEncoding = 4; lastKnownFileType = sourcecode.c.objc; path = IDNColorButton.m; sourceTree = "<group>"; };
		947372E41C498399009F5D02 /* IDNListItemCenter.h */ = {isa = PBXFileReference; fileEncoding = 4; lastKnownFileType = sourcecode.c.h; path = IDNListItemCenter.h; sourceTree = "<group>"; };
		947372E51C498399009F5D02 /* IDNListItemCenter.m */ = {isa = PBXFileReference; fileEncoding = 4; lastKnownFileType = sourcecode.c.objc; path = IDNListItemCenter.m; sourceTree = "<group>"; };
		947372E61C498399009F5D02 /* IDNSearchBar.h */ = {isa = PBXFileReference; fileEncoding = 4; lastKnownFileType = sourcecode.c.h; path = IDNSearchBar.h; sourceTree = "<group>"; };
		947372E71C498399009F5D02 /* IDNSearchBar.m */ = {isa = PBXFileReference; fileEncoding = 4; lastKnownFileType = sourcecode.c.objc; path = IDNSearchBar.m; sourceTree = "<group>"; };
		947372E81C498399009F5D02 /* SegmentQuery.h */ = {isa = PBXFileReference; fileEncoding = 4; lastKnownFileType = sourcecode.c.h; path = SegmentQuery.h; sourceTree = "<group>"; };
		947372E91C498399009F5D02 /* SegmentQuery.m */ = {isa = PBXFileReference; fileEncoding = 4; lastKnownFileType = sourcecode.c.objc; path = SegmentQuery.m; sourceTree = "<group>"; };
		947372EA1C498399009F5D02 /* UINavigationController+IDNNavBarHidden.h */ = {isa = PBXFileReference; fileEncoding = 4; lastKnownFileType = sourcecode.c.h; path = "UINavigationController+IDNNavBarHidden.h"; sourceTree = "<group>"; };
		947372EB1C498399009F5D02 /* UINavigationController+IDNNavBarHidden.m */ = {isa = PBXFileReference; fileEncoding = 4; lastKnownFileType = sourcecode.c.objc; path = "UINavigationController+IDNNavBarHidden.m"; sourceTree = "<group>"; };
		947372ED1C498399009F5D02 /* FoundationIDNCategories.h */ = {isa = PBXFileReference; fileEncoding = 4; lastKnownFileType = sourcecode.c.h; path = FoundationIDNCategories.h; sourceTree = "<group>"; };
		947372EE1C498399009F5D02 /* NSArray+IDN.h */ = {isa = PBXFileReference; fileEncoding = 4; lastKnownFileType = sourcecode.c.h; path = "NSArray+IDN.h"; sourceTree = "<group>"; };
		947372EF1C498399009F5D02 /* NSArray+IDN.m */ = {isa = PBXFileReference; fileEncoding = 4; lastKnownFileType = sourcecode.c.objc; path = "NSArray+IDN.m"; sourceTree = "<group>"; };
		947372F01C498399009F5D02 /* NSData+IDNExtend.h */ = {isa = PBXFileReference; fileEncoding = 4; lastKnownFileType = sourcecode.c.h; path = "NSData+IDNExtend.h"; sourceTree = "<group>"; };
		947372F11C498399009F5D02 /* NSData+IDNExtend.m */ = {isa = PBXFileReference; fileEncoding = 4; lastKnownFileType = sourcecode.c.objc; path = "NSData+IDNExtend.m"; sourceTree = "<group>"; };
		947372F21C498399009F5D02 /* NSDate+IDNExtend.h */ = {isa = PBXFileReference; fileEncoding = 4; lastKnownFileType = sourcecode.c.h; path = "NSDate+IDNExtend.h"; sourceTree = "<group>"; };
		947372F31C498399009F5D02 /* NSDate+IDNExtend.m */ = {isa = PBXFileReference; fileEncoding = 4; lastKnownFileType = sourcecode.c.objc; path = "NSDate+IDNExtend.m"; sourceTree = "<group>"; };
		947372F41C498399009F5D02 /* NSDictionary+IDNExtend.h */ = {isa = PBXFileReference; fileEncoding = 4; lastKnownFileType = sourcecode.c.h; path = "NSDictionary+IDNExtend.h"; sourceTree = "<group>"; };
		947372F51C498399009F5D02 /* NSDictionary+IDNExtend.m */ = {isa = PBXFileReference; fileEncoding = 4; lastKnownFileType = sourcecode.c.objc; path = "NSDictionary+IDNExtend.m"; sourceTree = "<group>"; };
		947372F61C498399009F5D02 /* NSError+IDNExtend.h */ = {isa = PBXFileReference; fileEncoding = 4; lastKnownFileType = sourcecode.c.h; path = "NSError+IDNExtend.h"; sourceTree = "<group>"; };
		947372F71C498399009F5D02 /* NSError+IDNExtend.m */ = {isa = PBXFileReference; fileEncoding = 4; lastKnownFileType = sourcecode.c.objc; path = "NSError+IDNExtend.m"; sourceTree = "<group>"; };
		947372F81C498399009F5D02 /* NSFileManager+IDNExtend.h */ = {isa = PBXFileReference; fileEncoding = 4; lastKnownFileType = sourcecode.c.h; path = "NSFileManager+IDNExtend.h"; sourceTree = "<group>"; };
		947372F91C498399009F5D02 /* NSFileManager+IDNExtend.m */ = {isa = PBXFileReference; fileEncoding = 4; lastKnownFileType = sourcecode.c.objc; path = "NSFileManager+IDNExtend.m"; sourceTree = "<group>"; };
		947372FA1C498399009F5D02 /* NSObject+IDNCustomObject.h */ = {isa = PBXFileReference; fileEncoding = 4; lastKnownFileType = sourcecode.c.h; path = "NSObject+IDNCustomObject.h"; sourceTree = "<group>"; };
		947372FB1C498399009F5D02 /* NSObject+IDNCustomObject.m */ = {isa = PBXFileReference; fileEncoding = 4; lastKnownFileType = sourcecode.c.objc; path = "NSObject+IDNCustomObject.m"; sourceTree = "<group>"; };
		947372FC1C498399009F5D02 /* NSObject+IDNDeallocBlock.h */ = {isa = PBXFileReference; fileEncoding = 4; lastKnownFileType = sourcecode.c.h; path = "NSObject+IDNDeallocBlock.h"; sourceTree = "<group>"; };
		947372FD1C498399009F5D02 /* NSObject+IDNDeallocBlock.m */ = {isa = PBXFileReference; fileEncoding = 4; lastKnownFileType = sourcecode.c.objc; path = "NSObject+IDNDeallocBlock.m"; sourceTree = "<group>"; };
		947372FE1C498399009F5D02 /* NSObject+IDNEventHandle.h */ = {isa = PBXFileReference; fileEncoding = 4; lastKnownFileType = sourcecode.c.h; path = "NSObject+IDNEventHandle.h"; sourceTree = "<group>"; };
		947372FF1C498399009F5D02 /* NSObject+IDNEventHandle.m */ = {isa = PBXFileReference; fileEncoding = 4; lastKnownFileType = sourcecode.c.objc; path = "NSObject+IDNEventHandle.m"; sourceTree = "<group>"; };
		947373001C498399009F5D02 /* NSObject+IDNNotice.h */ = {isa = PBXFileReference; fileEncoding = 4; lastKnownFileType = sourcecode.c.h; path = "NSObject+IDNNotice.h"; sourceTree = "<group>"; };
		947373011C498399009F5D02 /* NSObject+IDNNotice.m */ = {isa = PBXFileReference; fileEncoding = 4; lastKnownFileType = sourcecode.c.objc; path = "NSObject+IDNNotice.m"; sourceTree = "<group>"; };
		947373021C498399009F5D02 /* NSObject+IDNPerformSelector.h */ = {isa = PBXFileReference; fileEncoding = 4; lastKnownFileType = sourcecode.c.h; path = "NSObject+IDNPerformSelector.h"; sourceTree = "<group>"; };
		947373031C498399009F5D02 /* NSObject+IDNPerformSelector.m */ = {isa = PBXFileReference; fileEncoding = 4; lastKnownFileType = sourcecode.c.objc; path = "NSObject+IDNPerformSelector.m"; sourceTree = "<group>"; };
		947373041C498399009F5D02 /* NSPointerArray+IDNExtend.h */ = {isa = PBXFileReference; fileEncoding = 4; lastKnownFileType = sourcecode.c.h; path = "NSPointerArray+IDNExtend.h"; sourceTree = "<group>"; };
		947373051C498399009F5D02 /* NSPointerArray+IDNExtend.m */ = {isa = PBXFileReference; fileEncoding = 4; lastKnownFileType = sourcecode.c.objc; path = "NSPointerArray+IDNExtend.m"; sourceTree = "<group>"; };
		947373061C498399009F5D02 /* NSString+IDNExtend.h */ = {isa = PBXFileReference; fileEncoding = 4; lastKnownFileType = sourcecode.c.h; path = "NSString+IDNExtend.h"; sourceTree = "<group>"; };
		947373071C498399009F5D02 /* NSString+IDNExtend.m */ = {isa = PBXFileReference; fileEncoding = 4; lastKnownFileType = sourcecode.c.objc; path = "NSString+IDNExtend.m"; sourceTree = "<group>"; };
		947373081C498399009F5D02 /* NSTimer+IDNWeakTarget.h */ = {isa = PBXFileReference; fileEncoding = 4; lastKnownFileType = sourcecode.c.h; path = "NSTimer+IDNWeakTarget.h"; sourceTree = "<group>"; };
		947373091C498399009F5D02 /* NSTimer+IDNWeakTarget.m */ = {isa = PBXFileReference; fileEncoding = 4; lastKnownFileType = sourcecode.c.objc; path = "NSTimer+IDNWeakTarget.m"; sourceTree = "<group>"; };
		9473730B1C498399009F5D02 /* IDNAutoPersist.h */ = {isa = PBXFileReference; fileEncoding = 4; lastKnownFileType = sourcecode.c.h; path = IDNAutoPersist.h; sourceTree = "<group>"; };
		9473730C1C498399009F5D02 /* IDNAutoPersist.m */ = {isa = PBXFileReference; fileEncoding = 4; lastKnownFileType = sourcecode.c.objc; path = IDNAutoPersist.m; sourceTree = "<group>"; };
		9473730D1C498399009F5D02 /* IDNConfigFile.h */ = {isa = PBXFileReference; fileEncoding = 4; lastKnownFileType = sourcecode.c.h; path = IDNConfigFile.h; sourceTree = "<group>"; };
		9473730E1C498399009F5D02 /* IDNConfigFile.m */ = {isa = PBXFileReference; fileEncoding = 4; lastKnownFileType = sourcecode.c.objc; path = IDNConfigFile.m; sourceTree = "<group>"; };
		9473730F1C498399009F5D02 /* IDNFileCache.h */ = {isa = PBXFileReference; fileEncoding = 4; lastKnownFileType = sourcecode.c.h; path = IDNFileCache.h; sourceTree = "<group>"; };
		947373101C498399009F5D02 /* IDNFileCache.m */ = {isa = PBXFileReference; fileEncoding = 4; lastKnownFileType = sourcecode.c.objc; path = IDNFileCache.m; sourceTree = "<group>"; };
		947373111C498399009F5D02 /* IDNFixedList.h */ = {isa = PBXFileReference; fileEncoding = 4; lastKnownFileType = sourcecode.c.h; path = IDNFixedList.h; sourceTree = "<group>"; };
		947373121C498399009F5D02 /* IDNFixedList.m */ = {isa = PBXFileReference; fileEncoding = 4; lastKnownFileType = sourcecode.c.objc; path = IDNFixedList.m; sourceTree = "<group>"; };
		947373131C498399009F5D02 /* IDNFoundation.h */ = {isa = PBXFileReference; fileEncoding = 4; lastKnownFileType = sourcecode.c.h; path = IDNFoundation.h; sourceTree = "<group>"; };
		947373141C498399009F5D02 /* IDNItemCenter.h */ = {isa = PBXFileReference; fileEncoding = 4; lastKnownFileType = sourcecode.c.h; path = IDNItemCenter.h; sourceTree = "<group>"; };
		947373151C498399009F5D02 /* IDNItemCenter.m */ = {isa = PBXFileReference; fileEncoding = 4; lastKnownFileType = sourcecode.c.objc; path = IDNItemCenter.m; sourceTree = "<group>"; };
		947373161C498399009F5D02 /* IDNNetFileUpdater.h */ = {isa = PBXFileReference; fileEncoding = 4; lastKnownFileType = sourcecode.c.h; path = IDNNetFileUpdater.h; sourceTree = "<group>"; };
		947373171C498399009F5D02 /* IDNNetFileUpdater.m */ = {isa = PBXFileReference; fileEncoding = 4; lastKnownFileType = sourcecode.c.objc; path = IDNNetFileUpdater.m; sourceTree = "<group>"; };
		947373181C498399009F5D02 /* IDNNotificationCenter.h */ = {isa = PBXFileReference; fileEncoding = 4; lastKnownFileType = sourcecode.c.h; path = IDNNotificationCenter.h; sourceTree = "<group>"; };
		947373191C498399009F5D02 /* IDNNotificationCenter.m */ = {isa = PBXFileReference; fileEncoding = 4; lastKnownFileType = sourcecode.c.objc; path = IDNNotificationCenter.m; sourceTree = "<group>"; };
		9473731A1C498399009F5D02 /* IDNPageList.h */ = {isa = PBXFileReference; fileEncoding = 4; lastKnownFileType = sourcecode.c.h; path = IDNPageList.h; sourceTree = "<group>"; };
		9473731B1C498399009F5D02 /* IDNPageList.m */ = {isa = PBXFileReference; fileEncoding = 4; lastKnownFileType = sourcecode.c.objc; path = IDNPageList.m; sourceTree = "<group>"; };
		9473731C1C498399009F5D02 /* IDNResultList.h */ = {isa = PBXFileReference; fileEncoding = 4; lastKnownFileType = sourcecode.c.h; path = IDNResultList.h; sourceTree = "<group>"; };
		9473731D1C498399009F5D02 /* IDNResultList.m */ = {isa = PBXFileReference; fileEncoding = 4; lastKnownFileType = sourcecode.c.objc; path = IDNResultList.m; sourceTree = "<group>"; };
		9473731E1C498399009F5D02 /* IDNSegList.h */ = {isa = PBXFileReference; fileEncoding = 4; lastKnownFileType = sourcecode.c.h; path = IDNSegList.h; sourceTree = "<group>"; };
		9473731F1C498399009F5D02 /* IDNSegList.m */ = {isa = PBXFileReference; fileEncoding = 4; lastKnownFileType = sourcecode.c.objc; path = IDNSegList.m; sourceTree = "<group>"; };
		947373201C498399009F5D02 /* IDNTask.h */ = {isa = PBXFileReference; fileEncoding = 4; lastKnownFileType = sourcecode.c.h; path = IDNTask.h; sourceTree = "<group>"; };
		947373211C498399009F5D02 /* IDNTask.m */ = {isa = PBXFileReference; fileEncoding = 4; lastKnownFileType = sourcecode.c.objc; path = IDNTask.m; sourceTree = "<group>"; };
		947373221C498399009F5D02 /* IDNUnreadManage.h */ = {isa = PBXFileReference; fileEncoding = 4; lastKnownFileType = sourcecode.c.h; path = IDNUnreadManage.h; sourceTree = "<group>"; };
		947373231C498399009F5D02 /* IDNUnreadManage.m */ = {isa = PBXFileReference; fileEncoding = 4; lastKnownFileType = sourcecode.c.objc; path = IDNUnreadManage.m; sourceTree = "<group>"; };
		947373251C498399009F5D02 /* IDNFileDownloader.h */ = {isa = PBXFileReference; fileEncoding = 4; lastKnownFileType = sourcecode.c.h; path = IDNFileDownloader.h; sourceTree = "<group>"; };
		947373261C498399009F5D02 /* IDNFileDownloader.m */ = {isa = PBXFileReference; fileEncoding = 4; lastKnownFileType = sourcecode.c.objc; path = IDNFileDownloader.m; sourceTree = "<group>"; };
		947373271C498399009F5D02 /* IDNNetwork.h */ = {isa = PBXFileReference; fileEncoding = 4; lastKnownFileType = sourcecode.c.h; path = IDNNetwork.h; sourceTree = "<group>"; };
		947373281C498399009F5D02 /* IDNNetwork.m */ = {isa = PBXFileReference; fileEncoding = 4; lastKnownFileType = sourcecode.c.objc; path = IDNNetwork.m; sourceTree = "<group>"; };
		947373291C498399009F5D02 /* IDNTaskQueue.h */ = {isa = PBXFileReference; fileEncoding = 4; lastKnownFileType = sourcecode.c.h; path = IDNTaskQueue.h; sourceTree = "<group>"; };
		9473732A1C498399009F5D02 /* IDNTaskQueue.m */ = {isa = PBXFileReference; fileEncoding = 4; lastKnownFileType = sourcecode.c.objc; path = IDNTaskQueue.m; sourceTree = "<group>"; };
		9473732B1C498399009F5D02 /* IDNFramework.h */ = {isa = PBXFileReference; fileEncoding = 4; lastKnownFileType = sourcecode.c.h; path = IDNFramework.h; sourceTree = "<group>"; };
		9473732D1C498399009F5D02 /* IDNActivityIndicator.h */ = {isa = PBXFileReference; fileEncoding = 4; lastKnownFileType = sourcecode.c.h; path = IDNActivityIndicator.h; sourceTree = "<group>"; };
		9473732E1C498399009F5D02 /* IDNActivityIndicator.m */ = {isa = PBXFileReference; fileEncoding = 4; lastKnownFileType = sourcecode.c.objc; path = IDNActivityIndicator.m; sourceTree = "<group>"; };
		9473732F1C498399009F5D02 /* IDNFrameView.h */ = {isa = PBXFileReference; fileEncoding = 4; lastKnownFileType = sourcecode.c.h; path = IDNFrameView.h; sourceTree = "<group>"; };
		947373301C498399009F5D02 /* IDNFrameView.m */ = {isa = PBXFileReference; fileEncoding = 4; lastKnownFileType = sourcecode.c.objc; path = IDNFrameView.m; sourceTree = "<group>"; };
		947373311C498399009F5D02 /* IDNGradientView.h */ = {isa = PBXFileReference; fileEncoding = 4; lastKnownFileType = sourcecode.c.h; path = IDNGradientView.h; sourceTree = "<group>"; };
		947373321C498399009F5D02 /* IDNGradientView.m */ = {isa = PBXFileReference; fileEncoding = 4; lastKnownFileType = sourcecode.c.objc; path = IDNGradientView.m; sourceTree = "<group>"; };
		947373331C498399009F5D02 /* IDNImagePickerController.h */ = {isa = PBXFileReference; fileEncoding = 4; lastKnownFileType = sourcecode.c.h; path = IDNImagePickerController.h; sourceTree = "<group>"; };
		947373341C498399009F5D02 /* IDNImagePickerController.m */ = {isa = PBXFileReference; fileEncoding = 4; lastKnownFileType = sourcecode.c.objc; path = IDNImagePickerController.m; sourceTree = "<group>"; };
		947373351C498399009F5D02 /* IDNInputHelperView.h */ = {isa = PBXFileReference; fileEncoding = 4; lastKnownFileType = sourcecode.c.h; path = IDNInputHelperView.h; sourceTree = "<group>"; };
		947373361C498399009F5D02 /* IDNInputHelperView.m */ = {isa = PBXFileReference; fileEncoding = 4; lastKnownFileType = sourcecode.c.objc; path = IDNInputHelperView.m; sourceTree = "<group>"; };
		947373371C498399009F5D02 /* IDNKit.h */ = {isa = PBXFileReference; fileEncoding = 4; lastKnownFileType = sourcecode.c.h; path = IDNKit.h; sourceTree = "<group>"; };
		947373381C498399009F5D02 /* IDNNavigationController.h */ = {isa = PBXFileReference; fileEncoding = 4; lastKnownFileType = sourcecode.c.h; path = IDNNavigationController.h; sourceTree = "<group>"; };
		947373391C498399009F5D02 /* IDNNavigationController.m */ = {isa = PBXFileReference; fileEncoding = 4; lastKnownFileType = sourcecode.c.objc; path = IDNNavigationController.m; sourceTree = "<group>"; };
		9473733A1C498399009F5D02 /* IDNPageController.h */ = {isa = PBXFileReference; fileEncoding = 4; lastKnownFileType = sourcecode.c.h; path = IDNPageController.h; sourceTree = "<group>"; };
		9473733B1C498399009F5D02 /* IDNPageController.m */ = {isa = PBXFileReference; fileEncoding = 4; lastKnownFileType = sourcecode.c.objc; path = IDNPageController.m; sourceTree = "<group>"; };
		9473733C1C498399009F5D02 /* IDNProgressView.h */ = {isa = PBXFileReference; fileEncoding = 4; lastKnownFileType = sourcecode.c.h; path = IDNProgressView.h; sourceTree = "<group>"; };
		9473733D1C498399009F5D02 /* IDNProgressView.m */ = {isa = PBXFileReference; fileEncoding = 4; lastKnownFileType = sourcecode.c.objc; path = IDNProgressView.m; sourceTree = "<group>"; };
		9473733E1C498399009F5D02 /* IDNRefreshControl.h */ = {isa = PBXFileReference; fileEncoding = 4; lastKnownFileType = sourcecode.c.h; path = IDNRefreshControl.h; sourceTree = "<group>"; };
		9473733F1C498399009F5D02 /* IDNRefreshControl.m */ = {isa = PBXFileReference; fileEncoding = 4; lastKnownFileType = sourcecode.c.objc; path = IDNRefreshControl.m; sourceTree = "<group>"; };
		947373401C498399009F5D02 /* IDNScanCodeView.h */ = {isa = PBXFileReference; fileEncoding = 4; lastKnownFileType = sourcecode.c.h; path = IDNScanCodeView.h; sourceTree = "<group>"; };
		947373411C498399009F5D02 /* IDNScanCodeView.m */ = {isa = PBXFileReference; fileEncoding = 4; lastKnownFileType = sourcecode.c.objc; path = IDNScanCodeView.m; sourceTree = "<group>"; };
		947373421C498399009F5D02 /* IDNTabBarController.h */ = {isa = PBXFileReference; fileEncoding = 4; lastKnownFileType = sourcecode.c.h; path = IDNTabBarController.h; sourceTree = "<group>"; };
		947373431C498399009F5D02 /* IDNTabBarController.m */ = {isa = PBXFileReference; fileEncoding = 4; lastKnownFileType = sourcecode.c.objc; path = IDNTabBarController.m; sourceTree = "<group>"; };
		947373441C498399009F5D02 /* IDNTapGestureShadowRecognizer.h */ = {isa = PBXFileReference; fileEncoding = 4; lastKnownFileType = sourcecode.c.h; path = IDNTapGestureShadowRecognizer.h; sourceTree = "<group>"; };
		947373451C498399009F5D02 /* IDNTapGestureShadowRecognizer.m */ = {isa = PBXFileReference; fileEncoding = 4; lastKnownFileType = sourcecode.c.objc; path = IDNTapGestureShadowRecognizer.m; sourceTree = "<group>"; };
		947373461C498399009F5D02 /* IDNViewController.h */ = {isa = PBXFileReference; fileEncoding = 4; lastKnownFileType = sourcecode.c.h; path = IDNViewController.h; sourceTree = "<group>"; };
		947373471C498399009F5D02 /* IDNViewController.m */ = {isa = PBXFileReference; fileEncoding = 4; lastKnownFileType = sourcecode.c.objc; path = IDNViewController.m; sourceTree = "<group>"; };
		947373491C498399009F5D02 /* IDNMainController.h */ = {isa = PBXFileReference; fileEncoding = 4; lastKnownFileType = sourcecode.c.h; path = IDNMainController.h; sourceTree = "<group>"; };
		9473734A1C498399009F5D02 /* IDNMainController.m */ = {isa = PBXFileReference; fileEncoding = 4; lastKnownFileType = sourcecode.c.objc; path = IDNMainController.m; sourceTree = "<group>"; };
		9473734B1C498399009F5D02 /* IDNSideMenuController.h */ = {isa = PBXFileReference; fileEncoding = 4; lastKnownFileType = sourcecode.c.h; path = IDNSideMenuController.h; sourceTree = "<group>"; };
		9473734C1C498399009F5D02 /* IDNSideMenuController.m */ = {isa = PBXFileReference; fileEncoding = 4; lastKnownFileType = sourcecode.c.objc; path = IDNSideMenuController.m; sourceTree = "<group>"; };
		9473734D1C498399009F5D02 /* IDNSplitMainController.h */ = {isa = PBXFileReference; fileEncoding = 4; lastKnownFileType = sourcecode.c.h; path = IDNSplitMainController.h; sourceTree = "<group>"; };
		9473734E1C498399009F5D02 /* IDNSplitMainController.m */ = {isa = PBXFileReference; fileEncoding = 4; lastKnownFileType = sourcecode.c.objc; path = IDNSplitMainController.m; sourceTree = "<group>"; };
		9473734F1C498399009F5D02 /* IDNTopTabController.h */ = {isa = PBXFileReference; fileEncoding = 4; lastKnownFileType = sourcecode.c.h; path = IDNTopTabController.h; sourceTree = "<group>"; };
		947373501C498399009F5D02 /* IDNTopTabController.m */ = {isa = PBXFileReference; fileEncoding = 4; lastKnownFileType = sourcecode.c.objc; path = IDNTopTabController.m; sourceTree = "<group>"; };
		947373511C498399009F5D02 /* IDNTouchGestureRecognizer.h */ = {isa = PBXFileReference; fileEncoding = 4; lastKnownFileType = sourcecode.c.h; path = IDNTouchGestureRecognizer.h; sourceTree = "<group>"; };
		947373521C498399009F5D02 /* IDNTouchGestureRecognizer.m */ = {isa = PBXFileReference; fileEncoding = 4; lastKnownFileType = sourcecode.c.objc; path = IDNTouchGestureRecognizer.m; sourceTree = "<group>"; };
		947373571C498399009F5D02 /* UIAlertView+IDN.h */ = {isa = PBXFileReference; fileEncoding = 4; lastKnownFileType = sourcecode.c.h; path = "UIAlertView+IDN.h"; sourceTree = "<group>"; };
		947373581C498399009F5D02 /* UIAlertView+IDN.m */ = {isa = PBXFileReference; fileEncoding = 4; lastKnownFileType = sourcecode.c.objc; path = "UIAlertView+IDN.m"; sourceTree = "<group>"; };
		947373591C498399009F5D02 /* UIApplication+IDNExt.h */ = {isa = PBXFileReference; fileEncoding = 4; lastKnownFileType = sourcecode.c.h; path = "UIApplication+IDNExt.h"; sourceTree = "<group>"; };
		9473735A1C498399009F5D02 /* UIApplication+IDNExt.m */ = {isa = PBXFileReference; fileEncoding = 4; lastKnownFileType = sourcecode.c.objc; path = "UIApplication+IDNExt.m"; sourceTree = "<group>"; };
		9473735B1C498399009F5D02 /* UIBezierPath+IDNExtend.h */ = {isa = PBXFileReference; fileEncoding = 4; lastKnownFileType = sourcecode.c.h; path = "UIBezierPath+IDNExtend.h"; sourceTree = "<group>"; };
		9473735C1C498399009F5D02 /* UIBezierPath+IDNExtend.m */ = {isa = PBXFileReference; fileEncoding = 4; lastKnownFileType = sourcecode.c.objc; path = "UIBezierPath+IDNExtend.m"; sourceTree = "<group>"; };
		9473735D1C498399009F5D02 /* UIButton+IDNColor.h */ = {isa = PBXFileReference; fileEncoding = 4; lastKnownFileType = sourcecode.c.h; path = "UIButton+IDNColor.h"; sourceTree = "<group>"; };
		9473735E1C498399009F5D02 /* UIButton+IDNColor.m */ = {isa = PBXFileReference; fileEncoding = 4; lastKnownFileType = sourcecode.c.objc; path = "UIButton+IDNColor.m"; sourceTree = "<group>"; };
		9473735F1C498399009F5D02 /* UIColor+IDN.h */ = {isa = PBXFileReference; fileEncoding = 4; lastKnownFileType = sourcecode.c.h; path = "UIColor+IDN.h"; sourceTree = "<group>"; };
		947373601C498399009F5D02 /* UIColor+IDN.m */ = {isa = PBXFileReference; fileEncoding = 4; lastKnownFileType = sourcecode.c.objc; path = "UIColor+IDN.m"; sourceTree = "<group>"; };
		947373611C498399009F5D02 /* UIDevice+IDN.h */ = {isa = PBXFileReference; fileEncoding = 4; lastKnownFileType = sourcecode.c.h; path = "UIDevice+IDN.h"; sourceTree = "<group>"; };
		947373621C498399009F5D02 /* UIDevice+IDN.m */ = {isa = PBXFileReference; fileEncoding = 4; lastKnownFileType = sourcecode.c.objc; path = "UIDevice+IDN.m"; sourceTree = "<group>"; };
		947373631C498399009F5D02 /* UIImage+IDNExtend.h */ = {isa = PBXFileReference; fileEncoding = 4; lastKnownFileType = sourcecode.c.h; path = "UIImage+IDNExtend.h"; sourceTree = "<group>"; };
		947373641C498399009F5D02 /* UIImage+IDNExtend.m */ = {isa = PBXFileReference; fileEncoding = 4; lastKnownFileType = sourcecode.c.objc; path = "UIImage+IDNExtend.m"; sourceTree = "<group>"; };
		947373651C498399009F5D02 /* UIKitIDNCategories.h */ = {isa = PBXFileReference; fileEncoding = 4; lastKnownFileType = sourcecode.c.h; path = UIKitIDNCategories.h; sourceTree = "<group>"; };
		947373661C498399009F5D02 /* UIPickerView+IDNPickDate.h */ = {isa = PBXFileReference; fileEncoding = 4; lastKnownFileType = sourcecode.c.h; path = "UIPickerView+IDNPickDate.h"; sourceTree = "<group>"; };
		947373671C498399009F5D02 /* UIPickerView+IDNPickDate.m */ = {isa = PBXFileReference; fileEncoding = 4; lastKnownFileType = sourcecode.c.objc; path = "UIPickerView+IDNPickDate.m"; sourceTree = "<group>"; };
		947373681C498399009F5D02 /* UIPickerView+IDNTap.h */ = {isa = PBXFileReference; fileEncoding = 4; lastKnownFileType = sourcecode.c.h; path = "UIPickerView+IDNTap.h"; sourceTree = "<group>"; };
		947373691C498399009F5D02 /* UIPickerView+IDNTap.m */ = {isa = PBXFileReference; fileEncoding = 4; lastKnownFileType = sourcecode.c.objc; path = "UIPickerView+IDNTap.m"; sourceTree = "<group>"; };
		9473736A1C498399009F5D02 /* UIResponder+IDNExt.h */ = {isa = PBXFileReference; fileEncoding = 4; lastKnownFileType = sourcecode.c.h; path = "UIResponder+IDNExt.h"; sourceTree = "<group>"; };
		9473736B1C498399009F5D02 /* UIResponder+IDNExt.m */ = {isa = PBXFileReference; fileEncoding = 4; lastKnownFileType = sourcecode.c.objc; path = "UIResponder+IDNExt.m"; sourceTree = "<group>"; };
		9473736C1C498399009F5D02 /* UIScreen+IDNExtend.h */ = {isa = PBXFileReference; fileEncoding = 4; lastKnownFileType = sourcecode.c.h; path = "UIScreen+IDNExtend.h"; sourceTree = "<group>"; };
		9473736D1C498399009F5D02 /* UIScreen+IDNExtend.m */ = {isa = PBXFileReference; fileEncoding = 4; lastKnownFileType = sourcecode.c.objc; path = "UIScreen+IDNExtend.m"; sourceTree = "<group>"; };
		9473736E1C498399009F5D02 /* UITabBar+IDNRedPoint.h */ = {isa = PBXFileReference; fileEncoding = 4; lastKnownFileType = sourcecode.c.h; path = "UITabBar+IDNRedPoint.h"; sourceTree = "<group>"; };
		9473736F1C498399009F5D02 /* UITabBar+IDNRedPoint.m */ = {isa = PBXFileReference; fileEncoding = 4; lastKnownFileType = sourcecode.c.objc; path = "UITabBar+IDNRedPoint.m"; sourceTree = "<group>"; };
		947373701C498399009F5D02 /* UITextField+IDNExt.h */ = {isa = PBXFileReference; fileEncoding = 4; lastKnownFileType = sourcecode.c.h; path = "UITextField+IDNExt.h"; sourceTree = "<group>"; };
		947373711C498399009F5D02 /* UITextField+IDNExt.m */ = {isa = PBXFileReference; fileEncoding = 4; lastKnownFileType = sourcecode.c.objc; path = "UITextField+IDNExt.m"; sourceTree = "<group>"; };
		947373721C498399009F5D02 /* UITextView+IDNExt.h */ = {isa = PBXFileReference; fileEncoding = 4; lastKnownFileType = sourcecode.c.h; path = "UITextView+IDNExt.h"; sourceTree = "<group>"; };
		947373731C498399009F5D02 /* UITextView+IDNExt.m */ = {isa = PBXFileReference; fileEncoding = 4; lastKnownFileType = sourcecode.c.objc; path = "UITextView+IDNExt.m"; sourceTree = "<group>"; };
		947373741C498399009F5D02 /* UIView+IDNCountBadge.h */ = {isa = PBXFileReference; fileEncoding = 4; lastKnownFileType = sourcecode.c.h; path = "UIView+IDNCountBadge.h"; sourceTree = "<group>"; };
		947373751C498399009F5D02 /* UIView+IDNCountBadge.m */ = {isa = PBXFileReference; fileEncoding = 4; lastKnownFileType = sourcecode.c.objc; path = "UIView+IDNCountBadge.m"; sourceTree = "<group>"; };
		947373761C498399009F5D02 /* UIView+IDNExtend.h */ = {isa = PBXFileReference; fileEncoding = 4; lastKnownFileType = sourcecode.c.h; path = "UIView+IDNExtend.h"; sourceTree = "<group>"; };
		947373771C498399009F5D02 /* UIView+IDNExtend.m */ = {isa = PBXFileReference; fileEncoding = 4; lastKnownFileType = sourcecode.c.objc; path = "UIView+IDNExtend.m"; sourceTree = "<group>"; };
		947373781C498399009F5D02 /* UIView+IDNKeyboard.h */ = {isa = PBXFileReference; fileEncoding = 4; lastKnownFileType = sourcecode.c.h; path = "UIView+IDNKeyboard.h"; sourceTree = "<group>"; };
		947373791C498399009F5D02 /* UIView+IDNKeyboard.m */ = {isa = PBXFileReference; fileEncoding = 4; lastKnownFileType = sourcecode.c.objc; path = "UIView+IDNKeyboard.m"; sourceTree = "<group>"; };
		9473737A1C498399009F5D02 /* UIView+IDNZoom.h */ = {isa = PBXFileReference; fileEncoding = 4; lastKnownFileType = sourcecode.c.h; path = "UIView+IDNZoom.h"; sourceTree = "<group>"; };
		9473737B1C498399009F5D02 /* UIView+IDNZoom.m */ = {isa = PBXFileReference; fileEncoding = 4; lastKnownFileType = sourcecode.c.objc; path = "UIView+IDNZoom.m"; sourceTree = "<group>"; };
		9473737C1C498399009F5D02 /* UIViewController+IDNOrientation.h */ = {isa = PBXFileReference; fileEncoding = 4; lastKnownFileType = sourcecode.c.h; path = "UIViewController+IDNOrientation.h"; sourceTree = "<group>"; };
		9473737D1C498399009F5D02 /* UIViewController+IDNOrientation.m */ = {isa = PBXFileReference; fileEncoding = 4; lastKnownFileType = sourcecode.c.objc; path = "UIViewController+IDNOrientation.m"; sourceTree = "<group>"; };
		9473737E1C498399009F5D02 /* UIViewController+IDNPresentationStack.h */ = {isa = PBXFileReference; fileEncoding = 4; lastKnownFileType = sourcecode.c.h; path = "UIViewController+IDNPresentationStack.h"; sourceTree = "<group>"; };
		9473737F1C498399009F5D02 /* UIViewController+IDNPresentationStack.m */ = {isa = PBXFileReference; fileEncoding = 4; lastKnownFileType = sourcecode.c.objc; path = "UIViewController+IDNPresentationStack.m"; sourceTree = "<group>"; };
		947373801C498399009F5D02 /* UIViewController+IDNPrompt.h */ = {isa = PBXFileReference; fileEncoding = 4; lastKnownFileType = sourcecode.c.h; path = "UIViewController+IDNPrompt.h"; sourceTree = "<group>"; };
		947373811C498399009F5D02 /* UIViewController+IDNPrompt.m */ = {isa = PBXFileReference; fileEncoding = 4; lastKnownFileType = sourcecode.c.objc; path = "UIViewController+IDNPrompt.m"; sourceTree = "<group>"; };
		947373821C498399009F5D02 /* UIViewController+IDNScreenAdapt.h */ = {isa = PBXFileReference; fileEncoding = 4; lastKnownFileType = sourcecode.c.h; path = "UIViewController+IDNScreenAdapt.h"; sourceTree = "<group>"; };
		947373831C498399009F5D02 /* UIViewController+IDNScreenAdapt.m */ = {isa = PBXFileReference; fileEncoding = 4; lastKnownFileType = sourcecode.c.objc; path = "UIViewController+IDNScreenAdapt.m"; sourceTree = "<group>"; };
		947373841C498399009F5D02 /* UIViewController+IDNStatusBar.h */ = {isa = PBXFileReference; fileEncoding = 4; lastKnownFileType = sourcecode.c.h; path = "UIViewController+IDNStatusBar.h"; sourceTree = "<group>"; };
		947373851C498399009F5D02 /* UIViewController+IDNStatusBar.m */ = {isa = PBXFileReference; fileEncoding = 4; lastKnownFileType = sourcecode.c.objc; path = "UIViewController+IDNStatusBar.m"; sourceTree = "<group>"; };
		947373861C498399009F5D02 /* UIViewController+IDNTransition.h */ = {isa = PBXFileReference; fileEncoding = 4; lastKnownFileType = sourcecode.c.h; path = "UIViewController+IDNTransition.h"; sourceTree = "<group>"; };
		947373871C498399009F5D02 /* UIViewController+IDNTransition.m */ = {isa = PBXFileReference; fileEncoding = 4; lastKnownFileType = sourcecode.c.objc; path = "UIViewController+IDNTransition.m"; sourceTree = "<group>"; };
		947373881C498399009F5D02 /* UIWindow+IDNExt.h */ = {isa = PBXFileReference; fileEncoding = 4; lastKnownFileType = sourcecode.c.h; path = "UIWindow+IDNExt.h"; sourceTree = "<group>"; };
		947373891C498399009F5D02 /* UIWindow+IDNExt.m */ = {isa = PBXFileReference; fileEncoding = 4; lastKnownFileType = sourcecode.c.objc; path = "UIWindow+IDNExt.m"; sourceTree = "<group>"; };
		94AA6DF71B38077E00778B21 /* IDNFileCacheTest.m */ = {isa = PBXFileReference; fileEncoding = 4; lastKnownFileType = sourcecode.c.objc; path = IDNFileCacheTest.m; sourceTree = "<group>"; };
/* End PBXFileReference section */

/* Begin PBXFrameworksBuildPhase section */
		9439961C1C0E8A9F00596FB6 /* Frameworks */ = {
			isa = PBXFrameworksBuildPhase;
			buildActionMask = 2147483647;
			files = (
			);
			runOnlyForDeploymentPostprocessing = 0;
		};
		945DB67B1AD8FC8800C13526 /* Frameworks */ = {
			isa = PBXFrameworksBuildPhase;
			buildActionMask = 2147483647;
			files = (
			);
			runOnlyForDeploymentPostprocessing = 0;
		};
		945DB6871AD8FC8800C13526 /* Frameworks */ = {
			isa = PBXFrameworksBuildPhase;
			buildActionMask = 2147483647;
			files = (
				945DB68B1AD8FC8800C13526 /* IDNFramework.framework in Frameworks */,
			);
			runOnlyForDeploymentPostprocessing = 0;
		};
/* End PBXFrameworksBuildPhase section */

/* Begin PBXGroup section */
		943996201C0E8A9F00596FB6 /* IDNKitSample */ = {
			isa = PBXGroup;
			children = (
				943996241C0E8A9F00596FB6 /* AppDelegate.h */,
				943996251C0E8A9F00596FB6 /* AppDelegate.m */,
				943996271C0E8A9F00596FB6 /* ViewController.h */,
				943996281C0E8A9F00596FB6 /* ViewController.m */,
				9439962A1C0E8A9F00596FB6 /* Main.storyboard */,
				9439962D1C0E8A9F00596FB6 /* Assets.xcassets */,
				9439962F1C0E8A9F00596FB6 /* LaunchScreen.storyboard */,
				943996321C0E8A9F00596FB6 /* Info.plist */,
				943996211C0E8A9F00596FB6 /* Supporting Files */,
			);
			path = IDNKitSample;
			sourceTree = "<group>";
		};
		943996211C0E8A9F00596FB6 /* Supporting Files */ = {
			isa = PBXGroup;
			children = (
				943996221C0E8A9F00596FB6 /* main.m */,
			);
			name = "Supporting Files";
			sourceTree = "<group>";
		};
		945DB6751AD8FC8800C13526 = {
			isa = PBXGroup;
			children = (
				945DB6811AD8FC8800C13526 /* IDNFramework */,
				945DB68E1AD8FC8800C13526 /* IDNFrameworkTests */,
				943996201C0E8A9F00596FB6 /* IDNKitSample */,
				945DB6801AD8FC8800C13526 /* Products */,
			);
			sourceTree = "<group>";
		};
		945DB6801AD8FC8800C13526 /* Products */ = {
			isa = PBXGroup;
			children = (
				945DB67F1AD8FC8800C13526 /* IDNFramework.framework */,
				945DB68A1AD8FC8800C13526 /* IDNFrameworkTests.xctest */,
				9439961F1C0E8A9F00596FB6 /* IDNKitSample.app */,
			);
			name = Products;
			sourceTree = "<group>";
		};
		945DB6811AD8FC8800C13526 /* IDNFramework */ = {
			isa = PBXGroup;
			children = (
				947372DE1C498399009F5D02 /* IDNFramework */,
				945DB6821AD8FC8800C13526 /* Supporting Files */,
			);
			path = IDNFramework;
			sourceTree = "<group>";
		};
		945DB6821AD8FC8800C13526 /* Supporting Files */ = {
			isa = PBXGroup;
			children = (
				945DB6831AD8FC8800C13526 /* Info.plist */,
			);
			name = "Supporting Files";
			sourceTree = "<group>";
		};
		945DB68E1AD8FC8800C13526 /* IDNFrameworkTests */ = {
			isa = PBXGroup;
			children = (
				94AA6DF61B38077E00778B21 /* IDNFoundationTest */,
				945DB68F1AD8FC8800C13526 /* Supporting Files */,
			);
			path = IDNFrameworkTests;
			sourceTree = "<group>";
		};
		945DB68F1AD8FC8800C13526 /* Supporting Files */ = {
			isa = PBXGroup;
			children = (
				945DB6901AD8FC8800C13526 /* Info.plist */,
			);
			name = "Supporting Files";
			sourceTree = "<group>";
		};
		947372DE1C498399009F5D02 /* IDNFramework */ = {
			isa = PBXGroup;
			children = (
				947372DF1C498399009F5D02 /* deprecated */,
				947372EC1C498399009F5D02 /* FoundationIDNCategories */,
				9473730A1C498399009F5D02 /* IDNFoundation */,
				947373241C498399009F5D02 /* IDNFoundationEx */,
				9473732B1C498399009F5D02 /* IDNFramework.h */,
				9473732C1C498399009F5D02 /* IDNKit */,
				947373481C498399009F5D02 /* IDNKitEx */,
				947373561C498399009F5D02 /* UIKitIDNCategories */,
			);
			path = IDNFramework;
			sourceTree = "<group>";
		};
		947372DF1C498399009F5D02 /* deprecated */ = {
			isa = PBXGroup;
			children = (
				947372E01C498399009F5D02 /* IDNAsyncTask.h */,
				947372E11C498399009F5D02 /* IDNAsyncTask.m */,
				947372E21C498399009F5D02 /* IDNColorButton.h */,
				947372E31C498399009F5D02 /* IDNColorButton.m */,
				947372E41C498399009F5D02 /* IDNListItemCenter.h */,
				947372E51C498399009F5D02 /* IDNListItemCenter.m */,
				947372E61C498399009F5D02 /* IDNSearchBar.h */,
				947372E71C498399009F5D02 /* IDNSearchBar.m */,
				947372E81C498399009F5D02 /* SegmentQuery.h */,
				947372E91C498399009F5D02 /* SegmentQuery.m */,
				947372EA1C498399009F5D02 /* UINavigationController+IDNNavBarHidden.h */,
				947372EB1C498399009F5D02 /* UINavigationController+IDNNavBarHidden.m */,
			);
			path = deprecated;
			sourceTree = "<group>";
		};
		947372EC1C498399009F5D02 /* FoundationIDNCategories */ = {
			isa = PBXGroup;
			children = (
				947372ED1C498399009F5D02 /* FoundationIDNCategories.h */,
				947372EE1C498399009F5D02 /* NSArray+IDN.h */,
				947372EF1C498399009F5D02 /* NSArray+IDN.m */,
				947372F01C498399009F5D02 /* NSData+IDNExtend.h */,
				947372F11C498399009F5D02 /* NSData+IDNExtend.m */,
				947372F21C498399009F5D02 /* NSDate+IDNExtend.h */,
				947372F31C498399009F5D02 /* NSDate+IDNExtend.m */,
				947372F41C498399009F5D02 /* NSDictionary+IDNExtend.h */,
				947372F51C498399009F5D02 /* NSDictionary+IDNExtend.m */,
				947372F61C498399009F5D02 /* NSError+IDNExtend.h */,
				947372F71C498399009F5D02 /* NSError+IDNExtend.m */,
				947372F81C498399009F5D02 /* NSFileManager+IDNExtend.h */,
				947372F91C498399009F5D02 /* NSFileManager+IDNExtend.m */,
				947372FA1C498399009F5D02 /* NSObject+IDNCustomObject.h */,
				947372FB1C498399009F5D02 /* NSObject+IDNCustomObject.m */,
				947372FC1C498399009F5D02 /* NSObject+IDNDeallocBlock.h */,
				947372FD1C498399009F5D02 /* NSObject+IDNDeallocBlock.m */,
				947372FE1C498399009F5D02 /* NSObject+IDNEventHandle.h */,
				947372FF1C498399009F5D02 /* NSObject+IDNEventHandle.m */,
				947373001C498399009F5D02 /* NSObject+IDNNotice.h */,
				947373011C498399009F5D02 /* NSObject+IDNNotice.m */,
				947373021C498399009F5D02 /* NSObject+IDNPerformSelector.h */,
				947373031C498399009F5D02 /* NSObject+IDNPerformSelector.m */,
				947373041C498399009F5D02 /* NSPointerArray+IDNExtend.h */,
				947373051C498399009F5D02 /* NSPointerArray+IDNExtend.m */,
				947373061C498399009F5D02 /* NSString+IDNExtend.h */,
				947373071C498399009F5D02 /* NSString+IDNExtend.m */,
				947373081C498399009F5D02 /* NSTimer+IDNWeakTarget.h */,
				947373091C498399009F5D02 /* NSTimer+IDNWeakTarget.m */,
			);
			path = FoundationIDNCategories;
			sourceTree = "<group>";
		};
		9473730A1C498399009F5D02 /* IDNFoundation */ = {
			isa = PBXGroup;
			children = (
				9473730B1C498399009F5D02 /* IDNAutoPersist.h */,
				9473730C1C498399009F5D02 /* IDNAutoPersist.m */,
				9473730D1C498399009F5D02 /* IDNConfigFile.h */,
				9473730E1C498399009F5D02 /* IDNConfigFile.m */,
				9473730F1C498399009F5D02 /* IDNFileCache.h */,
				947373101C498399009F5D02 /* IDNFileCache.m */,
				947373111C498399009F5D02 /* IDNFixedList.h */,
				947373121C498399009F5D02 /* IDNFixedList.m */,
				947373131C498399009F5D02 /* IDNFoundation.h */,
				947373141C498399009F5D02 /* IDNItemCenter.h */,
				947373151C498399009F5D02 /* IDNItemCenter.m */,
				947373161C498399009F5D02 /* IDNNetFileUpdater.h */,
				947373171C498399009F5D02 /* IDNNetFileUpdater.m */,
				947373181C498399009F5D02 /* IDNNotificationCenter.h */,
				947373191C498399009F5D02 /* IDNNotificationCenter.m */,
				9473731A1C498399009F5D02 /* IDNPageList.h */,
				9473731B1C498399009F5D02 /* IDNPageList.m */,
				9473731C1C498399009F5D02 /* IDNResultList.h */,
				9473731D1C498399009F5D02 /* IDNResultList.m */,
				9473731E1C498399009F5D02 /* IDNSegList.h */,
				9473731F1C498399009F5D02 /* IDNSegList.m */,
				947373201C498399009F5D02 /* IDNTask.h */,
				947373211C498399009F5D02 /* IDNTask.m */,
				947373221C498399009F5D02 /* IDNUnreadManage.h */,
				947373231C498399009F5D02 /* IDNUnreadManage.m */,
			);
			path = IDNFoundation;
			sourceTree = "<group>";
		};
		947373241C498399009F5D02 /* IDNFoundationEx */ = {
			isa = PBXGroup;
			children = (
				947373251C498399009F5D02 /* IDNFileDownloader.h */,
				947373261C498399009F5D02 /* IDNFileDownloader.m */,
				947373271C498399009F5D02 /* IDNNetwork.h */,
				947373281C498399009F5D02 /* IDNNetwork.m */,
				947373291C498399009F5D02 /* IDNTaskQueue.h */,
				9473732A1C498399009F5D02 /* IDNTaskQueue.m */,
			);
			path = IDNFoundationEx;
			sourceTree = "<group>";
		};
		9473732C1C498399009F5D02 /* IDNKit */ = {
			isa = PBXGroup;
			children = (
				9473732D1C498399009F5D02 /* IDNActivityIndicator.h */,
				9473732E1C498399009F5D02 /* IDNActivityIndicator.m */,
				9473732F1C498399009F5D02 /* IDNFrameView.h */,
				947373301C498399009F5D02 /* IDNFrameView.m */,
				947373311C498399009F5D02 /* IDNGradientView.h */,
				947373321C498399009F5D02 /* IDNGradientView.m */,
				947373331C498399009F5D02 /* IDNImagePickerController.h */,
				947373341C498399009F5D02 /* IDNImagePickerController.m */,
				947373351C498399009F5D02 /* IDNInputHelperView.h */,
				947373361C498399009F5D02 /* IDNInputHelperView.m */,
				947373371C498399009F5D02 /* IDNKit.h */,
				947373381C498399009F5D02 /* IDNNavigationController.h */,
				947373391C498399009F5D02 /* IDNNavigationController.m */,
				9473733A1C498399009F5D02 /* IDNPageController.h */,
				9473733B1C498399009F5D02 /* IDNPageController.m */,
				9473733C1C498399009F5D02 /* IDNProgressView.h */,
				9473733D1C498399009F5D02 /* IDNProgressView.m */,
				9473733E1C498399009F5D02 /* IDNRefreshControl.h */,
				9473733F1C498399009F5D02 /* IDNRefreshControl.m */,
				947373401C498399009F5D02 /* IDNScanCodeView.h */,
				947373411C498399009F5D02 /* IDNScanCodeView.m */,
				947373421C498399009F5D02 /* IDNTabBarController.h */,
				947373431C498399009F5D02 /* IDNTabBarController.m */,
				947373441C498399009F5D02 /* IDNTapGestureShadowRecognizer.h */,
				947373451C498399009F5D02 /* IDNTapGestureShadowRecognizer.m */,
				947373461C498399009F5D02 /* IDNViewController.h */,
				947373471C498399009F5D02 /* IDNViewController.m */,
			);
			path = IDNKit;
			sourceTree = "<group>";
		};
		947373481C498399009F5D02 /* IDNKitEx */ = {
			isa = PBXGroup;
			children = (
				947373491C498399009F5D02 /* IDNMainController.h */,
				9473734A1C498399009F5D02 /* IDNMainController.m */,
				9473734B1C498399009F5D02 /* IDNSideMenuController.h */,
				9473734C1C498399009F5D02 /* IDNSideMenuController.m */,
				9473734D1C498399009F5D02 /* IDNSplitMainController.h */,
				9473734E1C498399009F5D02 /* IDNSplitMainController.m */,
				9473734F1C498399009F5D02 /* IDNTopTabController.h */,
				947373501C498399009F5D02 /* IDNTopTabController.m */,
				947373511C498399009F5D02 /* IDNTouchGestureRecognizer.h */,
				947373521C498399009F5D02 /* IDNTouchGestureRecognizer.m */,
			);
			path = IDNKitEx;
			sourceTree = "<group>";
		};
		947373561C498399009F5D02 /* UIKitIDNCategories */ = {
			isa = PBXGroup;
			children = (
				947373571C498399009F5D02 /* UIAlertView+IDN.h */,
				947373581C498399009F5D02 /* UIAlertView+IDN.m */,
				947373591C498399009F5D02 /* UIApplication+IDNExt.h */,
				9473735A1C498399009F5D02 /* UIApplication+IDNExt.m */,
				9473735B1C498399009F5D02 /* UIBezierPath+IDNExtend.h */,
				9473735C1C498399009F5D02 /* UIBezierPath+IDNExtend.m */,
				9473735D1C498399009F5D02 /* UIButton+IDNColor.h */,
				9473735E1C498399009F5D02 /* UIButton+IDNColor.m */,
				9473735F1C498399009F5D02 /* UIColor+IDN.h */,
				947373601C498399009F5D02 /* UIColor+IDN.m */,
				947373611C498399009F5D02 /* UIDevice+IDN.h */,
				947373621C498399009F5D02 /* UIDevice+IDN.m */,
				947373631C498399009F5D02 /* UIImage+IDNExtend.h */,
				947373641C498399009F5D02 /* UIImage+IDNExtend.m */,
				947373651C498399009F5D02 /* UIKitIDNCategories.h */,
				947373661C498399009F5D02 /* UIPickerView+IDNPickDate.h */,
				947373671C498399009F5D02 /* UIPickerView+IDNPickDate.m */,
				947373681C498399009F5D02 /* UIPickerView+IDNTap.h */,
				947373691C498399009F5D02 /* UIPickerView+IDNTap.m */,
				9473736A1C498399009F5D02 /* UIResponder+IDNExt.h */,
				9473736B1C498399009F5D02 /* UIResponder+IDNExt.m */,
				9473736C1C498399009F5D02 /* UIScreen+IDNExtend.h */,
				9473736D1C498399009F5D02 /* UIScreen+IDNExtend.m */,
				9473736E1C498399009F5D02 /* UITabBar+IDNRedPoint.h */,
				9473736F1C498399009F5D02 /* UITabBar+IDNRedPoint.m */,
				947373701C498399009F5D02 /* UITextField+IDNExt.h */,
				947373711C498399009F5D02 /* UITextField+IDNExt.m */,
				947373721C498399009F5D02 /* UITextView+IDNExt.h */,
				947373731C498399009F5D02 /* UITextView+IDNExt.m */,
				947373741C498399009F5D02 /* UIView+IDNCountBadge.h */,
				947373751C498399009F5D02 /* UIView+IDNCountBadge.m */,
				947373761C498399009F5D02 /* UIView+IDNExtend.h */,
				947373771C498399009F5D02 /* UIView+IDNExtend.m */,
				947373781C498399009F5D02 /* UIView+IDNKeyboard.h */,
				947373791C498399009F5D02 /* UIView+IDNKeyboard.m */,
				9473737A1C498399009F5D02 /* UIView+IDNZoom.h */,
				9473737B1C498399009F5D02 /* UIView+IDNZoom.m */,
				9473737C1C498399009F5D02 /* UIViewController+IDNOrientation.h */,
				9473737D1C498399009F5D02 /* UIViewController+IDNOrientation.m */,
				9473737E1C498399009F5D02 /* UIViewController+IDNPresentationStack.h */,
				9473737F1C498399009F5D02 /* UIViewController+IDNPresentationStack.m */,
				947373801C498399009F5D02 /* UIViewController+IDNPrompt.h */,
				947373811C498399009F5D02 /* UIViewController+IDNPrompt.m */,
				947373821C498399009F5D02 /* UIViewController+IDNScreenAdapt.h */,
				947373831C498399009F5D02 /* UIViewController+IDNScreenAdapt.m */,
				947373841C498399009F5D02 /* UIViewController+IDNStatusBar.h */,
				947373851C498399009F5D02 /* UIViewController+IDNStatusBar.m */,
				947373861C498399009F5D02 /* UIViewController+IDNTransition.h */,
				947373871C498399009F5D02 /* UIViewController+IDNTransition.m */,
				947373881C498399009F5D02 /* UIWindow+IDNExt.h */,
				947373891C498399009F5D02 /* UIWindow+IDNExt.m */,
			);
			path = UIKitIDNCategories;
			sourceTree = "<group>";
		};
		94AA6DF61B38077E00778B21 /* IDNFoundationTest */ = {
			isa = PBXGroup;
			children = (
				94AA6DF71B38077E00778B21 /* IDNFileCacheTest.m */,
			);
			path = IDNFoundationTest;
			sourceTree = "<group>";
		};
/* End PBXGroup section */

/* Begin PBXHeadersBuildPhase section */
		945DB67C1AD8FC8800C13526 /* Headers */ = {
			isa = PBXHeadersBuildPhase;
			buildActionMask = 2147483647;
			files = (
				947373B51C498399009F5D02 /* IDNConfigFile.h in Headers */,
				947374191C498399009F5D02 /* UIView+IDNExtend.h in Headers */,
				9473741F1C498399009F5D02 /* UIViewController+IDNOrientation.h in Headers */,
				947373E21C498399009F5D02 /* IDNProgressView.h in Headers */,
				947373BB1C498399009F5D02 /* IDNFoundation.h in Headers */,
				947373A31C498399009F5D02 /* NSObject+IDNCustomObject.h in Headers */,
				947373E41C498399009F5D02 /* IDNRefreshControl.h in Headers */,
				947373DE1C498399009F5D02 /* IDNNavigationController.h in Headers */,
				947373A91C498399009F5D02 /* NSObject+IDNNotice.h in Headers */,
				947374081C498399009F5D02 /* UIKitIDNCategories.h in Headers */,
				947373BE1C498399009F5D02 /* IDNNetFileUpdater.h in Headers */,
				947373F21C498399009F5D02 /* IDNSplitMainController.h in Headers */,
				947373FC1C498399009F5D02 /* UIApplication+IDNExt.h in Headers */,
				947374021C498399009F5D02 /* UIColor+IDN.h in Headers */,
				947373F61C498399009F5D02 /* IDNTouchGestureRecognizer.h in Headers */,
				947373DD1C498399009F5D02 /* IDNKit.h in Headers */,
				947373CC1C498399009F5D02 /* IDNFileDownloader.h in Headers */,
				947373A11C498399009F5D02 /* NSFileManager+IDNExtend.h in Headers */,
				947374001C498399009F5D02 /* UIButton+IDNColor.h in Headers */,
				9473741B1C498399009F5D02 /* UIView+IDNKeyboard.h in Headers */,
				947374251C498399009F5D02 /* UIViewController+IDNScreenAdapt.h in Headers */,
				9473740B1C498399009F5D02 /* UIPickerView+IDNTap.h in Headers */,
				947373EC1C498399009F5D02 /* IDNViewController.h in Headers */,
				947373BC1C498399009F5D02 /* IDNItemCenter.h in Headers */,
				947374231C498399009F5D02 /* UIViewController+IDNPrompt.h in Headers */,
				947373A51C498399009F5D02 /* NSObject+IDNDeallocBlock.h in Headers */,
				947374211C498399009F5D02 /* UIViewController+IDNPresentationStack.h in Headers */,
				947373AD1C498399009F5D02 /* NSPointerArray+IDNExtend.h in Headers */,
				947374291C498399009F5D02 /* UIViewController+IDNTransition.h in Headers */,
				947373FA1C498399009F5D02 /* UIAlertView+IDN.h in Headers */,
				947374111C498399009F5D02 /* UITabBar+IDNRedPoint.h in Headers */,
				947374131C498399009F5D02 /* UITextField+IDNExt.h in Headers */,
				947373B11C498399009F5D02 /* NSTimer+IDNWeakTarget.h in Headers */,
				947373D01C498399009F5D02 /* IDNTaskQueue.h in Headers */,
				947374171C498399009F5D02 /* UIView+IDNCountBadge.h in Headers */,
				947373CE1C498399009F5D02 /* IDNNetwork.h in Headers */,
				947374041C498399009F5D02 /* UIDevice+IDN.h in Headers */,
				9473739D1C498399009F5D02 /* NSDictionary+IDNExtend.h in Headers */,
				947373C21C498399009F5D02 /* IDNPageList.h in Headers */,
				947373941C498399009F5D02 /* UINavigationController+IDNNavBarHidden.h in Headers */,
				947373971C498399009F5D02 /* NSArray+IDN.h in Headers */,
				9473738C1C498399009F5D02 /* IDNColorButton.h in Headers */,
				947373EE1C498399009F5D02 /* IDNMainController.h in Headers */,
				947373F01C498399009F5D02 /* IDNSideMenuController.h in Headers */,
				947373B71C498399009F5D02 /* IDNFileCache.h in Headers */,
				947373B31C498399009F5D02 /* IDNAutoPersist.h in Headers */,
				9473740F1C498399009F5D02 /* UIScreen+IDNExtend.h in Headers */,
				947373C41C498399009F5D02 /* IDNResultList.h in Headers */,
				947374061C498399009F5D02 /* UIImage+IDNExtend.h in Headers */,
				947373D21C498399009F5D02 /* IDNFramework.h in Headers */,
				9473739B1C498399009F5D02 /* NSDate+IDNExtend.h in Headers */,
				947373C81C498399009F5D02 /* IDNTask.h in Headers */,
				947373C01C498399009F5D02 /* IDNNotificationCenter.h in Headers */,
				947373E61C498399009F5D02 /* IDNScanCodeView.h in Headers */,
				947373E01C498399009F5D02 /* IDNPageController.h in Headers */,
				9473738A1C498399009F5D02 /* IDNAsyncTask.h in Headers */,
				947373F41C498399009F5D02 /* IDNTopTabController.h in Headers */,
				947373FE1C498399009F5D02 /* UIBezierPath+IDNExtend.h in Headers */,
				947373901C498399009F5D02 /* IDNSearchBar.h in Headers */,
				947373D31C498399009F5D02 /* IDNActivityIndicator.h in Headers */,
				9473742B1C498399009F5D02 /* UIWindow+IDNExt.h in Headers */,
				947373961C498399009F5D02 /* FoundationIDNCategories.h in Headers */,
				947374091C498399009F5D02 /* UIPickerView+IDNPickDate.h in Headers */,
				947373A71C498399009F5D02 /* NSObject+IDNEventHandle.h in Headers */,
				947373D91C498399009F5D02 /* IDNImagePickerController.h in Headers */,
				947373D71C498399009F5D02 /* IDNGradientView.h in Headers */,
				947373C61C498399009F5D02 /* IDNSegList.h in Headers */,
				947373B91C498399009F5D02 /* IDNFixedList.h in Headers */,
				9473738E1C498399009F5D02 /* IDNListItemCenter.h in Headers */,
				947373921C498399009F5D02 /* SegmentQuery.h in Headers */,
				947373E81C498399009F5D02 /* IDNTabBarController.h in Headers */,
				947373AF1C498399009F5D02 /* NSString+IDNExtend.h in Headers */,
				9473741D1C498399009F5D02 /* UIView+IDNZoom.h in Headers */,
				947374271C498399009F5D02 /* UIViewController+IDNStatusBar.h in Headers */,
				947373DB1C498399009F5D02 /* IDNInputHelperView.h in Headers */,
				9473739F1C498399009F5D02 /* NSError+IDNExtend.h in Headers */,
				947373991C498399009F5D02 /* NSData+IDNExtend.h in Headers */,
				9473740D1C498399009F5D02 /* UIResponder+IDNExt.h in Headers */,
				947373D51C498399009F5D02 /* IDNFrameView.h in Headers */,
				947373CA1C498399009F5D02 /* IDNUnreadManage.h in Headers */,
				947373EA1C498399009F5D02 /* IDNTapGestureShadowRecognizer.h in Headers */,
				947373AB1C498399009F5D02 /* NSObject+IDNPerformSelector.h in Headers */,
				947374151C498399009F5D02 /* UITextView+IDNExt.h in Headers */,
			);
			runOnlyForDeploymentPostprocessing = 0;
		};
/* End PBXHeadersBuildPhase section */

/* Begin PBXNativeTarget section */
		9439961E1C0E8A9F00596FB6 /* IDNKitSample */ = {
			isa = PBXNativeTarget;
			buildConfigurationList = 943996331C0E8A9F00596FB6 /* Build configuration list for PBXNativeTarget "IDNKitSample" */;
			buildPhases = (
				9439961B1C0E8A9F00596FB6 /* Sources */,
				9439961C1C0E8A9F00596FB6 /* Frameworks */,
				9439961D1C0E8A9F00596FB6 /* Resources */,
			);
			buildRules = (
			);
			dependencies = (
			);
			name = IDNKitSample;
			productName = IDNKitSample;
			productReference = 9439961F1C0E8A9F00596FB6 /* IDNKitSample.app */;
			productType = "com.apple.product-type.application";
		};
		945DB67E1AD8FC8800C13526 /* IDNFramework */ = {
			isa = PBXNativeTarget;
			buildConfigurationList = 945DB6951AD8FC8900C13526 /* Build configuration list for PBXNativeTarget "IDNFramework" */;
			buildPhases = (
				945DB67A1AD8FC8800C13526 /* Sources */,
				945DB67B1AD8FC8800C13526 /* Frameworks */,
				945DB67C1AD8FC8800C13526 /* Headers */,
				945DB67D1AD8FC8800C13526 /* Resources */,
			);
			buildRules = (
			);
			dependencies = (
			);
			name = IDNFramework;
			productName = IDNFramework;
			productReference = 945DB67F1AD8FC8800C13526 /* IDNFramework.framework */;
			productType = "com.apple.product-type.framework";
		};
		945DB6891AD8FC8800C13526 /* IDNFrameworkTests */ = {
			isa = PBXNativeTarget;
			buildConfigurationList = 945DB6981AD8FC8900C13526 /* Build configuration list for PBXNativeTarget "IDNFrameworkTests" */;
			buildPhases = (
				945DB6861AD8FC8800C13526 /* Sources */,
				945DB6871AD8FC8800C13526 /* Frameworks */,
				945DB6881AD8FC8800C13526 /* Resources */,
			);
			buildRules = (
			);
			dependencies = (
				945DB68D1AD8FC8800C13526 /* PBXTargetDependency */,
			);
			name = IDNFrameworkTests;
			productName = IDNFrameworkTests;
			productReference = 945DB68A1AD8FC8800C13526 /* IDNFrameworkTests.xctest */;
			productType = "com.apple.product-type.bundle.unit-test";
		};
/* End PBXNativeTarget section */

/* Begin PBXProject section */
		945DB6761AD8FC8800C13526 /* Project object */ = {
			isa = PBXProject;
			attributes = {
				LastUpgradeCheck = 0710;
				ORGANIZATIONNAME = iosdev.net;
				TargetAttributes = {
					9439961E1C0E8A9F00596FB6 = {
						CreatedOnToolsVersion = 7.1;
					};
					945DB67E1AD8FC8800C13526 = {
						CreatedOnToolsVersion = 6.1.1;
					};
					945DB6891AD8FC8800C13526 = {
						CreatedOnToolsVersion = 6.1.1;
					};
				};
			};
			buildConfigurationList = 945DB6791AD8FC8800C13526 /* Build configuration list for PBXProject "IDNFramework" */;
			compatibilityVersion = "Xcode 3.2";
			developmentRegion = English;
			hasScannedForEncodings = 0;
			knownRegions = (
				en,
				Base,
			);
			mainGroup = 945DB6751AD8FC8800C13526;
			productRefGroup = 945DB6801AD8FC8800C13526 /* Products */;
			projectDirPath = "";
			projectRoot = "";
			targets = (
				945DB67E1AD8FC8800C13526 /* IDNFramework */,
				945DB6891AD8FC8800C13526 /* IDNFrameworkTests */,
				9439961E1C0E8A9F00596FB6 /* IDNKitSample */,
			);
		};
/* End PBXProject section */

/* Begin PBXResourcesBuildPhase section */
		9439961D1C0E8A9F00596FB6 /* Resources */ = {
			isa = PBXResourcesBuildPhase;
			buildActionMask = 2147483647;
			files = (
				943996311C0E8A9F00596FB6 /* LaunchScreen.storyboard in Resources */,
				9439962E1C0E8A9F00596FB6 /* Assets.xcassets in Resources */,
				9439962C1C0E8A9F00596FB6 /* Main.storyboard in Resources */,
			);
			runOnlyForDeploymentPostprocessing = 0;
		};
		945DB67D1AD8FC8800C13526 /* Resources */ = {
			isa = PBXResourcesBuildPhase;
			buildActionMask = 2147483647;
			files = (
			);
			runOnlyForDeploymentPostprocessing = 0;
		};
		945DB6881AD8FC8800C13526 /* Resources */ = {
			isa = PBXResourcesBuildPhase;
			buildActionMask = 2147483647;
			files = (
			);
			runOnlyForDeploymentPostprocessing = 0;
		};
/* End PBXResourcesBuildPhase section */

/* Begin PBXSourcesBuildPhase section */
		9439961B1C0E8A9F00596FB6 /* Sources */ = {
			isa = PBXSourcesBuildPhase;
			buildActionMask = 2147483647;
			files = (
				943996291C0E8A9F00596FB6 /* ViewController.m in Sources */,
				943996261C0E8A9F00596FB6 /* AppDelegate.m in Sources */,
				943996231C0E8A9F00596FB6 /* main.m in Sources */,
			);
			runOnlyForDeploymentPostprocessing = 0;
		};
		945DB67A1AD8FC8800C13526 /* Sources */ = {
			isa = PBXSourcesBuildPhase;
			buildActionMask = 2147483647;
			files = (
				947373C31C498399009F5D02 /* IDNPageList.m in Sources */,
				947373C51C498399009F5D02 /* IDNResultList.m in Sources */,
				9473738B1C498399009F5D02 /* IDNAsyncTask.m in Sources */,
				947373B21C498399009F5D02 /* NSTimer+IDNWeakTarget.m in Sources */,
				9473741C1C498399009F5D02 /* UIView+IDNKeyboard.m in Sources */,
				947373981C498399009F5D02 /* NSArray+IDN.m in Sources */,
				9473739E1C498399009F5D02 /* NSDictionary+IDNExtend.m in Sources */,
				947373951C498399009F5D02 /* UINavigationController+IDNNavBarHidden.m in Sources */,
				947374161C498399009F5D02 /* UITextView+IDNExt.m in Sources */,
				947374141C498399009F5D02 /* UITextField+IDNExt.m in Sources */,
				947374181C498399009F5D02 /* UIView+IDNCountBadge.m in Sources */,
				947373AE1C498399009F5D02 /* NSPointerArray+IDNExtend.m in Sources */,
				947373F31C498399009F5D02 /* IDNSplitMainController.m in Sources */,
				947373E11C498399009F5D02 /* IDNPageController.m in Sources */,
				947373CF1C498399009F5D02 /* IDNNetwork.m in Sources */,
				947374101C498399009F5D02 /* UIScreen+IDNExtend.m in Sources */,
				947374031C498399009F5D02 /* UIColor+IDN.m in Sources */,
				9473741A1C498399009F5D02 /* UIView+IDNExtend.m in Sources */,
				947374241C498399009F5D02 /* UIViewController+IDNPrompt.m in Sources */,
				947374261C498399009F5D02 /* UIViewController+IDNScreenAdapt.m in Sources */,
				9473742C1C498399009F5D02 /* UIWindow+IDNExt.m in Sources */,
				9473738D1C498399009F5D02 /* IDNColorButton.m in Sources */,
				9473738F1C498399009F5D02 /* IDNListItemCenter.m in Sources */,
				947373DF1C498399009F5D02 /* IDNNavigationController.m in Sources */,
				947373C91C498399009F5D02 /* IDNTask.m in Sources */,
				947373911C498399009F5D02 /* IDNSearchBar.m in Sources */,
				9473741E1C498399009F5D02 /* UIView+IDNZoom.m in Sources */,
				9473742A1C498399009F5D02 /* UIViewController+IDNTransition.m in Sources */,
				9473740A1C498399009F5D02 /* UIPickerView+IDNPickDate.m in Sources */,
				947373F51C498399009F5D02 /* IDNTopTabController.m in Sources */,
				947373F71C498399009F5D02 /* IDNTouchGestureRecognizer.m in Sources */,
				947373A81C498399009F5D02 /* NSObject+IDNEventHandle.m in Sources */,
				947374221C498399009F5D02 /* UIViewController+IDNPresentationStack.m in Sources */,
				947373EF1C498399009F5D02 /* IDNMainController.m in Sources */,
				947373B41C498399009F5D02 /* IDNAutoPersist.m in Sources */,
				947373DA1C498399009F5D02 /* IDNImagePickerController.m in Sources */,
				947373BD1C498399009F5D02 /* IDNItemCenter.m in Sources */,
				947373E31C498399009F5D02 /* IDNProgressView.m in Sources */,
				947373CB1C498399009F5D02 /* IDNUnreadManage.m in Sources */,
				947373B01C498399009F5D02 /* NSString+IDNExtend.m in Sources */,
				947374281C498399009F5D02 /* UIViewController+IDNStatusBar.m in Sources */,
				947373E91C498399009F5D02 /* IDNTabBarController.m in Sources */,
				947373ED1C498399009F5D02 /* IDNViewController.m in Sources */,
				9473739A1C498399009F5D02 /* NSData+IDNExtend.m in Sources */,
				947373DC1C498399009F5D02 /* IDNInputHelperView.m in Sources */,
				947373FF1C498399009F5D02 /* UIBezierPath+IDNExtend.m in Sources */,
				947373E51C498399009F5D02 /* IDNRefreshControl.m in Sources */,
				947374011C498399009F5D02 /* UIButton+IDNColor.m in Sources */,
				947373B61C498399009F5D02 /* IDNConfigFile.m in Sources */,
				947373931C498399009F5D02 /* SegmentQuery.m in Sources */,
				947373FD1C498399009F5D02 /* UIApplication+IDNExt.m in Sources */,
				947373D81C498399009F5D02 /* IDNGradientView.m in Sources */,
				947373D41C498399009F5D02 /* IDNActivityIndicator.m in Sources */,
				947373A01C498399009F5D02 /* NSError+IDNExtend.m in Sources */,
				947373BA1C498399009F5D02 /* IDNFixedList.m in Sources */,
				947374121C498399009F5D02 /* UITabBar+IDNRedPoint.m in Sources */,
				9473740C1C498399009F5D02 /* UIPickerView+IDNTap.m in Sources */,
				947373A41C498399009F5D02 /* NSObject+IDNCustomObject.m in Sources */,
				947373BF1C498399009F5D02 /* IDNNetFileUpdater.m in Sources */,
				947373A21C498399009F5D02 /* NSFileManager+IDNExtend.m in Sources */,
				947374051C498399009F5D02 /* UIDevice+IDN.m in Sources */,
				947373FB1C498399009F5D02 /* UIAlertView+IDN.m in Sources */,
				947373A61C498399009F5D02 /* NSObject+IDNDeallocBlock.m in Sources */,
				947374201C498399009F5D02 /* UIViewController+IDNOrientation.m in Sources */,
				947373C11C498399009F5D02 /* IDNNotificationCenter.m in Sources */,
				947373E71C498399009F5D02 /* IDNScanCodeView.m in Sources */,
				947373F11C498399009F5D02 /* IDNSideMenuController.m in Sources */,
				9473740E1C498399009F5D02 /* UIResponder+IDNExt.m in Sources */,
				947373D61C498399009F5D02 /* IDNFrameView.m in Sources */,
				9473739C1C498399009F5D02 /* NSDate+IDNExtend.m in Sources */,
				947373AC1C498399009F5D02 /* NSObject+IDNPerformSelector.m in Sources */,
				947373AA1C498399009F5D02 /* NSObject+IDNNotice.m in Sources */,
				947373B81C498399009F5D02 /* IDNFileCache.m in Sources */,
				947373C71C498399009F5D02 /* IDNSegList.m in Sources */,
				947373EB1C498399009F5D02 /* IDNTapGestureShadowRecognizer.m in Sources */,
				947373D11C498399009F5D02 /* IDNTaskQueue.m in Sources */,
				947374071C498399009F5D02 /* UIImage+IDNExtend.m in Sources */,
			);
			runOnlyForDeploymentPostprocessing = 0;
		};
		945DB6861AD8FC8800C13526 /* Sources */ = {
			isa = PBXSourcesBuildPhase;
			buildActionMask = 2147483647;
			files = (
				94AA6DF81B38077E00778B21 /* IDNFileCacheTest.m in Sources */,
			);
			runOnlyForDeploymentPostprocessing = 0;
		};
/* End PBXSourcesBuildPhase section */

/* Begin PBXTargetDependency section */
		945DB68D1AD8FC8800C13526 /* PBXTargetDependency */ = {
			isa = PBXTargetDependency;
			target = 945DB67E1AD8FC8800C13526 /* IDNFramework */;
			targetProxy = 945DB68C1AD8FC8800C13526 /* PBXContainerItemProxy */;
		};
/* End PBXTargetDependency section */

/* Begin PBXVariantGroup section */
		9439962A1C0E8A9F00596FB6 /* Main.storyboard */ = {
			isa = PBXVariantGroup;
			children = (
				9439962B1C0E8A9F00596FB6 /* Base */,
			);
			name = Main.storyboard;
			sourceTree = "<group>";
		};
		9439962F1C0E8A9F00596FB6 /* LaunchScreen.storyboard */ = {
			isa = PBXVariantGroup;
			children = (
				943996301C0E8A9F00596FB6 /* Base */,
			);
			name = LaunchScreen.storyboard;
			sourceTree = "<group>";
		};
/* End PBXVariantGroup section */

/* Begin XCBuildConfiguration section */
		943996341C0E8A9F00596FB6 /* Debug */ = {
			isa = XCBuildConfiguration;
			buildSettings = {
				ASSETCATALOG_COMPILER_APPICON_NAME = AppIcon;
				DEBUG_INFORMATION_FORMAT = dwarf;
				ENABLE_TESTABILITY = YES;
				GCC_NO_COMMON_BLOCKS = YES;
				INFOPLIST_FILE = IDNKitSample/Info.plist;
				IPHONEOS_DEPLOYMENT_TARGET = 9.1;
				LD_RUNPATH_SEARCH_PATHS = "$(inherited) @executable_path/Frameworks";
				PRODUCT_BUNDLE_IDENTIFIER = net.iosdev.IDNKitSample;
				PRODUCT_NAME = "$(TARGET_NAME)";
			};
			name = Debug;
		};
		943996351C0E8A9F00596FB6 /* Release */ = {
			isa = XCBuildConfiguration;
			buildSettings = {
				ASSETCATALOG_COMPILER_APPICON_NAME = AppIcon;
				COPY_PHASE_STRIP = NO;
				DEBUG_INFORMATION_FORMAT = "dwarf-with-dsym";
				GCC_NO_COMMON_BLOCKS = YES;
				INFOPLIST_FILE = IDNKitSample/Info.plist;
				IPHONEOS_DEPLOYMENT_TARGET = 9.1;
				LD_RUNPATH_SEARCH_PATHS = "$(inherited) @executable_path/Frameworks";
				PRODUCT_BUNDLE_IDENTIFIER = net.iosdev.IDNKitSample;
				PRODUCT_NAME = "$(TARGET_NAME)";
			};
			name = Release;
		};
		945DB6931AD8FC8900C13526 /* Debug */ = {
			isa = XCBuildConfiguration;
			buildSettings = {
				ALWAYS_SEARCH_USER_PATHS = NO;
				CLANG_CXX_LANGUAGE_STANDARD = "gnu++0x";
				CLANG_CXX_LIBRARY = "libc++";
				CLANG_ENABLE_MODULES = YES;
				CLANG_ENABLE_OBJC_ARC = YES;
				CLANG_WARN_BOOL_CONVERSION = YES;
				CLANG_WARN_CONSTANT_CONVERSION = YES;
				CLANG_WARN_DIRECT_OBJC_ISA_USAGE = YES_ERROR;
				CLANG_WARN_EMPTY_BODY = YES;
				CLANG_WARN_ENUM_CONVERSION = YES;
				CLANG_WARN_INT_CONVERSION = YES;
				CLANG_WARN_OBJC_ROOT_CLASS = YES_ERROR;
				CLANG_WARN_UNREACHABLE_CODE = YES;
				CLANG_WARN__DUPLICATE_METHOD_MATCH = YES;
				"CODE_SIGN_IDENTITY[sdk=iphoneos*]" = "iPhone Developer";
				COPY_PHASE_STRIP = NO;
				CURRENT_PROJECT_VERSION = 1;
				ENABLE_STRICT_OBJC_MSGSEND = YES;
				ENABLE_TESTABILITY = YES;
				GCC_C_LANGUAGE_STANDARD = gnu99;
				GCC_DYNAMIC_NO_PIC = NO;
				GCC_OPTIMIZATION_LEVEL = 0;
				GCC_PREPROCESSOR_DEFINITIONS = (
					"DEBUG=1",
					"$(inherited)",
				);
				GCC_SYMBOLS_PRIVATE_EXTERN = NO;
				GCC_WARN_64_TO_32_BIT_CONVERSION = YES;
				GCC_WARN_ABOUT_RETURN_TYPE = YES_ERROR;
				GCC_WARN_UNDECLARED_SELECTOR = YES;
				GCC_WARN_UNINITIALIZED_AUTOS = YES_AGGRESSIVE;
				GCC_WARN_UNUSED_FUNCTION = YES;
				GCC_WARN_UNUSED_VARIABLE = YES;
				IPHONEOS_DEPLOYMENT_TARGET = 8.1;
				MTL_ENABLE_DEBUG_INFO = YES;
				ONLY_ACTIVE_ARCH = YES;
				SDKROOT = iphoneos;
				TARGETED_DEVICE_FAMILY = "1,2";
				VERSIONING_SYSTEM = "apple-generic";
				VERSION_INFO_PREFIX = "";
			};
			name = Debug;
		};
		945DB6941AD8FC8900C13526 /* Release */ = {
			isa = XCBuildConfiguration;
			buildSettings = {
				ALWAYS_SEARCH_USER_PATHS = NO;
				CLANG_CXX_LANGUAGE_STANDARD = "gnu++0x";
				CLANG_CXX_LIBRARY = "libc++";
				CLANG_ENABLE_MODULES = YES;
				CLANG_ENABLE_OBJC_ARC = YES;
				CLANG_WARN_BOOL_CONVERSION = YES;
				CLANG_WARN_CONSTANT_CONVERSION = YES;
				CLANG_WARN_DIRECT_OBJC_ISA_USAGE = YES_ERROR;
				CLANG_WARN_EMPTY_BODY = YES;
				CLANG_WARN_ENUM_CONVERSION = YES;
				CLANG_WARN_INT_CONVERSION = YES;
				CLANG_WARN_OBJC_ROOT_CLASS = YES_ERROR;
				CLANG_WARN_UNREACHABLE_CODE = YES;
				CLANG_WARN__DUPLICATE_METHOD_MATCH = YES;
				"CODE_SIGN_IDENTITY[sdk=iphoneos*]" = "iPhone Developer";
				COPY_PHASE_STRIP = YES;
				CURRENT_PROJECT_VERSION = 1;
				ENABLE_NS_ASSERTIONS = NO;
				ENABLE_STRICT_OBJC_MSGSEND = YES;
				GCC_C_LANGUAGE_STANDARD = gnu99;
				GCC_WARN_64_TO_32_BIT_CONVERSION = YES;
				GCC_WARN_ABOUT_RETURN_TYPE = YES_ERROR;
				GCC_WARN_UNDECLARED_SELECTOR = YES;
				GCC_WARN_UNINITIALIZED_AUTOS = YES_AGGRESSIVE;
				GCC_WARN_UNUSED_FUNCTION = YES;
				GCC_WARN_UNUSED_VARIABLE = YES;
				IPHONEOS_DEPLOYMENT_TARGET = 8.1;
				MTL_ENABLE_DEBUG_INFO = NO;
				SDKROOT = iphoneos;
				TARGETED_DEVICE_FAMILY = "1,2";
				VALIDATE_PRODUCT = YES;
				VERSIONING_SYSTEM = "apple-generic";
				VERSION_INFO_PREFIX = "";
			};
			name = Release;
		};
		945DB6961AD8FC8900C13526 /* Debug */ = {
			isa = XCBuildConfiguration;
			buildSettings = {
				DEFINES_MODULE = YES;
				DYLIB_COMPATIBILITY_VERSION = 1;
				DYLIB_CURRENT_VERSION = 1;
				DYLIB_INSTALL_NAME_BASE = "@rpath";
				INFOPLIST_FILE = IDNFramework/Info.plist;
				INSTALL_PATH = "$(LOCAL_LIBRARY_DIR)/Frameworks";
				IPHONEOS_DEPLOYMENT_TARGET = 7.0;
				LD_RUNPATH_SEARCH_PATHS = "$(inherited) @executable_path/Frameworks @loader_path/Frameworks";
				PRODUCT_BUNDLE_IDENTIFIER = "net.iosdev.$(PRODUCT_NAME:rfc1034identifier)";
				PRODUCT_NAME = "$(TARGET_NAME)";
				SKIP_INSTALL = YES;
			};
			name = Debug;
		};
		945DB6971AD8FC8900C13526 /* Release */ = {
			isa = XCBuildConfiguration;
			buildSettings = {
				DEFINES_MODULE = YES;
				DYLIB_COMPATIBILITY_VERSION = 1;
				DYLIB_CURRENT_VERSION = 1;
				DYLIB_INSTALL_NAME_BASE = "@rpath";
				INFOPLIST_FILE = IDNFramework/Info.plist;
				INSTALL_PATH = "$(LOCAL_LIBRARY_DIR)/Frameworks";
				IPHONEOS_DEPLOYMENT_TARGET = 7.0;
				LD_RUNPATH_SEARCH_PATHS = "$(inherited) @executable_path/Frameworks @loader_path/Frameworks";
				PRODUCT_BUNDLE_IDENTIFIER = "net.iosdev.$(PRODUCT_NAME:rfc1034identifier)";
				PRODUCT_NAME = "$(TARGET_NAME)";
				SKIP_INSTALL = YES;
			};
			name = Release;
		};
		945DB6991AD8FC8900C13526 /* Debug */ = {
			isa = XCBuildConfiguration;
			buildSettings = {
				FRAMEWORK_SEARCH_PATHS = (
					"$(SDKROOT)/Developer/Library/Frameworks",
					"$(inherited)",
				);
				GCC_PREPROCESSOR_DEFINITIONS = (
					"DEBUG=1",
					"$(inherited)",
				);
				INFOPLIST_FILE = IDNFrameworkTests/Info.plist;
				LD_RUNPATH_SEARCH_PATHS = "$(inherited) @executable_path/Frameworks @loader_path/Frameworks";
				PRODUCT_BUNDLE_IDENTIFIER = "net.iosdev.$(PRODUCT_NAME:rfc1034identifier)";
				PRODUCT_NAME = "$(TARGET_NAME)";
			};
			name = Debug;
		};
		945DB69A1AD8FC8900C13526 /* Release */ = {
			isa = XCBuildConfiguration;
			buildSettings = {
				FRAMEWORK_SEARCH_PATHS = (
					"$(SDKROOT)/Developer/Library/Frameworks",
					"$(inherited)",
				);
				INFOPLIST_FILE = IDNFrameworkTests/Info.plist;
				LD_RUNPATH_SEARCH_PATHS = "$(inherited) @executable_path/Frameworks @loader_path/Frameworks";
				PRODUCT_BUNDLE_IDENTIFIER = "net.iosdev.$(PRODUCT_NAME:rfc1034identifier)";
				PRODUCT_NAME = "$(TARGET_NAME)";
			};
			name = Release;
		};
/* End XCBuildConfiguration section */

/* Begin XCConfigurationList section */
		943996331C0E8A9F00596FB6 /* Build configuration list for PBXNativeTarget "IDNKitSample" */ = {
			isa = XCConfigurationList;
			buildConfigurations = (
				943996341C0E8A9F00596FB6 /* Debug */,
				943996351C0E8A9F00596FB6 /* Release */,
			);
			defaultConfigurationIsVisible = 0;
			defaultConfigurationName = Release;
		};
		945DB6791AD8FC8800C13526 /* Build configuration list for PBXProject "IDNFramework" */ = {
			isa = XCConfigurationList;
			buildConfigurations = (
				945DB6931AD8FC8900C13526 /* Debug */,
				945DB6941AD8FC8900C13526 /* Release */,
			);
			defaultConfigurationIsVisible = 0;
			defaultConfigurationName = Release;
		};
		945DB6951AD8FC8900C13526 /* Build configuration list for PBXNativeTarget "IDNFramework" */ = {
			isa = XCConfigurationList;
			buildConfigurations = (
				945DB6961AD8FC8900C13526 /* Debug */,
				945DB6971AD8FC8900C13526 /* Release */,
			);
			defaultConfigurationIsVisible = 0;
			defaultConfigurationName = Release;
		};
		945DB6981AD8FC8900C13526 /* Build configuration list for PBXNativeTarget "IDNFrameworkTests" */ = {
			isa = XCConfigurationList;
			buildConfigurations = (
				945DB6991AD8FC8900C13526 /* Debug */,
				945DB69A1AD8FC8900C13526 /* Release */,
			);
			defaultConfigurationIsVisible = 0;
			defaultConfigurationName = Release;
		};
/* End XCConfigurationList section */
	};
	rootObject = 945DB6761AD8FC8800C13526 /* Project object */;
}
