// !$*UTF8*$!
{
	archiveVersion = 1;
	classes = {
	};
	objectVersion = 46;
	objects = {

/* Begin PBXBuildFile section */
		942C7C831BDFBAD400E8F41F /* IDNAsyncTask.h in Headers */ = {isa = PBXBuildFile; fileRef = 942C7C121BDFBAD300E8F41F /* IDNAsyncTask.h */; };
		942C7C841BDFBAD400E8F41F /* IDNAsyncTask.m in Sources */ = {isa = PBXBuildFile; fileRef = 942C7C131BDFBAD300E8F41F /* IDNAsyncTask.m */; };
		942C7C851BDFBAD400E8F41F /* IDNFileCache.h in Headers */ = {isa = PBXBuildFile; fileRef = 942C7C141BDFBAD300E8F41F /* IDNFileCache.h */; };
		942C7C861BDFBAD400E8F41F /* IDNFileCache.m in Sources */ = {isa = PBXBuildFile; fileRef = 942C7C151BDFBAD300E8F41F /* IDNFileCache.m */; };
		942C7C871BDFBAD400E8F41F /* IDNFixedList.h in Headers */ = {isa = PBXBuildFile; fileRef = 942C7C161BDFBAD300E8F41F /* IDNFixedList.h */; };
		942C7C881BDFBAD400E8F41F /* IDNFixedList.m in Sources */ = {isa = PBXBuildFile; fileRef = 942C7C171BDFBAD300E8F41F /* IDNFixedList.m */; };
		942C7C891BDFBAD400E8F41F /* IDNFoundation.h in Headers */ = {isa = PBXBuildFile; fileRef = 942C7C181BDFBAD300E8F41F /* IDNFoundation.h */; };
		942C7C8A1BDFBAD400E8F41F /* IDNItemCenter.h in Headers */ = {isa = PBXBuildFile; fileRef = 942C7C191BDFBAD300E8F41F /* IDNItemCenter.h */; };
		942C7C8B1BDFBAD400E8F41F /* IDNItemCenter.m in Sources */ = {isa = PBXBuildFile; fileRef = 942C7C1A1BDFBAD300E8F41F /* IDNItemCenter.m */; };
		942C7C8C1BDFBAD400E8F41F /* IDNListItemCenter.h in Headers */ = {isa = PBXBuildFile; fileRef = 942C7C1B1BDFBAD300E8F41F /* IDNListItemCenter.h */; };
		942C7C8D1BDFBAD400E8F41F /* IDNListItemCenter.m in Sources */ = {isa = PBXBuildFile; fileRef = 942C7C1C1BDFBAD300E8F41F /* IDNListItemCenter.m */; };
		942C7C8E1BDFBAD400E8F41F /* IDNNetwork.h in Headers */ = {isa = PBXBuildFile; fileRef = 942C7C1D1BDFBAD300E8F41F /* IDNNetwork.h */; };
		942C7C8F1BDFBAD400E8F41F /* IDNNetwork.m in Sources */ = {isa = PBXBuildFile; fileRef = 942C7C1E1BDFBAD300E8F41F /* IDNNetwork.m */; };
		942C7C901BDFBAD400E8F41F /* IDNResultList.h in Headers */ = {isa = PBXBuildFile; fileRef = 942C7C1F1BDFBAD300E8F41F /* IDNResultList.h */; };
		942C7C911BDFBAD400E8F41F /* IDNResultList.m in Sources */ = {isa = PBXBuildFile; fileRef = 942C7C201BDFBAD300E8F41F /* IDNResultList.m */; };
		942C7C921BDFBAD400E8F41F /* IDNSegList.h in Headers */ = {isa = PBXBuildFile; fileRef = 942C7C211BDFBAD300E8F41F /* IDNSegList.h */; };
		942C7C931BDFBAD400E8F41F /* IDNSegList.m in Sources */ = {isa = PBXBuildFile; fileRef = 942C7C221BDFBAD300E8F41F /* IDNSegList.m */; };
		942C7C941BDFBAD400E8F41F /* IDNTask.h in Headers */ = {isa = PBXBuildFile; fileRef = 942C7C231BDFBAD300E8F41F /* IDNTask.h */; };
		942C7C951BDFBAD400E8F41F /* IDNTask.m in Sources */ = {isa = PBXBuildFile; fileRef = 942C7C241BDFBAD300E8F41F /* IDNTask.m */; };
		942C7C961BDFBAD400E8F41F /* NSArray+IDN.h in Headers */ = {isa = PBXBuildFile; fileRef = 942C7C251BDFBAD300E8F41F /* NSArray+IDN.h */; };
		942C7C971BDFBAD400E8F41F /* NSArray+IDN.m in Sources */ = {isa = PBXBuildFile; fileRef = 942C7C261BDFBAD300E8F41F /* NSArray+IDN.m */; };
		942C7C981BDFBAD400E8F41F /* NSData+IDNExtend.h in Headers */ = {isa = PBXBuildFile; fileRef = 942C7C271BDFBAD300E8F41F /* NSData+IDNExtend.h */; };
		942C7C991BDFBAD400E8F41F /* NSData+IDNExtend.m in Sources */ = {isa = PBXBuildFile; fileRef = 942C7C281BDFBAD300E8F41F /* NSData+IDNExtend.m */; };
		942C7C9A1BDFBAD400E8F41F /* NSDate+IDNExtend.h in Headers */ = {isa = PBXBuildFile; fileRef = 942C7C291BDFBAD300E8F41F /* NSDate+IDNExtend.h */; };
		942C7C9B1BDFBAD400E8F41F /* NSDate+IDNExtend.m in Sources */ = {isa = PBXBuildFile; fileRef = 942C7C2A1BDFBAD300E8F41F /* NSDate+IDNExtend.m */; };
		942C7C9C1BDFBAD400E8F41F /* NSDictionary+IDNExtend.h in Headers */ = {isa = PBXBuildFile; fileRef = 942C7C2B1BDFBAD300E8F41F /* NSDictionary+IDNExtend.h */; };
		942C7C9D1BDFBAD400E8F41F /* NSDictionary+IDNExtend.m in Sources */ = {isa = PBXBuildFile; fileRef = 942C7C2C1BDFBAD300E8F41F /* NSDictionary+IDNExtend.m */; };
		942C7C9E1BDFBAD400E8F41F /* NSError+IDNExtend.h in Headers */ = {isa = PBXBuildFile; fileRef = 942C7C2D1BDFBAD300E8F41F /* NSError+IDNExtend.h */; };
		942C7C9F1BDFBAD400E8F41F /* NSError+IDNExtend.m in Sources */ = {isa = PBXBuildFile; fileRef = 942C7C2E1BDFBAD300E8F41F /* NSError+IDNExtend.m */; };
		942C7CA01BDFBAD400E8F41F /* NSFileManager+IDNExtend.h in Headers */ = {isa = PBXBuildFile; fileRef = 942C7C2F1BDFBAD300E8F41F /* NSFileManager+IDNExtend.h */; };
		942C7CA11BDFBAD400E8F41F /* NSFileManager+IDNExtend.m in Sources */ = {isa = PBXBuildFile; fileRef = 942C7C301BDFBAD300E8F41F /* NSFileManager+IDNExtend.m */; };
		942C7CA21BDFBAD400E8F41F /* NSObject+IDNDeallocBlock.h in Headers */ = {isa = PBXBuildFile; fileRef = 942C7C311BDFBAD300E8F41F /* NSObject+IDNDeallocBlock.h */; };
		942C7CA31BDFBAD400E8F41F /* NSObject+IDNDeallocBlock.m in Sources */ = {isa = PBXBuildFile; fileRef = 942C7C321BDFBAD300E8F41F /* NSObject+IDNDeallocBlock.m */; };
		942C7CA41BDFBAD400E8F41F /* NSObject+IDNEventHandle.h in Headers */ = {isa = PBXBuildFile; fileRef = 942C7C331BDFBAD300E8F41F /* NSObject+IDNEventHandle.h */; };
		942C7CA51BDFBAD400E8F41F /* NSObject+IDNEventHandle.m in Sources */ = {isa = PBXBuildFile; fileRef = 942C7C341BDFBAD300E8F41F /* NSObject+IDNEventHandle.m */; };
		942C7CA61BDFBAD400E8F41F /* NSObject+IDNPerformSelectorNoWarning.h in Headers */ = {isa = PBXBuildFile; fileRef = 942C7C351BDFBAD300E8F41F /* NSObject+IDNPerformSelectorNoWarning.h */; };
		942C7CA71BDFBAD400E8F41F /* NSObject+IDNPerformSelectorNoWarning.m in Sources */ = {isa = PBXBuildFile; fileRef = 942C7C361BDFBAD300E8F41F /* NSObject+IDNPerformSelectorNoWarning.m */; };
		942C7CA81BDFBAD400E8F41F /* NSPointerArray+IDNExtend.h in Headers */ = {isa = PBXBuildFile; fileRef = 942C7C371BDFBAD300E8F41F /* NSPointerArray+IDNExtend.h */; };
		942C7CA91BDFBAD400E8F41F /* NSPointerArray+IDNExtend.m in Sources */ = {isa = PBXBuildFile; fileRef = 942C7C381BDFBAD300E8F41F /* NSPointerArray+IDNExtend.m */; };
		942C7CAA1BDFBAD400E8F41F /* NSString+IDNExtend.h in Headers */ = {isa = PBXBuildFile; fileRef = 942C7C391BDFBAD300E8F41F /* NSString+IDNExtend.h */; };
		942C7CAB1BDFBAD400E8F41F /* NSString+IDNExtend.m in Sources */ = {isa = PBXBuildFile; fileRef = 942C7C3A1BDFBAD300E8F41F /* NSString+IDNExtend.m */; };
		942C7CAC1BDFBAD400E8F41F /* NSTimer+IDNWeakTarget.h in Headers */ = {isa = PBXBuildFile; fileRef = 942C7C3B1BDFBAD300E8F41F /* NSTimer+IDNWeakTarget.h */; };
		942C7CAD1BDFBAD400E8F41F /* NSTimer+IDNWeakTarget.m in Sources */ = {isa = PBXBuildFile; fileRef = 942C7C3C1BDFBAD300E8F41F /* NSTimer+IDNWeakTarget.m */; };
		942C7CAE1BDFBAD400E8F41F /* SegmentQuery.h in Headers */ = {isa = PBXBuildFile; fileRef = 942C7C3D1BDFBAD300E8F41F /* SegmentQuery.h */; };
		942C7CAF1BDFBAD400E8F41F /* SegmentQuery.m in Sources */ = {isa = PBXBuildFile; fileRef = 942C7C3E1BDFBAD300E8F41F /* SegmentQuery.m */; };
		942C7CB01BDFBAD400E8F41F /* IDNActivityIndicator.h in Headers */ = {isa = PBXBuildFile; fileRef = 942C7C401BDFBAD300E8F41F /* IDNActivityIndicator.h */; };
		942C7CB11BDFBAD400E8F41F /* IDNActivityIndicator.m in Sources */ = {isa = PBXBuildFile; fileRef = 942C7C411BDFBAD300E8F41F /* IDNActivityIndicator.m */; };
		942C7CB21BDFBAD400E8F41F /* IDNColorButton.h in Headers */ = {isa = PBXBuildFile; fileRef = 942C7C421BDFBAD300E8F41F /* IDNColorButton.h */; };
		942C7CB31BDFBAD400E8F41F /* IDNColorButton.m in Sources */ = {isa = PBXBuildFile; fileRef = 942C7C431BDFBAD300E8F41F /* IDNColorButton.m */; };
		942C7CB41BDFBAD400E8F41F /* IDNFrameView.h in Headers */ = {isa = PBXBuildFile; fileRef = 942C7C441BDFBAD300E8F41F /* IDNFrameView.h */; };
		942C7CB51BDFBAD400E8F41F /* IDNFrameView.m in Sources */ = {isa = PBXBuildFile; fileRef = 942C7C451BDFBAD300E8F41F /* IDNFrameView.m */; };
		942C7CB61BDFBAD400E8F41F /* IDNGradientView.h in Headers */ = {isa = PBXBuildFile; fileRef = 942C7C461BDFBAD300E8F41F /* IDNGradientView.h */; };
		942C7CB71BDFBAD400E8F41F /* IDNGradientView.m in Sources */ = {isa = PBXBuildFile; fileRef = 942C7C471BDFBAD300E8F41F /* IDNGradientView.m */; };
		942C7CB81BDFBAD400E8F41F /* IDNImagePickerController.h in Headers */ = {isa = PBXBuildFile; fileRef = 942C7C481BDFBAD300E8F41F /* IDNImagePickerController.h */; };
		942C7CB91BDFBAD400E8F41F /* IDNImagePickerController.m in Sources */ = {isa = PBXBuildFile; fileRef = 942C7C491BDFBAD300E8F41F /* IDNImagePickerController.m */; };
		942C7CBA1BDFBAD400E8F41F /* IDNInputHelperView.h in Headers */ = {isa = PBXBuildFile; fileRef = 942C7C4A1BDFBAD300E8F41F /* IDNInputHelperView.h */; };
		942C7CBB1BDFBAD400E8F41F /* IDNInputHelperView.m in Sources */ = {isa = PBXBuildFile; fileRef = 942C7C4B1BDFBAD300E8F41F /* IDNInputHelperView.m */; };
		942C7CBC1BDFBAD400E8F41F /* IDNKit.h in Headers */ = {isa = PBXBuildFile; fileRef = 942C7C4C1BDFBAD300E8F41F /* IDNKit.h */; };
		942C7CBD1BDFBAD400E8F41F /* IDNMainController.h in Headers */ = {isa = PBXBuildFile; fileRef = 942C7C4D1BDFBAD300E8F41F /* IDNMainController.h */; };
		942C7CBE1BDFBAD400E8F41F /* IDNMainController.m in Sources */ = {isa = PBXBuildFile; fileRef = 942C7C4E1BDFBAD300E8F41F /* IDNMainController.m */; };
		942C7CBF1BDFBAD400E8F41F /* IDNPageController.h in Headers */ = {isa = PBXBuildFile; fileRef = 942C7C4F1BDFBAD300E8F41F /* IDNPageController.h */; };
		942C7CC01BDFBAD400E8F41F /* IDNPageController.m in Sources */ = {isa = PBXBuildFile; fileRef = 942C7C501BDFBAD300E8F41F /* IDNPageController.m */; };
		942C7CC11BDFBAD400E8F41F /* IDNProgressView.h in Headers */ = {isa = PBXBuildFile; fileRef = 942C7C511BDFBAD300E8F41F /* IDNProgressView.h */; };
		942C7CC21BDFBAD400E8F41F /* IDNProgressView.m in Sources */ = {isa = PBXBuildFile; fileRef = 942C7C521BDFBAD300E8F41F /* IDNProgressView.m */; };
		942C7CC31BDFBAD400E8F41F /* IDNRefreshControl.h in Headers */ = {isa = PBXBuildFile; fileRef = 942C7C531BDFBAD300E8F41F /* IDNRefreshControl.h */; };
		942C7CC41BDFBAD400E8F41F /* IDNRefreshControl.m in Sources */ = {isa = PBXBuildFile; fileRef = 942C7C541BDFBAD300E8F41F /* IDNRefreshControl.m */; };
		942C7CC51BDFBAD400E8F41F /* IDNScanCodeView.h in Headers */ = {isa = PBXBuildFile; fileRef = 942C7C551BDFBAD300E8F41F /* IDNScanCodeView.h */; };
		942C7CC61BDFBAD400E8F41F /* IDNScanCodeView.m in Sources */ = {isa = PBXBuildFile; fileRef = 942C7C561BDFBAD300E8F41F /* IDNScanCodeView.m */; };
		942C7CC71BDFBAD400E8F41F /* IDNSearchBar.h in Headers */ = {isa = PBXBuildFile; fileRef = 942C7C571BDFBAD300E8F41F /* IDNSearchBar.h */; };
		942C7CC81BDFBAD400E8F41F /* IDNSearchBar.m in Sources */ = {isa = PBXBuildFile; fileRef = 942C7C581BDFBAD300E8F41F /* IDNSearchBar.m */; };
		942C7CC91BDFBAD400E8F41F /* IDNSideMenuController.h in Headers */ = {isa = PBXBuildFile; fileRef = 942C7C591BDFBAD300E8F41F /* IDNSideMenuController.h */; };
		942C7CCA1BDFBAD400E8F41F /* IDNSideMenuController.m in Sources */ = {isa = PBXBuildFile; fileRef = 942C7C5A1BDFBAD300E8F41F /* IDNSideMenuController.m */; };
		942C7CCB1BDFBAD400E8F41F /* IDNSplitMainController.h in Headers */ = {isa = PBXBuildFile; fileRef = 942C7C5B1BDFBAD300E8F41F /* IDNSplitMainController.h */; };
		942C7CCC1BDFBAD400E8F41F /* IDNSplitMainController.m in Sources */ = {isa = PBXBuildFile; fileRef = 942C7C5C1BDFBAD300E8F41F /* IDNSplitMainController.m */; };
		942C7CCD1BDFBAD400E8F41F /* IDNTapGestureRecognizer.h in Headers */ = {isa = PBXBuildFile; fileRef = 942C7C5D1BDFBAD300E8F41F /* IDNTapGestureRecognizer.h */; };
		942C7CCE1BDFBAD400E8F41F /* IDNTapGestureRecognizer.m in Sources */ = {isa = PBXBuildFile; fileRef = 942C7C5E1BDFBAD300E8F41F /* IDNTapGestureRecognizer.m */; };
		942C7CCF1BDFBAD400E8F41F /* IDNTopTabController.h in Headers */ = {isa = PBXBuildFile; fileRef = 942C7C5F1BDFBAD300E8F41F /* IDNTopTabController.h */; };
		942C7CD01BDFBAD400E8F41F /* IDNTopTabController.m in Sources */ = {isa = PBXBuildFile; fileRef = 942C7C601BDFBAD300E8F41F /* IDNTopTabController.m */; };
		942C7CD11BDFBAD400E8F41F /* IDNViewControllerAnimatedTransitioningLeftRight.h in Headers */ = {isa = PBXBuildFile; fileRef = 942C7C611BDFBAD300E8F41F /* IDNViewControllerAnimatedTransitioningLeftRight.h */; };
		942C7CD21BDFBAD400E8F41F /* IDNViewControllerAnimatedTransitioningLeftRight.m in Sources */ = {isa = PBXBuildFile; fileRef = 942C7C621BDFBAD300E8F41F /* IDNViewControllerAnimatedTransitioningLeftRight.m */; };
		942C7CD31BDFBAD400E8F41F /* UIAlertView+IDN.h in Headers */ = {isa = PBXBuildFile; fileRef = 942C7C631BDFBAD300E8F41F /* UIAlertView+IDN.h */; };
		942C7CD41BDFBAD400E8F41F /* UIAlertView+IDN.m in Sources */ = {isa = PBXBuildFile; fileRef = 942C7C641BDFBAD300E8F41F /* UIAlertView+IDN.m */; };
		942C7CD51BDFBAD400E8F41F /* UIBezierPath+IDNExtend.h in Headers */ = {isa = PBXBuildFile; fileRef = 942C7C651BDFBAD300E8F41F /* UIBezierPath+IDNExtend.h */; };
		942C7CD61BDFBAD400E8F41F /* UIBezierPath+IDNExtend.m in Sources */ = {isa = PBXBuildFile; fileRef = 942C7C661BDFBAD300E8F41F /* UIBezierPath+IDNExtend.m */; };
		942C7CD71BDFBAD400E8F41F /* UIImage+IDNExtend.h in Headers */ = {isa = PBXBuildFile; fileRef = 942C7C671BDFBAD300E8F41F /* UIImage+IDNExtend.h */; };
		942C7CD81BDFBAD400E8F41F /* UIImage+IDNExtend.m in Sources */ = {isa = PBXBuildFile; fileRef = 942C7C681BDFBAD300E8F41F /* UIImage+IDNExtend.m */; };
		942C7CD91BDFBAD400E8F41F /* UINavigationController+IDNNavBarHidden.h in Headers */ = {isa = PBXBuildFile; fileRef = 942C7C691BDFBAD300E8F41F /* UINavigationController+IDNNavBarHidden.h */; };
		942C7CDA1BDFBAD400E8F41F /* UINavigationController+IDNNavBarHidden.m in Sources */ = {isa = PBXBuildFile; fileRef = 942C7C6A1BDFBAD300E8F41F /* UINavigationController+IDNNavBarHidden.m */; };
		942C7CDB1BDFBAD400E8F41F /* UIPickerView+IDNPickDate.h in Headers */ = {isa = PBXBuildFile; fileRef = 942C7C6B1BDFBAD300E8F41F /* UIPickerView+IDNPickDate.h */; };
		942C7CDC1BDFBAD400E8F41F /* UIPickerView+IDNPickDate.m in Sources */ = {isa = PBXBuildFile; fileRef = 942C7C6C1BDFBAD300E8F41F /* UIPickerView+IDNPickDate.m */; };
		942C7CDD1BDFBAD400E8F41F /* UIPickerView+IDNTap.h in Headers */ = {isa = PBXBuildFile; fileRef = 942C7C6D1BDFBAD300E8F41F /* UIPickerView+IDNTap.h */; };
		942C7CDE1BDFBAD400E8F41F /* UIPickerView+IDNTap.m in Sources */ = {isa = PBXBuildFile; fileRef = 942C7C6E1BDFBAD300E8F41F /* UIPickerView+IDNTap.m */; };
		942C7CDF1BDFBAD400E8F41F /* UIScreen+IDNExtend.h in Headers */ = {isa = PBXBuildFile; fileRef = 942C7C6F1BDFBAD300E8F41F /* UIScreen+IDNExtend.h */; };
		942C7CE01BDFBAD400E8F41F /* UIScreen+IDNExtend.m in Sources */ = {isa = PBXBuildFile; fileRef = 942C7C701BDFBAD300E8F41F /* UIScreen+IDNExtend.m */; };
		942C7CE11BDFBAD400E8F41F /* UITabBar+IDNRedPoint.h in Headers */ = {isa = PBXBuildFile; fileRef = 942C7C711BDFBAD300E8F41F /* UITabBar+IDNRedPoint.h */; };
		942C7CE21BDFBAD400E8F41F /* UITabBar+IDNRedPoint.m in Sources */ = {isa = PBXBuildFile; fileRef = 942C7C721BDFBAD300E8F41F /* UITabBar+IDNRedPoint.m */; };
		942C7CE31BDFBAD400E8F41F /* UIView+IDNCountBadge.h in Headers */ = {isa = PBXBuildFile; fileRef = 942C7C731BDFBAD300E8F41F /* UIView+IDNCountBadge.h */; };
		942C7CE41BDFBAD400E8F41F /* UIView+IDNCountBadge.m in Sources */ = {isa = PBXBuildFile; fileRef = 942C7C741BDFBAD400E8F41F /* UIView+IDNCountBadge.m */; };
		942C7CE51BDFBAD400E8F41F /* UIView+IDNExtend.h in Headers */ = {isa = PBXBuildFile; fileRef = 942C7C751BDFBAD400E8F41F /* UIView+IDNExtend.h */; };
		942C7CE61BDFBAD400E8F41F /* UIView+IDNExtend.m in Sources */ = {isa = PBXBuildFile; fileRef = 942C7C761BDFBAD400E8F41F /* UIView+IDNExtend.m */; };
		942C7CE71BDFBAD400E8F41F /* UIView+IDNKeyboard.h in Headers */ = {isa = PBXBuildFile; fileRef = 942C7C771BDFBAD400E8F41F /* UIView+IDNKeyboard.h */; };
		942C7CE81BDFBAD400E8F41F /* UIView+IDNKeyboard.m in Sources */ = {isa = PBXBuildFile; fileRef = 942C7C781BDFBAD400E8F41F /* UIView+IDNKeyboard.m */; };
		942C7CE91BDFBAD400E8F41F /* UIView+IDNZoom.h in Headers */ = {isa = PBXBuildFile; fileRef = 942C7C791BDFBAD400E8F41F /* UIView+IDNZoom.h */; };
		942C7CEA1BDFBAD400E8F41F /* UIView+IDNZoom.m in Sources */ = {isa = PBXBuildFile; fileRef = 942C7C7A1BDFBAD400E8F41F /* UIView+IDNZoom.m */; };
		942C7CEB1BDFBAD400E8F41F /* UIViewController+IDNPresentationStack.h in Headers */ = {isa = PBXBuildFile; fileRef = 942C7C7B1BDFBAD400E8F41F /* UIViewController+IDNPresentationStack.h */; };
		942C7CEC1BDFBAD400E8F41F /* UIViewController+IDNPresentationStack.m in Sources */ = {isa = PBXBuildFile; fileRef = 942C7C7C1BDFBAD400E8F41F /* UIViewController+IDNPresentationStack.m */; };
		942C7CED1BDFBAD400E8F41F /* UIViewController+IDNPrompt.h in Headers */ = {isa = PBXBuildFile; fileRef = 942C7C7D1BDFBAD400E8F41F /* UIViewController+IDNPrompt.h */; };
		942C7CEE1BDFBAD400E8F41F /* UIViewController+IDNPrompt.m in Sources */ = {isa = PBXBuildFile; fileRef = 942C7C7E1BDFBAD400E8F41F /* UIViewController+IDNPrompt.m */; };
		942C7CEF1BDFBAD400E8F41F /* UIViewController+IDNScreenAdapt.h in Headers */ = {isa = PBXBuildFile; fileRef = 942C7C7F1BDFBAD400E8F41F /* UIViewController+IDNScreenAdapt.h */; };
		942C7CF01BDFBAD400E8F41F /* UIViewController+IDNScreenAdapt.m in Sources */ = {isa = PBXBuildFile; fileRef = 942C7C801BDFBAD400E8F41F /* UIViewController+IDNScreenAdapt.m */; };
		942C7CF11BDFBAD400E8F41F /* UIViewController+IDNTransition.h in Headers */ = {isa = PBXBuildFile; fileRef = 942C7C811BDFBAD400E8F41F /* UIViewController+IDNTransition.h */; };
		942C7CF21BDFBAD400E8F41F /* UIViewController+IDNTransition.m in Sources */ = {isa = PBXBuildFile; fileRef = 942C7C821BDFBAD400E8F41F /* UIViewController+IDNTransition.m */; };
		945DB68B1AD8FC8800C13526 /* IDNFramework.framework in Frameworks */ = {isa = PBXBuildFile; fileRef = 945DB67F1AD8FC8800C13526 /* IDNFramework.framework */; };
		9486C8A81BF753AA00CBB6FB /* IDNTouchGestureRecognizer.h in Headers */ = {isa = PBXBuildFile; fileRef = 9486C8A61BF753AA00CBB6FB /* IDNTouchGestureRecognizer.h */; };
		9486C8A91BF753AA00CBB6FB /* IDNTouchGestureRecognizer.m in Sources */ = {isa = PBXBuildFile; fileRef = 9486C8A71BF753AA00CBB6FB /* IDNTouchGestureRecognizer.m */; };
		9486C9591BF7B37900CBB6FB /* NSObject+IDNNotice.h in Headers */ = {isa = PBXBuildFile; fileRef = 9486C9571BF7B37900CBB6FB /* NSObject+IDNNotice.h */; };
		9486C95A1BF7B37900CBB6FB /* NSObject+IDNNotice.m in Sources */ = {isa = PBXBuildFile; fileRef = 9486C9581BF7B37900CBB6FB /* NSObject+IDNNotice.m */; };
		94AA6DF81B38077E00778B21 /* IDNFileCacheTest.m in Sources */ = {isa = PBXBuildFile; fileRef = 94AA6DF71B38077E00778B21 /* IDNFileCacheTest.m */; };
/* End PBXBuildFile section */

/* Begin PBXContainerItemProxy section */
		945DB68C1AD8FC8800C13526 /* PBXContainerItemProxy */ = {
			isa = PBXContainerItemProxy;
			containerPortal = 945DB6761AD8FC8800C13526 /* Project object */;
			proxyType = 1;
			remoteGlobalIDString = 945DB67E1AD8FC8800C13526;
			remoteInfo = IDNFramework;
		};
/* End PBXContainerItemProxy section */

/* Begin PBXFileReference section */
		942C7C121BDFBAD300E8F41F /* IDNAsyncTask.h */ = {isa = PBXFileReference; fileEncoding = 4; lastKnownFileType = sourcecode.c.h; path = IDNAsyncTask.h; sourceTree = "<group>"; };
		942C7C131BDFBAD300E8F41F /* IDNAsyncTask.m */ = {isa = PBXFileReference; fileEncoding = 4; lastKnownFileType = sourcecode.c.objc; path = IDNAsyncTask.m; sourceTree = "<group>"; };
		942C7C141BDFBAD300E8F41F /* IDNFileCache.h */ = {isa = PBXFileReference; fileEncoding = 4; lastKnownFileType = sourcecode.c.h; path = IDNFileCache.h; sourceTree = "<group>"; };
		942C7C151BDFBAD300E8F41F /* IDNFileCache.m */ = {isa = PBXFileReference; fileEncoding = 4; lastKnownFileType = sourcecode.c.objc; path = IDNFileCache.m; sourceTree = "<group>"; };
		942C7C161BDFBAD300E8F41F /* IDNFixedList.h */ = {isa = PBXFileReference; fileEncoding = 4; lastKnownFileType = sourcecode.c.h; path = IDNFixedList.h; sourceTree = "<group>"; };
		942C7C171BDFBAD300E8F41F /* IDNFixedList.m */ = {isa = PBXFileReference; fileEncoding = 4; lastKnownFileType = sourcecode.c.objc; path = IDNFixedList.m; sourceTree = "<group>"; };
		942C7C181BDFBAD300E8F41F /* IDNFoundation.h */ = {isa = PBXFileReference; fileEncoding = 4; lastKnownFileType = sourcecode.c.h; path = IDNFoundation.h; sourceTree = "<group>"; };
		942C7C191BDFBAD300E8F41F /* IDNItemCenter.h */ = {isa = PBXFileReference; fileEncoding = 4; lastKnownFileType = sourcecode.c.h; path = IDNItemCenter.h; sourceTree = "<group>"; };
		942C7C1A1BDFBAD300E8F41F /* IDNItemCenter.m */ = {isa = PBXFileReference; fileEncoding = 4; lastKnownFileType = sourcecode.c.objc; path = IDNItemCenter.m; sourceTree = "<group>"; };
		942C7C1B1BDFBAD300E8F41F /* IDNListItemCenter.h */ = {isa = PBXFileReference; fileEncoding = 4; lastKnownFileType = sourcecode.c.h; path = IDNListItemCenter.h; sourceTree = "<group>"; };
		942C7C1C1BDFBAD300E8F41F /* IDNListItemCenter.m */ = {isa = PBXFileReference; fileEncoding = 4; lastKnownFileType = sourcecode.c.objc; path = IDNListItemCenter.m; sourceTree = "<group>"; };
		942C7C1D1BDFBAD300E8F41F /* IDNNetwork.h */ = {isa = PBXFileReference; fileEncoding = 4; lastKnownFileType = sourcecode.c.h; path = IDNNetwork.h; sourceTree = "<group>"; };
		942C7C1E1BDFBAD300E8F41F /* IDNNetwork.m */ = {isa = PBXFileReference; fileEncoding = 4; lastKnownFileType = sourcecode.c.objc; path = IDNNetwork.m; sourceTree = "<group>"; };
		942C7C1F1BDFBAD300E8F41F /* IDNResultList.h */ = {isa = PBXFileReference; fileEncoding = 4; lastKnownFileType = sourcecode.c.h; path = IDNResultList.h; sourceTree = "<group>"; };
		942C7C201BDFBAD300E8F41F /* IDNResultList.m */ = {isa = PBXFileReference; fileEncoding = 4; lastKnownFileType = sourcecode.c.objc; path = IDNResultList.m; sourceTree = "<group>"; };
		942C7C211BDFBAD300E8F41F /* IDNSegList.h */ = {isa = PBXFileReference; fileEncoding = 4; lastKnownFileType = sourcecode.c.h; path = IDNSegList.h; sourceTree = "<group>"; };
		942C7C221BDFBAD300E8F41F /* IDNSegList.m */ = {isa = PBXFileReference; fileEncoding = 4; lastKnownFileType = sourcecode.c.objc; path = IDNSegList.m; sourceTree = "<group>"; };
		942C7C231BDFBAD300E8F41F /* IDNTask.h */ = {isa = PBXFileReference; fileEncoding = 4; lastKnownFileType = sourcecode.c.h; path = IDNTask.h; sourceTree = "<group>"; };
		942C7C241BDFBAD300E8F41F /* IDNTask.m */ = {isa = PBXFileReference; fileEncoding = 4; lastKnownFileType = sourcecode.c.objc; path = IDNTask.m; sourceTree = "<group>"; };
		942C7C251BDFBAD300E8F41F /* NSArray+IDN.h */ = {isa = PBXFileReference; fileEncoding = 4; lastKnownFileType = sourcecode.c.h; path = "NSArray+IDN.h"; sourceTree = "<group>"; };
		942C7C261BDFBAD300E8F41F /* NSArray+IDN.m */ = {isa = PBXFileReference; fileEncoding = 4; lastKnownFileType = sourcecode.c.objc; path = "NSArray+IDN.m"; sourceTree = "<group>"; };
		942C7C271BDFBAD300E8F41F /* NSData+IDNExtend.h */ = {isa = PBXFileReference; fileEncoding = 4; lastKnownFileType = sourcecode.c.h; path = "NSData+IDNExtend.h"; sourceTree = "<group>"; };
		942C7C281BDFBAD300E8F41F /* NSData+IDNExtend.m */ = {isa = PBXFileReference; fileEncoding = 4; lastKnownFileType = sourcecode.c.objc; path = "NSData+IDNExtend.m"; sourceTree = "<group>"; };
		942C7C291BDFBAD300E8F41F /* NSDate+IDNExtend.h */ = {isa = PBXFileReference; fileEncoding = 4; lastKnownFileType = sourcecode.c.h; path = "NSDate+IDNExtend.h"; sourceTree = "<group>"; };
		942C7C2A1BDFBAD300E8F41F /* NSDate+IDNExtend.m */ = {isa = PBXFileReference; fileEncoding = 4; lastKnownFileType = sourcecode.c.objc; path = "NSDate+IDNExtend.m"; sourceTree = "<group>"; };
		942C7C2B1BDFBAD300E8F41F /* NSDictionary+IDNExtend.h */ = {isa = PBXFileReference; fileEncoding = 4; lastKnownFileType = sourcecode.c.h; path = "NSDictionary+IDNExtend.h"; sourceTree = "<group>"; };
		942C7C2C1BDFBAD300E8F41F /* NSDictionary+IDNExtend.m */ = {isa = PBXFileReference; fileEncoding = 4; lastKnownFileType = sourcecode.c.objc; path = "NSDictionary+IDNExtend.m"; sourceTree = "<group>"; };
		942C7C2D1BDFBAD300E8F41F /* NSError+IDNExtend.h */ = {isa = PBXFileReference; fileEncoding = 4; lastKnownFileType = sourcecode.c.h; path = "NSError+IDNExtend.h"; sourceTree = "<group>"; };
		942C7C2E1BDFBAD300E8F41F /* NSError+IDNExtend.m */ = {isa = PBXFileReference; fileEncoding = 4; lastKnownFileType = sourcecode.c.objc; path = "NSError+IDNExtend.m"; sourceTree = "<group>"; };
		942C7C2F1BDFBAD300E8F41F /* NSFileManager+IDNExtend.h */ = {isa = PBXFileReference; fileEncoding = 4; lastKnownFileType = sourcecode.c.h; path = "NSFileManager+IDNExtend.h"; sourceTree = "<group>"; };
		942C7C301BDFBAD300E8F41F /* NSFileManager+IDNExtend.m */ = {isa = PBXFileReference; fileEncoding = 4; lastKnownFileType = sourcecode.c.objc; path = "NSFileManager+IDNExtend.m"; sourceTree = "<group>"; };
		942C7C311BDFBAD300E8F41F /* NSObject+IDNDeallocBlock.h */ = {isa = PBXFileReference; fileEncoding = 4; lastKnownFileType = sourcecode.c.h; path = "NSObject+IDNDeallocBlock.h"; sourceTree = "<group>"; };
		942C7C321BDFBAD300E8F41F /* NSObject+IDNDeallocBlock.m */ = {isa = PBXFileReference; fileEncoding = 4; lastKnownFileType = sourcecode.c.objc; path = "NSObject+IDNDeallocBlock.m"; sourceTree = "<group>"; };
		942C7C331BDFBAD300E8F41F /* NSObject+IDNEventHandle.h */ = {isa = PBXFileReference; fileEncoding = 4; lastKnownFileType = sourcecode.c.h; path = "NSObject+IDNEventHandle.h"; sourceTree = "<group>"; };
		942C7C341BDFBAD300E8F41F /* NSObject+IDNEventHandle.m */ = {isa = PBXFileReference; fileEncoding = 4; lastKnownFileType = sourcecode.c.objc; path = "NSObject+IDNEventHandle.m"; sourceTree = "<group>"; };
		942C7C351BDFBAD300E8F41F /* NSObject+IDNPerformSelectorNoWarning.h */ = {isa = PBXFileReference; fileEncoding = 4; lastKnownFileType = sourcecode.c.h; path = "NSObject+IDNPerformSelectorNoWarning.h"; sourceTree = "<group>"; };
		942C7C361BDFBAD300E8F41F /* NSObject+IDNPerformSelectorNoWarning.m */ = {isa = PBXFileReference; fileEncoding = 4; lastKnownFileType = sourcecode.c.objc; path = "NSObject+IDNPerformSelectorNoWarning.m"; sourceTree = "<group>"; };
		942C7C371BDFBAD300E8F41F /* NSPointerArray+IDNExtend.h */ = {isa = PBXFileReference; fileEncoding = 4; lastKnownFileType = sourcecode.c.h; path = "NSPointerArray+IDNExtend.h"; sourceTree = "<group>"; };
		942C7C381BDFBAD300E8F41F /* NSPointerArray+IDNExtend.m */ = {isa = PBXFileReference; fileEncoding = 4; lastKnownFileType = sourcecode.c.objc; path = "NSPointerArray+IDNExtend.m"; sourceTree = "<group>"; };
		942C7C391BDFBAD300E8F41F /* NSString+IDNExtend.h */ = {isa = PBXFileReference; fileEncoding = 4; lastKnownFileType = sourcecode.c.h; path = "NSString+IDNExtend.h"; sourceTree = "<group>"; };
		942C7C3A1BDFBAD300E8F41F /* NSString+IDNExtend.m */ = {isa = PBXFileReference; fileEncoding = 4; lastKnownFileType = sourcecode.c.objc; path = "NSString+IDNExtend.m"; sourceTree = "<group>"; };
		942C7C3B1BDFBAD300E8F41F /* NSTimer+IDNWeakTarget.h */ = {isa = PBXFileReference; fileEncoding = 4; lastKnownFileType = sourcecode.c.h; path = "NSTimer+IDNWeakTarget.h"; sourceTree = "<group>"; };
		942C7C3C1BDFBAD300E8F41F /* NSTimer+IDNWeakTarget.m */ = {isa = PBXFileReference; fileEncoding = 4; lastKnownFileType = sourcecode.c.objc; path = "NSTimer+IDNWeakTarget.m"; sourceTree = "<group>"; };
		942C7C3D1BDFBAD300E8F41F /* SegmentQuery.h */ = {isa = PBXFileReference; fileEncoding = 4; lastKnownFileType = sourcecode.c.h; path = SegmentQuery.h; sourceTree = "<group>"; };
		942C7C3E1BDFBAD300E8F41F /* SegmentQuery.m */ = {isa = PBXFileReference; fileEncoding = 4; lastKnownFileType = sourcecode.c.objc; path = SegmentQuery.m; sourceTree = "<group>"; };
		942C7C401BDFBAD300E8F41F /* IDNActivityIndicator.h */ = {isa = PBXFileReference; fileEncoding = 4; lastKnownFileType = sourcecode.c.h; path = IDNActivityIndicator.h; sourceTree = "<group>"; };
		942C7C411BDFBAD300E8F41F /* IDNActivityIndicator.m */ = {isa = PBXFileReference; fileEncoding = 4; lastKnownFileType = sourcecode.c.objc; path = IDNActivityIndicator.m; sourceTree = "<group>"; };
		942C7C421BDFBAD300E8F41F /* IDNColorButton.h */ = {isa = PBXFileReference; fileEncoding = 4; lastKnownFileType = sourcecode.c.h; path = IDNColorButton.h; sourceTree = "<group>"; };
		942C7C431BDFBAD300E8F41F /* IDNColorButton.m */ = {isa = PBXFileReference; fileEncoding = 4; lastKnownFileType = sourcecode.c.objc; path = IDNColorButton.m; sourceTree = "<group>"; };
		942C7C441BDFBAD300E8F41F /* IDNFrameView.h */ = {isa = PBXFileReference; fileEncoding = 4; lastKnownFileType = sourcecode.c.h; path = IDNFrameView.h; sourceTree = "<group>"; };
		942C7C451BDFBAD300E8F41F /* IDNFrameView.m */ = {isa = PBXFileReference; fileEncoding = 4; lastKnownFileType = sourcecode.c.objc; path = IDNFrameView.m; sourceTree = "<group>"; };
		942C7C461BDFBAD300E8F41F /* IDNGradientView.h */ = {isa = PBXFileReference; fileEncoding = 4; lastKnownFileType = sourcecode.c.h; path = IDNGradientView.h; sourceTree = "<group>"; };
		942C7C471BDFBAD300E8F41F /* IDNGradientView.m */ = {isa = PBXFileReference; fileEncoding = 4; lastKnownFileType = sourcecode.c.objc; path = IDNGradientView.m; sourceTree = "<group>"; };
		942C7C481BDFBAD300E8F41F /* IDNImagePickerController.h */ = {isa = PBXFileReference; fileEncoding = 4; lastKnownFileType = sourcecode.c.h; path = IDNImagePickerController.h; sourceTree = "<group>"; };
		942C7C491BDFBAD300E8F41F /* IDNImagePickerController.m */ = {isa = PBXFileReference; fileEncoding = 4; lastKnownFileType = sourcecode.c.objc; path = IDNImagePickerController.m; sourceTree = "<group>"; };
		942C7C4A1BDFBAD300E8F41F /* IDNInputHelperView.h */ = {isa = PBXFileReference; fileEncoding = 4; lastKnownFileType = sourcecode.c.h; path = IDNInputHelperView.h; sourceTree = "<group>"; };
		942C7C4B1BDFBAD300E8F41F /* IDNInputHelperView.m */ = {isa = PBXFileReference; fileEncoding = 4; lastKnownFileType = sourcecode.c.objc; path = IDNInputHelperView.m; sourceTree = "<group>"; };
		942C7C4C1BDFBAD300E8F41F /* IDNKit.h */ = {isa = PBXFileReference; fileEncoding = 4; lastKnownFileType = sourcecode.c.h; path = IDNKit.h; sourceTree = "<group>"; };
		942C7C4D1BDFBAD300E8F41F /* IDNMainController.h */ = {isa = PBXFileReference; fileEncoding = 4; lastKnownFileType = sourcecode.c.h; path = IDNMainController.h; sourceTree = "<group>"; };
		942C7C4E1BDFBAD300E8F41F /* IDNMainController.m */ = {isa = PBXFileReference; fileEncoding = 4; lastKnownFileType = sourcecode.c.objc; path = IDNMainController.m; sourceTree = "<group>"; };
		942C7C4F1BDFBAD300E8F41F /* IDNPageController.h */ = {isa = PBXFileReference; fileEncoding = 4; lastKnownFileType = sourcecode.c.h; path = IDNPageController.h; sourceTree = "<group>"; };
		942C7C501BDFBAD300E8F41F /* IDNPageController.m */ = {isa = PBXFileReference; fileEncoding = 4; lastKnownFileType = sourcecode.c.objc; path = IDNPageController.m; sourceTree = "<group>"; };
		942C7C511BDFBAD300E8F41F /* IDNProgressView.h */ = {isa = PBXFileReference; fileEncoding = 4; lastKnownFileType = sourcecode.c.h; path = IDNProgressView.h; sourceTree = "<group>"; };
		942C7C521BDFBAD300E8F41F /* IDNProgressView.m */ = {isa = PBXFileReference; fileEncoding = 4; lastKnownFileType = sourcecode.c.objc; path = IDNProgressView.m; sourceTree = "<group>"; };
		942C7C531BDFBAD300E8F41F /* IDNRefreshControl.h */ = {isa = PBXFileReference; fileEncoding = 4; lastKnownFileType = sourcecode.c.h; path = IDNRefreshControl.h; sourceTree = "<group>"; };
		942C7C541BDFBAD300E8F41F /* IDNRefreshControl.m */ = {isa = PBXFileReference; fileEncoding = 4; lastKnownFileType = sourcecode.c.objc; path = IDNRefreshControl.m; sourceTree = "<group>"; };
		942C7C551BDFBAD300E8F41F /* IDNScanCodeView.h */ = {isa = PBXFileReference; fileEncoding = 4; lastKnownFileType = sourcecode.c.h; path = IDNScanCodeView.h; sourceTree = "<group>"; };
		942C7C561BDFBAD300E8F41F /* IDNScanCodeView.m */ = {isa = PBXFileReference; fileEncoding = 4; lastKnownFileType = sourcecode.c.objc; path = IDNScanCodeView.m; sourceTree = "<group>"; };
		942C7C571BDFBAD300E8F41F /* IDNSearchBar.h */ = {isa = PBXFileReference; fileEncoding = 4; lastKnownFileType = sourcecode.c.h; path = IDNSearchBar.h; sourceTree = "<group>"; };
		942C7C581BDFBAD300E8F41F /* IDNSearchBar.m */ = {isa = PBXFileReference; fileEncoding = 4; lastKnownFileType = sourcecode.c.objc; path = IDNSearchBar.m; sourceTree = "<group>"; };
		942C7C591BDFBAD300E8F41F /* IDNSideMenuController.h */ = {isa = PBXFileReference; fileEncoding = 4; lastKnownFileType = sourcecode.c.h; path = IDNSideMenuController.h; sourceTree = "<group>"; };
		942C7C5A1BDFBAD300E8F41F /* IDNSideMenuController.m */ = {isa = PBXFileReference; fileEncoding = 4; lastKnownFileType = sourcecode.c.objc; path = IDNSideMenuController.m; sourceTree = "<group>"; };
		942C7C5B1BDFBAD300E8F41F /* IDNSplitMainController.h */ = {isa = PBXFileReference; fileEncoding = 4; lastKnownFileType = sourcecode.c.h; path = IDNSplitMainController.h; sourceTree = "<group>"; };
		942C7C5C1BDFBAD300E8F41F /* IDNSplitMainController.m */ = {isa = PBXFileReference; fileEncoding = 4; lastKnownFileType = sourcecode.c.objc; path = IDNSplitMainController.m; sourceTree = "<group>"; };
		942C7C5D1BDFBAD300E8F41F /* IDNTapGestureRecognizer.h */ = {isa = PBXFileReference; fileEncoding = 4; lastKnownFileType = sourcecode.c.h; path = IDNTapGestureRecognizer.h; sourceTree = "<group>"; };
		942C7C5E1BDFBAD300E8F41F /* IDNTapGestureRecognizer.m */ = {isa = PBXFileReference; fileEncoding = 4; lastKnownFileType = sourcecode.c.objc; path = IDNTapGestureRecognizer.m; sourceTree = "<group>"; };
		942C7C5F1BDFBAD300E8F41F /* IDNTopTabController.h */ = {isa = PBXFileReference; fileEncoding = 4; lastKnownFileType = sourcecode.c.h; path = IDNTopTabController.h; sourceTree = "<group>"; };
		942C7C601BDFBAD300E8F41F /* IDNTopTabController.m */ = {isa = PBXFileReference; fileEncoding = 4; lastKnownFileType = sourcecode.c.objc; path = IDNTopTabController.m; sourceTree = "<group>"; };
		942C7C611BDFBAD300E8F41F /* IDNViewControllerAnimatedTransitioningLeftRight.h */ = {isa = PBXFileReference; fileEncoding = 4; lastKnownFileType = sourcecode.c.h; path = IDNViewControllerAnimatedTransitioningLeftRight.h; sourceTree = "<group>"; };
		942C7C621BDFBAD300E8F41F /* IDNViewControllerAnimatedTransitioningLeftRight.m */ = {isa = PBXFileReference; fileEncoding = 4; lastKnownFileType = sourcecode.c.objc; path = IDNViewControllerAnimatedTransitioningLeftRight.m; sourceTree = "<group>"; };
		942C7C631BDFBAD300E8F41F /* UIAlertView+IDN.h */ = {isa = PBXFileReference; fileEncoding = 4; lastKnownFileType = sourcecode.c.h; path = "UIAlertView+IDN.h"; sourceTree = "<group>"; };
		942C7C641BDFBAD300E8F41F /* UIAlertView+IDN.m */ = {isa = PBXFileReference; fileEncoding = 4; lastKnownFileType = sourcecode.c.objc; path = "UIAlertView+IDN.m"; sourceTree = "<group>"; };
		942C7C651BDFBAD300E8F41F /* UIBezierPath+IDNExtend.h */ = {isa = PBXFileReference; fileEncoding = 4; lastKnownFileType = sourcecode.c.h; path = "UIBezierPath+IDNExtend.h"; sourceTree = "<group>"; };
		942C7C661BDFBAD300E8F41F /* UIBezierPath+IDNExtend.m */ = {isa = PBXFileReference; fileEncoding = 4; lastKnownFileType = sourcecode.c.objc; path = "UIBezierPath+IDNExtend.m"; sourceTree = "<group>"; };
		942C7C671BDFBAD300E8F41F /* UIImage+IDNExtend.h */ = {isa = PBXFileReference; fileEncoding = 4; lastKnownFileType = sourcecode.c.h; path = "UIImage+IDNExtend.h"; sourceTree = "<group>"; };
		942C7C681BDFBAD300E8F41F /* UIImage+IDNExtend.m */ = {isa = PBXFileReference; fileEncoding = 4; lastKnownFileType = sourcecode.c.objc; path = "UIImage+IDNExtend.m"; sourceTree = "<group>"; };
		942C7C691BDFBAD300E8F41F /* UINavigationController+IDNNavBarHidden.h */ = {isa = PBXFileReference; fileEncoding = 4; lastKnownFileType = sourcecode.c.h; path = "UINavigationController+IDNNavBarHidden.h"; sourceTree = "<group>"; };
		942C7C6A1BDFBAD300E8F41F /* UINavigationController+IDNNavBarHidden.m */ = {isa = PBXFileReference; fileEncoding = 4; lastKnownFileType = sourcecode.c.objc; path = "UINavigationController+IDNNavBarHidden.m"; sourceTree = "<group>"; };
		942C7C6B1BDFBAD300E8F41F /* UIPickerView+IDNPickDate.h */ = {isa = PBXFileReference; fileEncoding = 4; lastKnownFileType = sourcecode.c.h; path = "UIPickerView+IDNPickDate.h"; sourceTree = "<group>"; };
		942C7C6C1BDFBAD300E8F41F /* UIPickerView+IDNPickDate.m */ = {isa = PBXFileReference; fileEncoding = 4; lastKnownFileType = sourcecode.c.objc; path = "UIPickerView+IDNPickDate.m"; sourceTree = "<group>"; };
		942C7C6D1BDFBAD300E8F41F /* UIPickerView+IDNTap.h */ = {isa = PBXFileReference; fileEncoding = 4; lastKnownFileType = sourcecode.c.h; path = "UIPickerView+IDNTap.h"; sourceTree = "<group>"; };
		942C7C6E1BDFBAD300E8F41F /* UIPickerView+IDNTap.m */ = {isa = PBXFileReference; fileEncoding = 4; lastKnownFileType = sourcecode.c.objc; path = "UIPickerView+IDNTap.m"; sourceTree = "<group>"; };
		942C7C6F1BDFBAD300E8F41F /* UIScreen+IDNExtend.h */ = {isa = PBXFileReference; fileEncoding = 4; lastKnownFileType = sourcecode.c.h; path = "UIScreen+IDNExtend.h"; sourceTree = "<group>"; };
		942C7C701BDFBAD300E8F41F /* UIScreen+IDNExtend.m */ = {isa = PBXFileReference; fileEncoding = 4; lastKnownFileType = sourcecode.c.objc; path = "UIScreen+IDNExtend.m"; sourceTree = "<group>"; };
		942C7C711BDFBAD300E8F41F /* UITabBar+IDNRedPoint.h */ = {isa = PBXFileReference; fileEncoding = 4; lastKnownFileType = sourcecode.c.h; path = "UITabBar+IDNRedPoint.h"; sourceTree = "<group>"; };
		942C7C721BDFBAD300E8F41F /* UITabBar+IDNRedPoint.m */ = {isa = PBXFileReference; fileEncoding = 4; lastKnownFileType = sourcecode.c.objc; path = "UITabBar+IDNRedPoint.m"; sourceTree = "<group>"; };
		942C7C731BDFBAD300E8F41F /* UIView+IDNCountBadge.h */ = {isa = PBXFileReference; fileEncoding = 4; lastKnownFileType = sourcecode.c.h; path = "UIView+IDNCountBadge.h"; sourceTree = "<group>"; };
		942C7C741BDFBAD400E8F41F /* UIView+IDNCountBadge.m */ = {isa = PBXFileReference; fileEncoding = 4; lastKnownFileType = sourcecode.c.objc; path = "UIView+IDNCountBadge.m"; sourceTree = "<group>"; };
		942C7C751BDFBAD400E8F41F /* UIView+IDNExtend.h */ = {isa = PBXFileReference; fileEncoding = 4; lastKnownFileType = sourcecode.c.h; path = "UIView+IDNExtend.h"; sourceTree = "<group>"; };
		942C7C761BDFBAD400E8F41F /* UIView+IDNExtend.m */ = {isa = PBXFileReference; fileEncoding = 4; lastKnownFileType = sourcecode.c.objc; path = "UIView+IDNExtend.m"; sourceTree = "<group>"; };
		942C7C771BDFBAD400E8F41F /* UIView+IDNKeyboard.h */ = {isa = PBXFileReference; fileEncoding = 4; lastKnownFileType = sourcecode.c.h; path = "UIView+IDNKeyboard.h"; sourceTree = "<group>"; };
		942C7C781BDFBAD400E8F41F /* UIView+IDNKeyboard.m */ = {isa = PBXFileReference; fileEncoding = 4; lastKnownFileType = sourcecode.c.objc; path = "UIView+IDNKeyboard.m"; sourceTree = "<group>"; };
		942C7C791BDFBAD400E8F41F /* UIView+IDNZoom.h */ = {isa = PBXFileReference; fileEncoding = 4; lastKnownFileType = sourcecode.c.h; path = "UIView+IDNZoom.h"; sourceTree = "<group>"; };
		942C7C7A1BDFBAD400E8F41F /* UIView+IDNZoom.m */ = {isa = PBXFileReference; fileEncoding = 4; lastKnownFileType = sourcecode.c.objc; path = "UIView+IDNZoom.m"; sourceTree = "<group>"; };
		942C7C7B1BDFBAD400E8F41F /* UIViewController+IDNPresentationStack.h */ = {isa = PBXFileReference; fileEncoding = 4; lastKnownFileType = sourcecode.c.h; path = "UIViewController+IDNPresentationStack.h"; sourceTree = "<group>"; };
		942C7C7C1BDFBAD400E8F41F /* UIViewController+IDNPresentationStack.m */ = {isa = PBXFileReference; fileEncoding = 4; lastKnownFileType = sourcecode.c.objc; path = "UIViewController+IDNPresentationStack.m"; sourceTree = "<group>"; };
		942C7C7D1BDFBAD400E8F41F /* UIViewController+IDNPrompt.h */ = {isa = PBXFileReference; fileEncoding = 4; lastKnownFileType = sourcecode.c.h; path = "UIViewController+IDNPrompt.h"; sourceTree = "<group>"; };
		942C7C7E1BDFBAD400E8F41F /* UIViewController+IDNPrompt.m */ = {isa = PBXFileReference; fileEncoding = 4; lastKnownFileType = sourcecode.c.objc; path = "UIViewController+IDNPrompt.m"; sourceTree = "<group>"; };
		942C7C7F1BDFBAD400E8F41F /* UIViewController+IDNScreenAdapt.h */ = {isa = PBXFileReference; fileEncoding = 4; lastKnownFileType = sourcecode.c.h; path = "UIViewController+IDNScreenAdapt.h"; sourceTree = "<group>"; };
		942C7C801BDFBAD400E8F41F /* UIViewController+IDNScreenAdapt.m */ = {isa = PBXFileReference; fileEncoding = 4; lastKnownFileType = sourcecode.c.objc; path = "UIViewController+IDNScreenAdapt.m"; sourceTree = "<group>"; };
		942C7C811BDFBAD400E8F41F /* UIViewController+IDNTransition.h */ = {isa = PBXFileReference; fileEncoding = 4; lastKnownFileType = sourcecode.c.h; path = "UIViewController+IDNTransition.h"; sourceTree = "<group>"; };
		942C7C821BDFBAD400E8F41F /* UIViewController+IDNTransition.m */ = {isa = PBXFileReference; fileEncoding = 4; lastKnownFileType = sourcecode.c.objc; path = "UIViewController+IDNTransition.m"; sourceTree = "<group>"; };
		945DB67F1AD8FC8800C13526 /* IDNFramework.framework */ = {isa = PBXFileReference; explicitFileType = wrapper.framework; includeInIndex = 0; path = IDNFramework.framework; sourceTree = BUILT_PRODUCTS_DIR; };
		945DB6831AD8FC8800C13526 /* Info.plist */ = {isa = PBXFileReference; lastKnownFileType = text.plist.xml; path = Info.plist; sourceTree = "<group>"; };
		945DB68A1AD8FC8800C13526 /* IDNFrameworkTests.xctest */ = {isa = PBXFileReference; explicitFileType = wrapper.cfbundle; includeInIndex = 0; path = IDNFrameworkTests.xctest; sourceTree = BUILT_PRODUCTS_DIR; };
		945DB6901AD8FC8800C13526 /* Info.plist */ = {isa = PBXFileReference; lastKnownFileType = text.plist.xml; path = Info.plist; sourceTree = "<group>"; };
		9486C8A61BF753AA00CBB6FB /* IDNTouchGestureRecognizer.h */ = {isa = PBXFileReference; fileEncoding = 4; lastKnownFileType = sourcecode.c.h; path = IDNTouchGestureRecognizer.h; sourceTree = "<group>"; };
		9486C8A71BF753AA00CBB6FB /* IDNTouchGestureRecognizer.m */ = {isa = PBXFileReference; fileEncoding = 4; lastKnownFileType = sourcecode.c.objc; path = IDNTouchGestureRecognizer.m; sourceTree = "<group>"; };
		9486C9571BF7B37900CBB6FB /* NSObject+IDNNotice.h */ = {isa = PBXFileReference; fileEncoding = 4; lastKnownFileType = sourcecode.c.h; path = "NSObject+IDNNotice.h"; sourceTree = "<group>"; };
		9486C9581BF7B37900CBB6FB /* NSObject+IDNNotice.m */ = {isa = PBXFileReference; fileEncoding = 4; lastKnownFileType = sourcecode.c.objc; path = "NSObject+IDNNotice.m"; sourceTree = "<group>"; };
		94AA6DF71B38077E00778B21 /* IDNFileCacheTest.m */ = {isa = PBXFileReference; fileEncoding = 4; lastKnownFileType = sourcecode.c.objc; path = IDNFileCacheTest.m; sourceTree = "<group>"; };
/* End PBXFileReference section */

/* Begin PBXFrameworksBuildPhase section */
		945DB67B1AD8FC8800C13526 /* Frameworks */ = {
			isa = PBXFrameworksBuildPhase;
			buildActionMask = 2147483647;
			files = (
			);
			runOnlyForDeploymentPostprocessing = 0;
		};
		945DB6871AD8FC8800C13526 /* Frameworks */ = {
			isa = PBXFrameworksBuildPhase;
			buildActionMask = 2147483647;
			files = (
				945DB68B1AD8FC8800C13526 /* IDNFramework.framework in Frameworks */,
			);
			runOnlyForDeploymentPostprocessing = 0;
		};
/* End PBXFrameworksBuildPhase section */

/* Begin PBXGroup section */
		942C7C101BDFBAD300E8F41F /* IDNFramework */ = {
			isa = PBXGroup;
			children = (
				942C7C111BDFBAD300E8F41F /* IDNFoundation */,
				942C7C3F1BDFBAD300E8F41F /* IDNKit */,
			);
			path = IDNFramework;
			sourceTree = "<group>";
		};
		942C7C111BDFBAD300E8F41F /* IDNFoundation */ = {
			isa = PBXGroup;
			children = (
				942C7C121BDFBAD300E8F41F /* IDNAsyncTask.h */,
				942C7C131BDFBAD300E8F41F /* IDNAsyncTask.m */,
				942C7C141BDFBAD300E8F41F /* IDNFileCache.h */,
				942C7C151BDFBAD300E8F41F /* IDNFileCache.m */,
				942C7C161BDFBAD300E8F41F /* IDNFixedList.h */,
				942C7C171BDFBAD300E8F41F /* IDNFixedList.m */,
				942C7C181BDFBAD300E8F41F /* IDNFoundation.h */,
				942C7C191BDFBAD300E8F41F /* IDNItemCenter.h */,
				942C7C1A1BDFBAD300E8F41F /* IDNItemCenter.m */,
				942C7C1B1BDFBAD300E8F41F /* IDNListItemCenter.h */,
				942C7C1C1BDFBAD300E8F41F /* IDNListItemCenter.m */,
				942C7C1D1BDFBAD300E8F41F /* IDNNetwork.h */,
				942C7C1E1BDFBAD300E8F41F /* IDNNetwork.m */,
				942C7C1F1BDFBAD300E8F41F /* IDNResultList.h */,
				942C7C201BDFBAD300E8F41F /* IDNResultList.m */,
				942C7C211BDFBAD300E8F41F /* IDNSegList.h */,
				942C7C221BDFBAD300E8F41F /* IDNSegList.m */,
				942C7C231BDFBAD300E8F41F /* IDNTask.h */,
				942C7C241BDFBAD300E8F41F /* IDNTask.m */,
				942C7C251BDFBAD300E8F41F /* NSArray+IDN.h */,
				942C7C261BDFBAD300E8F41F /* NSArray+IDN.m */,
				942C7C271BDFBAD300E8F41F /* NSData+IDNExtend.h */,
				942C7C281BDFBAD300E8F41F /* NSData+IDNExtend.m */,
				942C7C291BDFBAD300E8F41F /* NSDate+IDNExtend.h */,
				942C7C2A1BDFBAD300E8F41F /* NSDate+IDNExtend.m */,
				942C7C2B1BDFBAD300E8F41F /* NSDictionary+IDNExtend.h */,
				942C7C2C1BDFBAD300E8F41F /* NSDictionary+IDNExtend.m */,
				942C7C2D1BDFBAD300E8F41F /* NSError+IDNExtend.h */,
				942C7C2E1BDFBAD300E8F41F /* NSError+IDNExtend.m */,
				942C7C2F1BDFBAD300E8F41F /* NSFileManager+IDNExtend.h */,
				942C7C301BDFBAD300E8F41F /* NSFileManager+IDNExtend.m */,
				942C7C311BDFBAD300E8F41F /* NSObject+IDNDeallocBlock.h */,
				942C7C321BDFBAD300E8F41F /* NSObject+IDNDeallocBlock.m */,
				942C7C331BDFBAD300E8F41F /* NSObject+IDNEventHandle.h */,
				942C7C341BDFBAD300E8F41F /* NSObject+IDNEventHandle.m */,
				9486C9571BF7B37900CBB6FB /* NSObject+IDNNotice.h */,
				9486C9581BF7B37900CBB6FB /* NSObject+IDNNotice.m */,
				942C7C351BDFBAD300E8F41F /* NSObject+IDNPerformSelectorNoWarning.h */,
				942C7C361BDFBAD300E8F41F /* NSObject+IDNPerformSelectorNoWarning.m */,
				942C7C371BDFBAD300E8F41F /* NSPointerArray+IDNExtend.h */,
				942C7C381BDFBAD300E8F41F /* NSPointerArray+IDNExtend.m */,
				942C7C391BDFBAD300E8F41F /* NSString+IDNExtend.h */,
				942C7C3A1BDFBAD300E8F41F /* NSString+IDNExtend.m */,
				942C7C3B1BDFBAD300E8F41F /* NSTimer+IDNWeakTarget.h */,
				942C7C3C1BDFBAD300E8F41F /* NSTimer+IDNWeakTarget.m */,
				942C7C3D1BDFBAD300E8F41F /* SegmentQuery.h */,
				942C7C3E1BDFBAD300E8F41F /* SegmentQuery.m */,
			);
			path = IDNFoundation;
			sourceTree = "<group>";
		};
		942C7C3F1BDFBAD300E8F41F /* IDNKit */ = {
			isa = PBXGroup;
			children = (
				942C7C401BDFBAD300E8F41F /* IDNActivityIndicator.h */,
				942C7C411BDFBAD300E8F41F /* IDNActivityIndicator.m */,
				942C7C421BDFBAD300E8F41F /* IDNColorButton.h */,
				942C7C431BDFBAD300E8F41F /* IDNColorButton.m */,
				942C7C441BDFBAD300E8F41F /* IDNFrameView.h */,
				942C7C451BDFBAD300E8F41F /* IDNFrameView.m */,
				942C7C461BDFBAD300E8F41F /* IDNGradientView.h */,
				942C7C471BDFBAD300E8F41F /* IDNGradientView.m */,
				942C7C481BDFBAD300E8F41F /* IDNImagePickerController.h */,
				942C7C491BDFBAD300E8F41F /* IDNImagePickerController.m */,
				942C7C4A1BDFBAD300E8F41F /* IDNInputHelperView.h */,
				942C7C4B1BDFBAD300E8F41F /* IDNInputHelperView.m */,
				942C7C4C1BDFBAD300E8F41F /* IDNKit.h */,
				942C7C4D1BDFBAD300E8F41F /* IDNMainController.h */,
				942C7C4E1BDFBAD300E8F41F /* IDNMainController.m */,
				942C7C4F1BDFBAD300E8F41F /* IDNPageController.h */,
				942C7C501BDFBAD300E8F41F /* IDNPageController.m */,
				942C7C511BDFBAD300E8F41F /* IDNProgressView.h */,
				942C7C521BDFBAD300E8F41F /* IDNProgressView.m */,
				942C7C531BDFBAD300E8F41F /* IDNRefreshControl.h */,
				942C7C541BDFBAD300E8F41F /* IDNRefreshControl.m */,
				942C7C551BDFBAD300E8F41F /* IDNScanCodeView.h */,
				942C7C561BDFBAD300E8F41F /* IDNScanCodeView.m */,
				942C7C571BDFBAD300E8F41F /* IDNSearchBar.h */,
				942C7C581BDFBAD300E8F41F /* IDNSearchBar.m */,
				942C7C591BDFBAD300E8F41F /* IDNSideMenuController.h */,
				942C7C5A1BDFBAD300E8F41F /* IDNSideMenuController.m */,
				942C7C5B1BDFBAD300E8F41F /* IDNSplitMainController.h */,
				942C7C5C1BDFBAD300E8F41F /* IDNSplitMainController.m */,
				942C7C5D1BDFBAD300E8F41F /* IDNTapGestureRecognizer.h */,
				942C7C5E1BDFBAD300E8F41F /* IDNTapGestureRecognizer.m */,
				9486C8A61BF753AA00CBB6FB /* IDNTouchGestureRecognizer.h */,
				9486C8A71BF753AA00CBB6FB /* IDNTouchGestureRecognizer.m */,
				942C7C5F1BDFBAD300E8F41F /* IDNTopTabController.h */,
				942C7C601BDFBAD300E8F41F /* IDNTopTabController.m */,
				942C7C611BDFBAD300E8F41F /* IDNViewControllerAnimatedTransitioningLeftRight.h */,
				942C7C621BDFBAD300E8F41F /* IDNViewControllerAnimatedTransitioningLeftRight.m */,
				942C7C631BDFBAD300E8F41F /* UIAlertView+IDN.h */,
				942C7C641BDFBAD300E8F41F /* UIAlertView+IDN.m */,
				942C7C651BDFBAD300E8F41F /* UIBezierPath+IDNExtend.h */,
				942C7C661BDFBAD300E8F41F /* UIBezierPath+IDNExtend.m */,
				942C7C671BDFBAD300E8F41F /* UIImage+IDNExtend.h */,
				942C7C681BDFBAD300E8F41F /* UIImage+IDNExtend.m */,
				942C7C691BDFBAD300E8F41F /* UINavigationController+IDNNavBarHidden.h */,
				942C7C6A1BDFBAD300E8F41F /* UINavigationController+IDNNavBarHidden.m */,
				942C7C6B1BDFBAD300E8F41F /* UIPickerView+IDNPickDate.h */,
				942C7C6C1BDFBAD300E8F41F /* UIPickerView+IDNPickDate.m */,
				942C7C6D1BDFBAD300E8F41F /* UIPickerView+IDNTap.h */,
				942C7C6E1BDFBAD300E8F41F /* UIPickerView+IDNTap.m */,
				942C7C6F1BDFBAD300E8F41F /* UIScreen+IDNExtend.h */,
				942C7C701BDFBAD300E8F41F /* UIScreen+IDNExtend.m */,
				942C7C711BDFBAD300E8F41F /* UITabBar+IDNRedPoint.h */,
				942C7C721BDFBAD300E8F41F /* UITabBar+IDNRedPoint.m */,
				942C7C731BDFBAD300E8F41F /* UIView+IDNCountBadge.h */,
				942C7C741BDFBAD400E8F41F /* UIView+IDNCountBadge.m */,
				942C7C751BDFBAD400E8F41F /* UIView+IDNExtend.h */,
				942C7C761BDFBAD400E8F41F /* UIView+IDNExtend.m */,
				942C7C771BDFBAD400E8F41F /* UIView+IDNKeyboard.h */,
				942C7C781BDFBAD400E8F41F /* UIView+IDNKeyboard.m */,
				942C7C791BDFBAD400E8F41F /* UIView+IDNZoom.h */,
				942C7C7A1BDFBAD400E8F41F /* UIView+IDNZoom.m */,
				942C7C7B1BDFBAD400E8F41F /* UIViewController+IDNPresentationStack.h */,
				942C7C7C1BDFBAD400E8F41F /* UIViewController+IDNPresentationStack.m */,
				942C7C7D1BDFBAD400E8F41F /* UIViewController+IDNPrompt.h */,
				942C7C7E1BDFBAD400E8F41F /* UIViewController+IDNPrompt.m */,
				942C7C7F1BDFBAD400E8F41F /* UIViewController+IDNScreenAdapt.h */,
				942C7C801BDFBAD400E8F41F /* UIViewController+IDNScreenAdapt.m */,
				942C7C811BDFBAD400E8F41F /* UIViewController+IDNTransition.h */,
				942C7C821BDFBAD400E8F41F /* UIViewController+IDNTransition.m */,
			);
			path = IDNKit;
			sourceTree = "<group>";
		};
		945DB6751AD8FC8800C13526 = {
			isa = PBXGroup;
			children = (
				945DB6811AD8FC8800C13526 /* IDNFramework */,
				945DB68E1AD8FC8800C13526 /* IDNFrameworkTests */,
				945DB6801AD8FC8800C13526 /* Products */,
			);
			sourceTree = "<group>";
		};
		945DB6801AD8FC8800C13526 /* Products */ = {
			isa = PBXGroup;
			children = (
				945DB67F1AD8FC8800C13526 /* IDNFramework.framework */,
				945DB68A1AD8FC8800C13526 /* IDNFrameworkTests.xctest */,
			);
			name = Products;
			sourceTree = "<group>";
		};
		945DB6811AD8FC8800C13526 /* IDNFramework */ = {
			isa = PBXGroup;
			children = (
				942C7C101BDFBAD300E8F41F /* IDNFramework */,
				945DB6821AD8FC8800C13526 /* Supporting Files */,
			);
			path = IDNFramework;
			sourceTree = "<group>";
		};
		945DB6821AD8FC8800C13526 /* Supporting Files */ = {
			isa = PBXGroup;
			children = (
				945DB6831AD8FC8800C13526 /* Info.plist */,
			);
			name = "Supporting Files";
			sourceTree = "<group>";
		};
		945DB68E1AD8FC8800C13526 /* IDNFrameworkTests */ = {
			isa = PBXGroup;
			children = (
				94AA6DF61B38077E00778B21 /* IDNFoundationTest */,
				945DB68F1AD8FC8800C13526 /* Supporting Files */,
			);
			path = IDNFrameworkTests;
			sourceTree = "<group>";
		};
		945DB68F1AD8FC8800C13526 /* Supporting Files */ = {
			isa = PBXGroup;
			children = (
				945DB6901AD8FC8800C13526 /* Info.plist */,
			);
			name = "Supporting Files";
			sourceTree = "<group>";
		};
		94AA6DF61B38077E00778B21 /* IDNFoundationTest */ = {
			isa = PBXGroup;
			children = (
				94AA6DF71B38077E00778B21 /* IDNFileCacheTest.m */,
			);
			path = IDNFoundationTest;
			sourceTree = "<group>";
		};
/* End PBXGroup section */

/* Begin PBXHeadersBuildPhase section */
		945DB67C1AD8FC8800C13526 /* Headers */ = {
			isa = PBXHeadersBuildPhase;
			buildActionMask = 2147483647;
			files = (
				942C7C871BDFBAD400E8F41F /* IDNFixedList.h in Headers */,
				942C7CAE1BDFBAD400E8F41F /* SegmentQuery.h in Headers */,
				942C7CC71BDFBAD400E8F41F /* IDNSearchBar.h in Headers */,
				942C7C921BDFBAD400E8F41F /* IDNSegList.h in Headers */,
				942C7CEF1BDFBAD400E8F41F /* UIViewController+IDNScreenAdapt.h in Headers */,
				942C7C961BDFBAD400E8F41F /* NSArray+IDN.h in Headers */,
				9486C8A81BF753AA00CBB6FB /* IDNTouchGestureRecognizer.h in Headers */,
				942C7C8A1BDFBAD400E8F41F /* IDNItemCenter.h in Headers */,
				942C7CBF1BDFBAD400E8F41F /* IDNPageController.h in Headers */,
				942C7C8C1BDFBAD400E8F41F /* IDNListItemCenter.h in Headers */,
				942C7CA61BDFBAD400E8F41F /* NSObject+IDNPerformSelectorNoWarning.h in Headers */,
				942C7CD91BDFBAD400E8F41F /* UINavigationController+IDNNavBarHidden.h in Headers */,
				942C7CE91BDFBAD400E8F41F /* UIView+IDNZoom.h in Headers */,
				942C7CB21BDFBAD400E8F41F /* IDNColorButton.h in Headers */,
				942C7CBD1BDFBAD400E8F41F /* IDNMainController.h in Headers */,
				942C7CED1BDFBAD400E8F41F /* UIViewController+IDNPrompt.h in Headers */,
				942C7C981BDFBAD400E8F41F /* NSData+IDNExtend.h in Headers */,
				942C7CCF1BDFBAD400E8F41F /* IDNTopTabController.h in Headers */,
				942C7CE11BDFBAD400E8F41F /* UITabBar+IDNRedPoint.h in Headers */,
				942C7C901BDFBAD400E8F41F /* IDNResultList.h in Headers */,
				942C7CB01BDFBAD400E8F41F /* IDNActivityIndicator.h in Headers */,
				942C7CC91BDFBAD400E8F41F /* IDNSideMenuController.h in Headers */,
				942C7CA41BDFBAD400E8F41F /* NSObject+IDNEventHandle.h in Headers */,
				942C7CB61BDFBAD400E8F41F /* IDNGradientView.h in Headers */,
				942C7C9E1BDFBAD400E8F41F /* NSError+IDNExtend.h in Headers */,
				942C7C9C1BDFBAD400E8F41F /* NSDictionary+IDNExtend.h in Headers */,
				942C7CF11BDFBAD400E8F41F /* UIViewController+IDNTransition.h in Headers */,
				942C7CD71BDFBAD400E8F41F /* UIImage+IDNExtend.h in Headers */,
				942C7CEB1BDFBAD400E8F41F /* UIViewController+IDNPresentationStack.h in Headers */,
				942C7CD51BDFBAD400E8F41F /* UIBezierPath+IDNExtend.h in Headers */,
				942C7CD31BDFBAD400E8F41F /* UIAlertView+IDN.h in Headers */,
				942C7CBA1BDFBAD400E8F41F /* IDNInputHelperView.h in Headers */,
				942C7CA01BDFBAD400E8F41F /* NSFileManager+IDNExtend.h in Headers */,
				942C7CCD1BDFBAD400E8F41F /* IDNTapGestureRecognizer.h in Headers */,
				942C7CB81BDFBAD400E8F41F /* IDNImagePickerController.h in Headers */,
				942C7C941BDFBAD400E8F41F /* IDNTask.h in Headers */,
				942C7CDD1BDFBAD400E8F41F /* UIPickerView+IDNTap.h in Headers */,
				942C7C831BDFBAD400E8F41F /* IDNAsyncTask.h in Headers */,
				942C7CC51BDFBAD400E8F41F /* IDNScanCodeView.h in Headers */,
				942C7C851BDFBAD400E8F41F /* IDNFileCache.h in Headers */,
				942C7CAA1BDFBAD400E8F41F /* NSString+IDNExtend.h in Headers */,
				9486C9591BF7B37900CBB6FB /* NSObject+IDNNotice.h in Headers */,
				942C7CB41BDFBAD400E8F41F /* IDNFrameView.h in Headers */,
				942C7CDB1BDFBAD400E8F41F /* UIPickerView+IDNPickDate.h in Headers */,
				942C7CE31BDFBAD400E8F41F /* UIView+IDNCountBadge.h in Headers */,
				942C7CA81BDFBAD400E8F41F /* NSPointerArray+IDNExtend.h in Headers */,
				942C7CC31BDFBAD400E8F41F /* IDNRefreshControl.h in Headers */,
				942C7CDF1BDFBAD400E8F41F /* UIScreen+IDNExtend.h in Headers */,
				942C7CC11BDFBAD400E8F41F /* IDNProgressView.h in Headers */,
				942C7CA21BDFBAD400E8F41F /* NSObject+IDNDeallocBlock.h in Headers */,
				942C7CCB1BDFBAD400E8F41F /* IDNSplitMainController.h in Headers */,
				942C7CD11BDFBAD400E8F41F /* IDNViewControllerAnimatedTransitioningLeftRight.h in Headers */,
				942C7C8E1BDFBAD400E8F41F /* IDNNetwork.h in Headers */,
				942C7C891BDFBAD400E8F41F /* IDNFoundation.h in Headers */,
				942C7CAC1BDFBAD400E8F41F /* NSTimer+IDNWeakTarget.h in Headers */,
				942C7C9A1BDFBAD400E8F41F /* NSDate+IDNExtend.h in Headers */,
				942C7CE51BDFBAD400E8F41F /* UIView+IDNExtend.h in Headers */,
				942C7CE71BDFBAD400E8F41F /* UIView+IDNKeyboard.h in Headers */,
				942C7CBC1BDFBAD400E8F41F /* IDNKit.h in Headers */,
			);
			runOnlyForDeploymentPostprocessing = 0;
		};
/* End PBXHeadersBuildPhase section */

/* Begin PBXNativeTarget section */
		945DB67E1AD8FC8800C13526 /* IDNFramework */ = {
			isa = PBXNativeTarget;
			buildConfigurationList = 945DB6951AD8FC8900C13526 /* Build configuration list for PBXNativeTarget "IDNFramework" */;
			buildPhases = (
				945DB67A1AD8FC8800C13526 /* Sources */,
				945DB67B1AD8FC8800C13526 /* Frameworks */,
				945DB67C1AD8FC8800C13526 /* Headers */,
				945DB67D1AD8FC8800C13526 /* Resources */,
			);
			buildRules = (
			);
			dependencies = (
			);
			name = IDNFramework;
			productName = IDNFramework;
			productReference = 945DB67F1AD8FC8800C13526 /* IDNFramework.framework */;
			productType = "com.apple.product-type.framework";
		};
		945DB6891AD8FC8800C13526 /* IDNFrameworkTests */ = {
			isa = PBXNativeTarget;
			buildConfigurationList = 945DB6981AD8FC8900C13526 /* Build configuration list for PBXNativeTarget "IDNFrameworkTests" */;
			buildPhases = (
				945DB6861AD8FC8800C13526 /* Sources */,
				945DB6871AD8FC8800C13526 /* Frameworks */,
				945DB6881AD8FC8800C13526 /* Resources */,
			);
			buildRules = (
			);
			dependencies = (
				945DB68D1AD8FC8800C13526 /* PBXTargetDependency */,
			);
			name = IDNFrameworkTests;
			productName = IDNFrameworkTests;
			productReference = 945DB68A1AD8FC8800C13526 /* IDNFrameworkTests.xctest */;
			productType = "com.apple.product-type.bundle.unit-test";
		};
/* End PBXNativeTarget section */

/* Begin PBXProject section */
		945DB6761AD8FC8800C13526 /* Project object */ = {
			isa = PBXProject;
			attributes = {
				LastUpgradeCheck = 0610;
				ORGANIZATIONNAME = iosdev.net;
				TargetAttributes = {
					945DB67E1AD8FC8800C13526 = {
						CreatedOnToolsVersion = 6.1.1;
					};
					945DB6891AD8FC8800C13526 = {
						CreatedOnToolsVersion = 6.1.1;
					};
				};
			};
			buildConfigurationList = 945DB6791AD8FC8800C13526 /* Build configuration list for PBXProject "IDNFramework" */;
			compatibilityVersion = "Xcode 3.2";
			developmentRegion = English;
			hasScannedForEncodings = 0;
			knownRegions = (
				en,
			);
			mainGroup = 945DB6751AD8FC8800C13526;
			productRefGroup = 945DB6801AD8FC8800C13526 /* Products */;
			projectDirPath = "";
			projectRoot = "";
			targets = (
				945DB67E1AD8FC8800C13526 /* IDNFramework */,
				945DB6891AD8FC8800C13526 /* IDNFrameworkTests */,
			);
		};
/* End PBXProject section */

/* Begin PBXResourcesBuildPhase section */
		945DB67D1AD8FC8800C13526 /* Resources */ = {
			isa = PBXResourcesBuildPhase;
			buildActionMask = 2147483647;
			files = (
			);
			runOnlyForDeploymentPostprocessing = 0;
		};
		945DB6881AD8FC8800C13526 /* Resources */ = {
			isa = PBXResourcesBuildPhase;
			buildActionMask = 2147483647;
			files = (
			);
			runOnlyForDeploymentPostprocessing = 0;
		};
/* End PBXResourcesBuildPhase section */

/* Begin PBXSourcesBuildPhase section */
		945DB67A1AD8FC8800C13526 /* Sources */ = {
			isa = PBXSourcesBuildPhase;
			buildActionMask = 2147483647;
			files = (
				942C7C8F1BDFBAD400E8F41F /* IDNNetwork.m in Sources */,
				942C7CD81BDFBAD400E8F41F /* UIImage+IDNExtend.m in Sources */,
				942C7CCA1BDFBAD400E8F41F /* IDNSideMenuController.m in Sources */,
				9486C8A91BF753AA00CBB6FB /* IDNTouchGestureRecognizer.m in Sources */,
				942C7CC61BDFBAD400E8F41F /* IDNScanCodeView.m in Sources */,
				942C7CAB1BDFBAD400E8F41F /* NSString+IDNExtend.m in Sources */,
				942C7CE21BDFBAD400E8F41F /* UITabBar+IDNRedPoint.m in Sources */,
				942C7CAD1BDFBAD400E8F41F /* NSTimer+IDNWeakTarget.m in Sources */,
				942C7C8D1BDFBAD400E8F41F /* IDNListItemCenter.m in Sources */,
				942C7CA31BDFBAD400E8F41F /* NSObject+IDNDeallocBlock.m in Sources */,
				942C7CD01BDFBAD400E8F41F /* IDNTopTabController.m in Sources */,
				942C7C9B1BDFBAD400E8F41F /* NSDate+IDNExtend.m in Sources */,
				942C7C861BDFBAD400E8F41F /* IDNFileCache.m in Sources */,
				942C7CE41BDFBAD400E8F41F /* UIView+IDNCountBadge.m in Sources */,
				942C7CB91BDFBAD400E8F41F /* IDNImagePickerController.m in Sources */,
				942C7CEA1BDFBAD400E8F41F /* UIView+IDNZoom.m in Sources */,
				942C7CB51BDFBAD400E8F41F /* IDNFrameView.m in Sources */,
				942C7CE01BDFBAD400E8F41F /* UIScreen+IDNExtend.m in Sources */,
				942C7CA11BDFBAD400E8F41F /* NSFileManager+IDNExtend.m in Sources */,
				942C7C9D1BDFBAD400E8F41F /* NSDictionary+IDNExtend.m in Sources */,
				942C7CB71BDFBAD400E8F41F /* IDNGradientView.m in Sources */,
				9486C95A1BF7B37900CBB6FB /* NSObject+IDNNotice.m in Sources */,
				942C7CA51BDFBAD400E8F41F /* NSObject+IDNEventHandle.m in Sources */,
				942C7CBB1BDFBAD400E8F41F /* IDNInputHelperView.m in Sources */,
				942C7CD21BDFBAD400E8F41F /* IDNViewControllerAnimatedTransitioningLeftRight.m in Sources */,
				942C7CAF1BDFBAD400E8F41F /* SegmentQuery.m in Sources */,
				942C7CA71BDFBAD400E8F41F /* NSObject+IDNPerformSelectorNoWarning.m in Sources */,
				942C7C8B1BDFBAD400E8F41F /* IDNItemCenter.m in Sources */,
				942C7C971BDFBAD400E8F41F /* NSArray+IDN.m in Sources */,
				942C7CDA1BDFBAD400E8F41F /* UINavigationController+IDNNavBarHidden.m in Sources */,
				942C7CBE1BDFBAD400E8F41F /* IDNMainController.m in Sources */,
				942C7C951BDFBAD400E8F41F /* IDNTask.m in Sources */,
				942C7CC01BDFBAD400E8F41F /* IDNPageController.m in Sources */,
				942C7CE61BDFBAD400E8F41F /* UIView+IDNExtend.m in Sources */,
				942C7CCC1BDFBAD400E8F41F /* IDNSplitMainController.m in Sources */,
				942C7CF21BDFBAD400E8F41F /* UIViewController+IDNTransition.m in Sources */,
				942C7CB11BDFBAD400E8F41F /* IDNActivityIndicator.m in Sources */,
				942C7CD41BDFBAD400E8F41F /* UIAlertView+IDN.m in Sources */,
				942C7CF01BDFBAD400E8F41F /* UIViewController+IDNScreenAdapt.m in Sources */,
				942C7CD61BDFBAD400E8F41F /* UIBezierPath+IDNExtend.m in Sources */,
				942C7C881BDFBAD400E8F41F /* IDNFixedList.m in Sources */,
				942C7CB31BDFBAD400E8F41F /* IDNColorButton.m in Sources */,
				942C7CE81BDFBAD400E8F41F /* UIView+IDNKeyboard.m in Sources */,
				942C7CEC1BDFBAD400E8F41F /* UIViewController+IDNPresentationStack.m in Sources */,
				942C7CC81BDFBAD400E8F41F /* IDNSearchBar.m in Sources */,
				942C7C9F1BDFBAD400E8F41F /* NSError+IDNExtend.m in Sources */,
				942C7CC41BDFBAD400E8F41F /* IDNRefreshControl.m in Sources */,
				942C7C991BDFBAD400E8F41F /* NSData+IDNExtend.m in Sources */,
				942C7CCE1BDFBAD400E8F41F /* IDNTapGestureRecognizer.m in Sources */,
				942C7C931BDFBAD400E8F41F /* IDNSegList.m in Sources */,
				942C7CA91BDFBAD400E8F41F /* NSPointerArray+IDNExtend.m in Sources */,
				942C7C841BDFBAD400E8F41F /* IDNAsyncTask.m in Sources */,
				942C7CC21BDFBAD400E8F41F /* IDNProgressView.m in Sources */,
				942C7C911BDFBAD400E8F41F /* IDNResultList.m in Sources */,
				942C7CDE1BDFBAD400E8F41F /* UIPickerView+IDNTap.m in Sources */,
				942C7CEE1BDFBAD400E8F41F /* UIViewController+IDNPrompt.m in Sources */,
				942C7CDC1BDFBAD400E8F41F /* UIPickerView+IDNPickDate.m in Sources */,
			);
			runOnlyForDeploymentPostprocessing = 0;
		};
		945DB6861AD8FC8800C13526 /* Sources */ = {
			isa = PBXSourcesBuildPhase;
			buildActionMask = 2147483647;
			files = (
				94AA6DF81B38077E00778B21 /* IDNFileCacheTest.m in Sources */,
			);
			runOnlyForDeploymentPostprocessing = 0;
		};
/* End PBXSourcesBuildPhase section */

/* Begin PBXTargetDependency section */
		945DB68D1AD8FC8800C13526 /* PBXTargetDependency */ = {
			isa = PBXTargetDependency;
			target = 945DB67E1AD8FC8800C13526 /* IDNFramework */;
			targetProxy = 945DB68C1AD8FC8800C13526 /* PBXContainerItemProxy */;
		};
/* End PBXTargetDependency section */

/* Begin XCBuildConfiguration section */
		945DB6931AD8FC8900C13526 /* Debug */ = {
			isa = XCBuildConfiguration;
			buildSettings = {
				ALWAYS_SEARCH_USER_PATHS = NO;
				CLANG_CXX_LANGUAGE_STANDARD = "gnu++0x";
				CLANG_CXX_LIBRARY = "libc++";
				CLANG_ENABLE_MODULES = YES;
				CLANG_ENABLE_OBJC_ARC = YES;
				CLANG_WARN_BOOL_CONVERSION = YES;
				CLANG_WARN_CONSTANT_CONVERSION = YES;
				CLANG_WARN_DIRECT_OBJC_ISA_USAGE = YES_ERROR;
				CLANG_WARN_EMPTY_BODY = YES;
				CLANG_WARN_ENUM_CONVERSION = YES;
				CLANG_WARN_INT_CONVERSION = YES;
				CLANG_WARN_OBJC_ROOT_CLASS = YES_ERROR;
				CLANG_WARN_UNREACHABLE_CODE = YES;
				CLANG_WARN__DUPLICATE_METHOD_MATCH = YES;
				"CODE_SIGN_IDENTITY[sdk=iphoneos*]" = "iPhone Developer";
				COPY_PHASE_STRIP = NO;
				CURRENT_PROJECT_VERSION = 1;
				ENABLE_STRICT_OBJC_MSGSEND = YES;
				GCC_C_LANGUAGE_STANDARD = gnu99;
				GCC_DYNAMIC_NO_PIC = NO;
				GCC_OPTIMIZATION_LEVEL = 0;
				GCC_PREPROCESSOR_DEFINITIONS = (
					"DEBUG=1",
					"$(inherited)",
				);
				GCC_SYMBOLS_PRIVATE_EXTERN = NO;
				GCC_WARN_64_TO_32_BIT_CONVERSION = YES;
				GCC_WARN_ABOUT_RETURN_TYPE = YES_ERROR;
				GCC_WARN_UNDECLARED_SELECTOR = YES;
				GCC_WARN_UNINITIALIZED_AUTOS = YES_AGGRESSIVE;
				GCC_WARN_UNUSED_FUNCTION = YES;
				GCC_WARN_UNUSED_VARIABLE = YES;
				IPHONEOS_DEPLOYMENT_TARGET = 8.1;
				MTL_ENABLE_DEBUG_INFO = YES;
				ONLY_ACTIVE_ARCH = YES;
				SDKROOT = iphoneos;
				TARGETED_DEVICE_FAMILY = "1,2";
				VERSIONING_SYSTEM = "apple-generic";
				VERSION_INFO_PREFIX = "";
			};
			name = Debug;
		};
		945DB6941AD8FC8900C13526 /* Release */ = {
			isa = XCBuildConfiguration;
			buildSettings = {
				ALWAYS_SEARCH_USER_PATHS = NO;
				CLANG_CXX_LANGUAGE_STANDARD = "gnu++0x";
				CLANG_CXX_LIBRARY = "libc++";
				CLANG_ENABLE_MODULES = YES;
				CLANG_ENABLE_OBJC_ARC = YES;
				CLANG_WARN_BOOL_CONVERSION = YES;
				CLANG_WARN_CONSTANT_CONVERSION = YES;
				CLANG_WARN_DIRECT_OBJC_ISA_USAGE = YES_ERROR;
				CLANG_WARN_EMPTY_BODY = YES;
				CLANG_WARN_ENUM_CONVERSION = YES;
				CLANG_WARN_INT_CONVERSION = YES;
				CLANG_WARN_OBJC_ROOT_CLASS = YES_ERROR;
				CLANG_WARN_UNREACHABLE_CODE = YES;
				CLANG_WARN__DUPLICATE_METHOD_MATCH = YES;
				"CODE_SIGN_IDENTITY[sdk=iphoneos*]" = "iPhone Developer";
				COPY_PHASE_STRIP = YES;
				CURRENT_PROJECT_VERSION = 1;
				ENABLE_NS_ASSERTIONS = NO;
				ENABLE_STRICT_OBJC_MSGSEND = YES;
				GCC_C_LANGUAGE_STANDARD = gnu99;
				GCC_WARN_64_TO_32_BIT_CONVERSION = YES;
				GCC_WARN_ABOUT_RETURN_TYPE = YES_ERROR;
				GCC_WARN_UNDECLARED_SELECTOR = YES;
				GCC_WARN_UNINITIALIZED_AUTOS = YES_AGGRESSIVE;
				GCC_WARN_UNUSED_FUNCTION = YES;
				GCC_WARN_UNUSED_VARIABLE = YES;
				IPHONEOS_DEPLOYMENT_TARGET = 8.1;
				MTL_ENABLE_DEBUG_INFO = NO;
				SDKROOT = iphoneos;
				TARGETED_DEVICE_FAMILY = "1,2";
				VALIDATE_PRODUCT = YES;
				VERSIONING_SYSTEM = "apple-generic";
				VERSION_INFO_PREFIX = "";
			};
			name = Release;
		};
		945DB6961AD8FC8900C13526 /* Debug */ = {
			isa = XCBuildConfiguration;
			buildSettings = {
				DEFINES_MODULE = YES;
				DYLIB_COMPATIBILITY_VERSION = 1;
				DYLIB_CURRENT_VERSION = 1;
				DYLIB_INSTALL_NAME_BASE = "@rpath";
				INFOPLIST_FILE = IDNFramework/Info.plist;
				INSTALL_PATH = "$(LOCAL_LIBRARY_DIR)/Frameworks";
				IPHONEOS_DEPLOYMENT_TARGET = 7.0;
				LD_RUNPATH_SEARCH_PATHS = "$(inherited) @executable_path/Frameworks @loader_path/Frameworks";
				PRODUCT_NAME = "$(TARGET_NAME)";
				SKIP_INSTALL = YES;
			};
			name = Debug;
		};
		945DB6971AD8FC8900C13526 /* Release */ = {
			isa = XCBuildConfiguration;
			buildSettings = {
				DEFINES_MODULE = YES;
				DYLIB_COMPATIBILITY_VERSION = 1;
				DYLIB_CURRENT_VERSION = 1;
				DYLIB_INSTALL_NAME_BASE = "@rpath";
				INFOPLIST_FILE = IDNFramework/Info.plist;
				INSTALL_PATH = "$(LOCAL_LIBRARY_DIR)/Frameworks";
				IPHONEOS_DEPLOYMENT_TARGET = 7.0;
				LD_RUNPATH_SEARCH_PATHS = "$(inherited) @executable_path/Frameworks @loader_path/Frameworks";
				PRODUCT_NAME = "$(TARGET_NAME)";
				SKIP_INSTALL = YES;
			};
			name = Release;
		};
		945DB6991AD8FC8900C13526 /* Debug */ = {
			isa = XCBuildConfiguration;
			buildSettings = {
				FRAMEWORK_SEARCH_PATHS = (
					"$(SDKROOT)/Developer/Library/Frameworks",
					"$(inherited)",
				);
				GCC_PREPROCESSOR_DEFINITIONS = (
					"DEBUG=1",
					"$(inherited)",
				);
				INFOPLIST_FILE = IDNFrameworkTests/Info.plist;
				LD_RUNPATH_SEARCH_PATHS = "$(inherited) @executable_path/Frameworks @loader_path/Frameworks";
				PRODUCT_NAME = "$(TARGET_NAME)";
			};
			name = Debug;
		};
		945DB69A1AD8FC8900C13526 /* Release */ = {
			isa = XCBuildConfiguration;
			buildSettings = {
				FRAMEWORK_SEARCH_PATHS = (
					"$(SDKROOT)/Developer/Library/Frameworks",
					"$(inherited)",
				);
				INFOPLIST_FILE = IDNFrameworkTests/Info.plist;
				LD_RUNPATH_SEARCH_PATHS = "$(inherited) @executable_path/Frameworks @loader_path/Frameworks";
				PRODUCT_NAME = "$(TARGET_NAME)";
			};
			name = Release;
		};
/* End XCBuildConfiguration section */

/* Begin XCConfigurationList section */
		945DB6791AD8FC8800C13526 /* Build configuration list for PBXProject "IDNFramework" */ = {
			isa = XCConfigurationList;
			buildConfigurations = (
				945DB6931AD8FC8900C13526 /* Debug */,
				945DB6941AD8FC8900C13526 /* Release */,
			);
			defaultConfigurationIsVisible = 0;
			defaultConfigurationName = Release;
		};
		945DB6951AD8FC8900C13526 /* Build configuration list for PBXNativeTarget "IDNFramework" */ = {
			isa = XCConfigurationList;
			buildConfigurations = (
				945DB6961AD8FC8900C13526 /* Debug */,
				945DB6971AD8FC8900C13526 /* Release */,
			);
			defaultConfigurationIsVisible = 0;
			defaultConfigurationName = Release;
		};
		945DB6981AD8FC8900C13526 /* Build configuration list for PBXNativeTarget "IDNFrameworkTests" */ = {
			isa = XCConfigurationList;
			buildConfigurations = (
				945DB6991AD8FC8900C13526 /* Debug */,
				945DB69A1AD8FC8900C13526 /* Release */,
			);
			defaultConfigurationIsVisible = 0;
			defaultConfigurationName = Release;
		};
/* End XCConfigurationList section */
	};
	rootObject = 945DB6761AD8FC8800C13526 /* Project object */;
}
